{
  "version": 4,
  "terraform_version": "0.14.7",
  "serial": 400,
  "lineage": "ab01bcfa-b9e7-2fc7-c363-d74e765ce84b",
  "outputs": {},
  "resources": [
    {
      "mode": "managed",
      "type": "azurerm_linux_virtual_machine",
      "name": "myterraformvm",
      "provider": "provider[\"registry.terraform.io/hashicorp/azurerm\"]",
      "instances": [
        {
          "schema_version": 0,
          "attributes": {
            "additional_capabilities": [],
            "admin_password": null,
            "admin_ssh_key": [
              {
                "public_key": "ssh-rsa AAAAB3NzaC1yc2EAAAADAQABAAACAQCbZUUcH1JSg9KqSb0WTtOFAT3DljBGHA63P+9UGBFtwy1LU9uz4mLHtnyPv/rPVrTUcMg2drkzPBlWhBTlWNscrfcVTk/XjdMJxep31VTqP1La1DlOVPiVSIZ7fiewAaZuXpk327tttRDh6XtvztF8isLWDTUtwhca+YXbSefU6S3fUZ40p/xxt3vxSgf9N4qhfcdA3d9dV29qQilxzrWiw7QjCxDPCpueHVipG3pmkVtbespoTSfuG6KgSl7LDkzFGksxp1kx6lPISRcDxZfGXiPKMgbqMy/4wCD4mAcl9glIhnS5JUrA4Qa/FQCmG45TSRmsS8zWeGvlnFzCZ/J8S8wgNed4JUn5qqpEAxUjn873cQ8fHH0cMWOkbAuz1NXniyHNDngx62L2APRHCGVu8auhh67c+u9Y4vl7xWIYPSJA4ZEDIl8W8NAvLXjg1jjRaMDtbxXHfMj2TA6ANvpX65hVC4DjTH53nESoPkvMKIj/Ia3Qx3bu/Kifbp+WwvYNpYU19zaNrLEC6mWGlAyJzp1Hy602hOuQNzTT9PxYOm+CQZkEQ3OLfas2ZoNm8SoPfoY4uSHTbGA6XVnSiucyvHT8hgP17jUeLscJAEpwJxMIGTeJ0tsdPRQ9F+ASavOUfJ8diVz4Z16Lo0sbKa1/5Nd2vvB5eQfHHBZtJdpLnw==\n",
                "username": "azureuser"
              }
            ],
            "admin_username": "azureuser",
            "allow_extension_operations": true,
            "availability_set_id": "",
            "boot_diagnostics": [
              {
                "storage_account_uri": "https://diagb93a68ee0dd3aaeb.blob.core.windows.net/"
              }
            ],
            "computer_name": "myvm",
            "custom_data": null,
            "dedicated_host_id": "",
            "disable_password_authentication": true,
            "encryption_at_host_enabled": false,
            "eviction_policy": "",
            "extensions_time_budget": "PT1H30M",
            "id": "/subscriptions/1df74c6e-fbe8-41c1-a83b-0f12e2a89659/resourceGroups/Flexso-Stage-Azure-HANADB-ABAP/providers/Microsoft.Compute/virtualMachines/myVM",
            "identity": [],
            "license_type": "",
            "location": "westeurope",
            "max_bid_price": -1,
            "name": "myVM",
            "network_interface_ids": [
              "/subscriptions/1df74c6e-fbe8-41c1-a83b-0f12e2a89659/resourceGroups/Flexso-Stage-Azure-HANADB-ABAP/providers/Microsoft.Network/networkInterfaces/myNIC"
            ],
            "os_disk": [
              {
                "caching": "ReadWrite",
                "diff_disk_settings": [],
                "disk_encryption_set_id": "",
                "disk_size_gb": 256,
                "name": "myOsDisk",
                "storage_account_type": "Premium_LRS",
                "write_accelerator_enabled": false
              }
            ],
            "plan": [],
            "platform_fault_domain": -1,
            "priority": "Regular",
            "private_ip_address": "10.0.2.4",
            "private_ip_addresses": [
              "10.0.2.4"
            ],
            "provision_vm_agent": true,
            "proximity_placement_group_id": "",
            "public_ip_address": "51.144.248.43",
            "public_ip_addresses": [
              "51.144.248.43"
            ],
            "resource_group_name": "Flexso-Stage-Azure-HANADB-ABAP",
            "secret": [],
            "size": "Standard_M32ts",
            "source_image_id": "",
            "source_image_reference": [
              {
                "offer": "RHEL-SAP-HA",
                "publisher": "RedHat",
                "sku": "8.2",
                "version": "latest"
              }
            ],
            "tags": {
              "environment": "Terraform Demo"
            },
            "timeouts": null,
            "virtual_machine_id": "e0b9dfdb-058d-4334-b51e-bf952f993030",
            "virtual_machine_scale_set_id": "",
            "zone": ""
          },
          "sensitive_attributes": [],
          "private": "eyJlMmJmYjczMC1lY2FhLTExZTYtOGY4OC0zNDM2M2JjN2M0YzAiOnsiY3JlYXRlIjoyNzAwMDAwMDAwMDAwLCJkZWxldGUiOjI3MDAwMDAwMDAwMDAsInJlYWQiOjMwMDAwMDAwMDAwMCwidXBkYXRlIjoyNzAwMDAwMDAwMDAwfX0=",
          "dependencies": [
            "azurerm_network_interface.myterraformnic",
            "azurerm_public_ip.myterraformpublicip",
            "azurerm_resource_group.saptestautodeploygroup",
            "azurerm_storage_account.mystorageaccount",
            "azurerm_subnet.myterraformsubnet",
            "azurerm_virtual_network.myterraformnetworktest",
            "random_id.randomId",
            "tls_private_key.example_ssh"
          ]
        }
      ]
    },
    {
      "mode": "managed",
      "type": "azurerm_managed_disk",
      "name": "example",
      "provider": "provider[\"registry.terraform.io/hashicorp/azurerm\"]",
      "instances": [
        {
          "schema_version": 0,
          "attributes": {
            "create_option": "Empty",
            "disk_encryption_set_id": "",
            "disk_iops_read_write": 500,
            "disk_mbps_read_write": 60,
            "disk_size_gb": 256,
            "encryption_settings": [],
            "id": "/subscriptions/1df74c6e-fbe8-41c1-a83b-0f12e2a89659/resourceGroups/Flexso-Stage-Azure-HANADB-ABAP/providers/Microsoft.Compute/disks/myvm-disk1",
            "image_reference_id": "",
            "location": "westeurope",
            "name": "myvm-disk1",
            "os_type": "",
            "resource_group_name": "Flexso-Stage-Azure-HANADB-ABAP",
            "source_resource_id": "",
            "source_uri": "",
            "storage_account_id": "",
            "storage_account_type": "Standard_LRS",
            "tags": null,
            "timeouts": null,
            "zones": null
          },
          "sensitive_attributes": [],
          "private": "eyJlMmJmYjczMC1lY2FhLTExZTYtOGY4OC0zNDM2M2JjN2M0YzAiOnsiY3JlYXRlIjoxODAwMDAwMDAwMDAwLCJkZWxldGUiOjE4MDAwMDAwMDAwMDAsInJlYWQiOjMwMDAwMDAwMDAwMCwidXBkYXRlIjoxODAwMDAwMDAwMDAwfX0=",
          "dependencies": [
            "azurerm_resource_group.saptestautodeploygroup"
          ]
        }
      ]
    },
    {
      "mode": "managed",
      "type": "azurerm_network_interface",
      "name": "myterraformnic",
      "provider": "provider[\"registry.terraform.io/hashicorp/azurerm\"]",
      "instances": [
        {
          "schema_version": 0,
          "attributes": {
            "applied_dns_servers": [],
            "dns_servers": [],
            "enable_accelerated_networking": false,
            "enable_ip_forwarding": false,
            "id": "/subscriptions/1df74c6e-fbe8-41c1-a83b-0f12e2a89659/resourceGroups/Flexso-Stage-Azure-HANADB-ABAP/providers/Microsoft.Network/networkInterfaces/myNIC",
            "internal_dns_name_label": "",
            "internal_domain_name_suffix": "1vg3gag4mdeu1lf4dxssqpspwd.ax.internal.cloudapp.net",
            "ip_configuration": [
              {
                "name": "myNicConfiguration",
                "primary": true,
                "private_ip_address": "10.0.2.4",
                "private_ip_address_allocation": "Dynamic",
                "private_ip_address_version": "IPv4",
                "public_ip_address_id": "/subscriptions/1df74c6e-fbe8-41c1-a83b-0f12e2a89659/resourceGroups/Flexso-Stage-Azure-HANADB-ABAP/providers/Microsoft.Network/publicIPAddresses/myPublicIP",
                "subnet_id": "/subscriptions/1df74c6e-fbe8-41c1-a83b-0f12e2a89659/resourceGroups/Flexso-Stage-Azure-HANADB-ABAP/providers/Microsoft.Network/virtualNetworks/myVnet-testDisks/subnets/mySubnet"
              }
            ],
            "location": "westeurope",
            "mac_address": "",
            "name": "myNIC",
            "private_ip_address": "10.0.2.4",
            "private_ip_addresses": [
              "10.0.2.4"
            ],
            "resource_group_name": "Flexso-Stage-Azure-HANADB-ABAP",
            "tags": {
              "environment": "Terraform SAP Automation Demo"
            },
            "timeouts": null,
            "virtual_machine_id": ""
          },
          "sensitive_attributes": [],
          "private": "eyJlMmJmYjczMC1lY2FhLTExZTYtOGY4OC0zNDM2M2JjN2M0YzAiOnsiY3JlYXRlIjoxODAwMDAwMDAwMDAwLCJkZWxldGUiOjE4MDAwMDAwMDAwMDAsInJlYWQiOjMwMDAwMDAwMDAwMCwidXBkYXRlIjoxODAwMDAwMDAwMDAwfX0=",
          "dependencies": [
            "azurerm_public_ip.myterraformpublicip",
            "azurerm_resource_group.saptestautodeploygroup",
            "azurerm_subnet.myterraformsubnet",
            "azurerm_virtual_network.myterraformnetworktest"
          ]
        }
      ]
    },
    {
      "mode": "managed",
      "type": "azurerm_network_interface_security_group_association",
      "name": "example",
      "provider": "provider[\"registry.terraform.io/hashicorp/azurerm\"]",
      "instances": [
        {
          "schema_version": 0,
          "attributes": {
            "id": "/subscriptions/1df74c6e-fbe8-41c1-a83b-0f12e2a89659/resourceGroups/Flexso-Stage-Azure-HANADB-ABAP/providers/Microsoft.Network/networkInterfaces/myNIC|/subscriptions/1df74c6e-fbe8-41c1-a83b-0f12e2a89659/resourceGroups/Flexso-Stage-Azure-HANADB-ABAP/providers/Microsoft.Network/networkSecurityGroups/myNetworkSecurityGroup",
            "network_interface_id": "/subscriptions/1df74c6e-fbe8-41c1-a83b-0f12e2a89659/resourceGroups/Flexso-Stage-Azure-HANADB-ABAP/providers/Microsoft.Network/networkInterfaces/myNIC",
            "network_security_group_id": "/subscriptions/1df74c6e-fbe8-41c1-a83b-0f12e2a89659/resourceGroups/Flexso-Stage-Azure-HANADB-ABAP/providers/Microsoft.Network/networkSecurityGroups/myNetworkSecurityGroup",
            "timeouts": null
          },
          "sensitive_attributes": [],
          "private": "eyJlMmJmYjczMC1lY2FhLTExZTYtOGY4OC0zNDM2M2JjN2M0YzAiOnsiY3JlYXRlIjoxODAwMDAwMDAwMDAwLCJkZWxldGUiOjE4MDAwMDAwMDAwMDAsInJlYWQiOjMwMDAwMDAwMDAwMCwidXBkYXRlIjoxODAwMDAwMDAwMDAwfX0=",
          "dependencies": [
            "azurerm_network_interface.myterraformnic",
            "azurerm_network_security_group.myterraformnsg",
            "azurerm_public_ip.myterraformpublicip",
            "azurerm_resource_group.saptestautodeploygroup",
            "azurerm_subnet.myterraformsubnet",
            "azurerm_virtual_network.myterraformnetworktest"
          ]
        }
      ]
    },
    {
      "mode": "managed",
      "type": "azurerm_network_security_group",
      "name": "myterraformnsg",
      "provider": "provider[\"registry.terraform.io/hashicorp/azurerm\"]",
      "instances": [
        {
          "schema_version": 0,
          "attributes": {
            "id": "/subscriptions/1df74c6e-fbe8-41c1-a83b-0f12e2a89659/resourceGroups/Flexso-Stage-Azure-HANADB-ABAP/providers/Microsoft.Network/networkSecurityGroups/myNetworkSecurityGroup",
            "location": "westeurope",
            "name": "myNetworkSecurityGroup",
            "resource_group_name": "Flexso-Stage-Azure-HANADB-ABAP",
            "security_rule": [
              {
                "access": "Allow",
                "description": "",
                "destination_address_prefix": "*",
                "destination_address_prefixes": [],
                "destination_application_security_group_ids": [],
                "destination_port_range": "22",
                "destination_port_ranges": [],
                "direction": "Inbound",
                "name": "SSH",
                "priority": 1001,
                "protocol": "Tcp",
                "source_address_prefix": "*",
                "source_address_prefixes": [],
                "source_application_security_group_ids": [],
                "source_port_range": "*",
                "source_port_ranges": []
              }
            ],
            "tags": {
              "environment": "Terraform SAP Automation Demo"
            },
            "timeouts": null
          },
          "sensitive_attributes": [],
          "private": "eyJlMmJmYjczMC1lY2FhLTExZTYtOGY4OC0zNDM2M2JjN2M0YzAiOnsiY3JlYXRlIjoxODAwMDAwMDAwMDAwLCJkZWxldGUiOjE4MDAwMDAwMDAwMDAsInJlYWQiOjMwMDAwMDAwMDAwMCwidXBkYXRlIjoxODAwMDAwMDAwMDAwfX0=",
          "dependencies": [
            "azurerm_resource_group.saptestautodeploygroup"
          ]
        }
      ]
    },
    {
      "mode": "managed",
      "type": "azurerm_public_ip",
      "name": "myterraformpublicip",
      "provider": "provider[\"registry.terraform.io/hashicorp/azurerm\"]",
      "instances": [
        {
          "schema_version": 0,
          "attributes": {
            "allocation_method": "Static",
            "domain_name_label": null,
            "fqdn": null,
            "id": "/subscriptions/1df74c6e-fbe8-41c1-a83b-0f12e2a89659/resourceGroups/Flexso-Stage-Azure-HANADB-ABAP/providers/Microsoft.Network/publicIPAddresses/myPublicIP",
            "idle_timeout_in_minutes": 4,
            "ip_address": "51.144.248.43",
            "ip_tags": null,
            "ip_version": "IPv4",
            "location": "westeurope",
            "name": "myPublicIP",
            "public_ip_prefix_id": null,
            "resource_group_name": "Flexso-Stage-Azure-HANADB-ABAP",
            "reverse_fqdn": null,
            "sku": "Basic",
            "tags": {
              "environment": "Terraform SAP Automation Demo"
            },
            "timeouts": null,
            "zones": null
          },
          "sensitive_attributes": [],
          "private": "eyJlMmJmYjczMC1lY2FhLTExZTYtOGY4OC0zNDM2M2JjN2M0YzAiOnsiY3JlYXRlIjoxODAwMDAwMDAwMDAwLCJkZWxldGUiOjE4MDAwMDAwMDAwMDAsInJlYWQiOjMwMDAwMDAwMDAwMCwidXBkYXRlIjoxODAwMDAwMDAwMDAwfX0=",
          "dependencies": [
            "azurerm_resource_group.saptestautodeploygroup"
          ]
        }
      ]
    },
    {
      "mode": "managed",
      "type": "azurerm_resource_group",
      "name": "saptestautodeploygroup",
      "provider": "provider[\"registry.terraform.io/hashicorp/azurerm\"]",
      "instances": [
        {
          "schema_version": 0,
          "attributes": {
            "id": "/subscriptions/1df74c6e-fbe8-41c1-a83b-0f12e2a89659/resourceGroups/Flexso-Stage-Azure-HANADB-ABAP",
            "location": "westeurope",
            "name": "Flexso-Stage-Azure-HANADB-ABAP",
            "tags": null,
            "timeouts": null
          },
          "sensitive_attributes": [],
          "private": "eyJlMmJmYjczMC1lY2FhLTExZTYtOGY4OC0zNDM2M2JjN2M0YzAiOnsiY3JlYXRlIjo1NDAwMDAwMDAwMDAwLCJkZWxldGUiOjU0MDAwMDAwMDAwMDAsInJlYWQiOjMwMDAwMDAwMDAwMCwidXBkYXRlIjo1NDAwMDAwMDAwMDAwfX0="
        }
      ]
    },
    {
      "mode": "managed",
      "type": "azurerm_storage_account",
      "name": "mystorageaccount",
      "provider": "provider[\"registry.terraform.io/hashicorp/azurerm\"]",
      "instances": [
        {
          "schema_version": 2,
          "attributes": {
            "access_tier": "Hot",
            "account_kind": "StorageV2",
            "account_replication_type": "LRS",
            "account_tier": "Standard",
            "allow_blob_public_access": false,
            "blob_properties": [],
            "custom_domain": [],
            "enable_https_traffic_only": true,
            "id": "/subscriptions/1df74c6e-fbe8-41c1-a83b-0f12e2a89659/resourceGroups/Flexso-Stage-Azure-HANADB-ABAP/providers/Microsoft.Storage/storageAccounts/diagb93a68ee0dd3aaeb",
            "identity": [],
            "is_hns_enabled": false,
            "large_file_share_enabled": null,
            "location": "westeurope",
            "min_tls_version": "TLS1_0",
            "name": "diagb93a68ee0dd3aaeb",
            "network_rules": [
              {
                "bypass": [
                  "AzureServices"
                ],
                "default_action": "Allow",
                "ip_rules": [],
                "virtual_network_subnet_ids": []
              }
            ],
            "primary_access_key": "4y6xiC9kyPYVWQkCCk9et6CMBirnbxIq+4G/aWkiciankkMs0Ue5H75Fbc79sMqhQK3r9sbku6I1kRRhuX0lEg==",
            "primary_blob_connection_string": "DefaultEndpointsProtocol=https;BlobEndpoint=https://diagb93a68ee0dd3aaeb.blob.core.windows.net/;AccountName=diagb93a68ee0dd3aaeb;AccountKey=4y6xiC9kyPYVWQkCCk9et6CMBirnbxIq+4G/aWkiciankkMs0Ue5H75Fbc79sMqhQK3r9sbku6I1kRRhuX0lEg==",
            "primary_blob_endpoint": "https://diagb93a68ee0dd3aaeb.blob.core.windows.net/",
            "primary_blob_host": "diagb93a68ee0dd3aaeb.blob.core.windows.net",
            "primary_connection_string": "DefaultEndpointsProtocol=https;AccountName=diagb93a68ee0dd3aaeb;AccountKey=4y6xiC9kyPYVWQkCCk9et6CMBirnbxIq+4G/aWkiciankkMs0Ue5H75Fbc79sMqhQK3r9sbku6I1kRRhuX0lEg==;EndpointSuffix=core.windows.net",
            "primary_dfs_endpoint": "https://diagb93a68ee0dd3aaeb.dfs.core.windows.net/",
            "primary_dfs_host": "diagb93a68ee0dd3aaeb.dfs.core.windows.net",
            "primary_file_endpoint": "https://diagb93a68ee0dd3aaeb.file.core.windows.net/",
            "primary_file_host": "diagb93a68ee0dd3aaeb.file.core.windows.net",
            "primary_location": "westeurope",
            "primary_queue_endpoint": "https://diagb93a68ee0dd3aaeb.queue.core.windows.net/",
            "primary_queue_host": "diagb93a68ee0dd3aaeb.queue.core.windows.net",
            "primary_table_endpoint": "https://diagb93a68ee0dd3aaeb.table.core.windows.net/",
            "primary_table_host": "diagb93a68ee0dd3aaeb.table.core.windows.net",
            "primary_web_endpoint": "https://diagb93a68ee0dd3aaeb.z6.web.core.windows.net/",
            "primary_web_host": "diagb93a68ee0dd3aaeb.z6.web.core.windows.net",
            "queue_properties": [
              {
                "cors_rule": [],
                "hour_metrics": [
                  {
                    "enabled": true,
                    "include_apis": true,
                    "retention_policy_days": 7,
                    "version": "1.0"
                  }
                ],
                "logging": [
                  {
                    "delete": false,
                    "read": false,
                    "retention_policy_days": 0,
                    "version": "1.0",
                    "write": false
                  }
                ],
                "minute_metrics": [
                  {
                    "enabled": false,
                    "include_apis": false,
                    "retention_policy_days": 0,
                    "version": "1.0"
                  }
                ]
              }
            ],
            "resource_group_name": "Flexso-Stage-Azure-HANADB-ABAP",
            "secondary_access_key": "48UpurUQo2KLQSslGqYo9he8JNh6vxpReCjmNN+A3sdMRripl5YyQsdNxhnq8s7W3BgnmacatIzy5yG12QEC0g==",
            "secondary_blob_connection_string": "",
            "secondary_blob_endpoint": null,
            "secondary_blob_host": null,
            "secondary_connection_string": "DefaultEndpointsProtocol=https;AccountName=diagb93a68ee0dd3aaeb;AccountKey=48UpurUQo2KLQSslGqYo9he8JNh6vxpReCjmNN+A3sdMRripl5YyQsdNxhnq8s7W3BgnmacatIzy5yG12QEC0g==;EndpointSuffix=core.windows.net",
            "secondary_dfs_endpoint": null,
            "secondary_dfs_host": null,
            "secondary_file_endpoint": null,
            "secondary_file_host": null,
            "secondary_location": "",
            "secondary_queue_endpoint": null,
            "secondary_queue_host": null,
            "secondary_table_endpoint": null,
            "secondary_table_host": null,
            "secondary_web_endpoint": null,
            "secondary_web_host": null,
            "static_website": [],
            "tags": {
              "environment": "Terraform SAP Automation Demo"
            },
            "timeouts": null
          },
          "sensitive_attributes": [],
          "private": "eyJlMmJmYjczMC1lY2FhLTExZTYtOGY4OC0zNDM2M2JjN2M0YzAiOnsiY3JlYXRlIjozNjAwMDAwMDAwMDAwLCJkZWxldGUiOjM2MDAwMDAwMDAwMDAsInJlYWQiOjMwMDAwMDAwMDAwMCwidXBkYXRlIjozNjAwMDAwMDAwMDAwfSwic2NoZW1hX3ZlcnNpb24iOiIyIn0=",
          "dependencies": [
            "azurerm_resource_group.saptestautodeploygroup",
            "random_id.randomId"
          ]
        }
      ]
    },
    {
      "mode": "managed",
      "type": "azurerm_subnet",
      "name": "myterraformsubnet",
      "provider": "provider[\"registry.terraform.io/hashicorp/azurerm\"]",
      "instances": [
        {
          "schema_version": 0,
          "attributes": {
            "address_prefix": "10.0.2.0/24",
            "address_prefixes": [
              "10.0.2.0/24"
            ],
            "delegation": [],
            "enforce_private_link_endpoint_network_policies": false,
            "enforce_private_link_service_network_policies": false,
            "id": "/subscriptions/1df74c6e-fbe8-41c1-a83b-0f12e2a89659/resourceGroups/Flexso-Stage-Azure-HANADB-ABAP/providers/Microsoft.Network/virtualNetworks/myVnet-testDisks/subnets/mySubnet",
            "name": "mySubnet",
            "resource_group_name": "Flexso-Stage-Azure-HANADB-ABAP",
            "service_endpoint_policy_ids": null,
            "service_endpoints": null,
            "timeouts": null,
            "virtual_network_name": "myVnet-testDisks"
          },
          "sensitive_attributes": [],
          "private": "eyJlMmJmYjczMC1lY2FhLTExZTYtOGY4OC0zNDM2M2JjN2M0YzAiOnsiY3JlYXRlIjoxODAwMDAwMDAwMDAwLCJkZWxldGUiOjE4MDAwMDAwMDAwMDAsInJlYWQiOjMwMDAwMDAwMDAwMCwidXBkYXRlIjoxODAwMDAwMDAwMDAwfX0=",
          "dependencies": [
            "azurerm_resource_group.saptestautodeploygroup",
            "azurerm_virtual_network.myterraformnetworktest"
          ]
        }
      ]
    },
    {
      "mode": "managed",
      "type": "azurerm_virtual_machine_data_disk_attachment",
      "name": "example",
      "provider": "provider[\"registry.terraform.io/hashicorp/azurerm\"]",
      "instances": [
        {
          "schema_version": 0,
          "attributes": {
            "caching": "ReadWrite",
            "create_option": "Attach",
            "id": "/subscriptions/1df74c6e-fbe8-41c1-a83b-0f12e2a89659/resourceGroups/Flexso-Stage-Azure-HANADB-ABAP/providers/Microsoft.Compute/virtualMachines/myVM/dataDisks/myvm-disk1",
            "lun": 10,
            "managed_disk_id": "/subscriptions/1df74c6e-fbe8-41c1-a83b-0f12e2a89659/resourceGroups/Flexso-Stage-Azure-HANADB-ABAP/providers/Microsoft.Compute/disks/myvm-disk1",
            "timeouts": null,
            "virtual_machine_id": "/subscriptions/1df74c6e-fbe8-41c1-a83b-0f12e2a89659/resourceGroups/Flexso-Stage-Azure-HANADB-ABAP/providers/Microsoft.Compute/virtualMachines/myVM",
            "write_accelerator_enabled": false
          },
          "sensitive_attributes": [],
          "private": "eyJlMmJmYjczMC1lY2FhLTExZTYtOGY4OC0zNDM2M2JjN2M0YzAiOnsiY3JlYXRlIjoxODAwMDAwMDAwMDAwLCJkZWxldGUiOjE4MDAwMDAwMDAwMDAsInJlYWQiOjMwMDAwMDAwMDAwMCwidXBkYXRlIjoxODAwMDAwMDAwMDAwfX0=",
          "dependencies": [
            "azurerm_linux_virtual_machine.myterraformvm",
            "azurerm_managed_disk.example",
            "azurerm_network_interface.myterraformnic",
            "azurerm_public_ip.myterraformpublicip",
            "azurerm_resource_group.saptestautodeploygroup",
            "azurerm_storage_account.mystorageaccount",
            "azurerm_subnet.myterraformsubnet",
            "azurerm_virtual_network.myterraformnetworktest",
            "random_id.randomId",
            "tls_private_key.example_ssh"
          ]
        }
      ]
    },
    {
      "mode": "managed",
      "type": "azurerm_virtual_network",
      "name": "myterraformnetworktest",
      "provider": "provider[\"registry.terraform.io/hashicorp/azurerm\"]",
      "instances": [
        {
          "schema_version": 0,
          "attributes": {
            "address_space": [
              "10.0.0.0/16"
            ],
            "bgp_community": "",
            "ddos_protection_plan": [],
            "dns_servers": null,
            "guid": "00d34ddd-60de-4dc9-acbe-1de5283e4fb3",
            "id": "/subscriptions/1df74c6e-fbe8-41c1-a83b-0f12e2a89659/resourceGroups/Flexso-Stage-Azure-HANADB-ABAP/providers/Microsoft.Network/virtualNetworks/myVnet-testDisks",
            "location": "westeurope",
            "name": "myVnet-testDisks",
            "resource_group_name": "Flexso-Stage-Azure-HANADB-ABAP",
            "subnet": [],
            "tags": {
              "environment": "Terraform SAP Automation Demo"
            },
            "timeouts": null,
            "vm_protection_enabled": false
          },
          "sensitive_attributes": [],
          "private": "eyJlMmJmYjczMC1lY2FhLTExZTYtOGY4OC0zNDM2M2JjN2M0YzAiOnsiY3JlYXRlIjoxODAwMDAwMDAwMDAwLCJkZWxldGUiOjE4MDAwMDAwMDAwMDAsInJlYWQiOjMwMDAwMDAwMDAwMCwidXBkYXRlIjoxODAwMDAwMDAwMDAwfX0=",
          "dependencies": [
            "azurerm_resource_group.saptestautodeploygroup"
          ]
        }
      ]
    },
    {
      "mode": "managed",
      "type": "local_file",
      "name": "PublicIP",
      "provider": "provider[\"registry.terraform.io/hashicorp/local\"]",
      "instances": [
        {
          "schema_version": 0,
          "attributes": {
            "content": "51.144.248.43",
            "content_base64": null,
            "directory_permission": "0777",
            "file_permission": "0777",
            "filename": "C:/ssh_keys/publicIP.txt",
            "id": "256491b626f0aafbb2d1f413fb0d3be08cd5d677",
            "sensitive_content": null,
            "source": null
          },
          "sensitive_attributes": [],
          "private": "bnVsbA==",
          "dependencies": [
            "azurerm_public_ip.myterraformpublicip",
            "azurerm_resource_group.saptestautodeploygroup"
          ]
        }
      ]
    },
    {
      "mode": "managed",
      "type": "local_file",
      "name": "sshkey",
      "provider": "provider[\"registry.terraform.io/hashicorp/local\"]",
      "instances": [
        {
          "schema_version": 0,
          "attributes": {
            "content": "-----BEGIN RSA PRIVATE KEY-----\nMIIJKgIBAAKCAgEAm2VFHB9SUoPSqkm9Fk7ThQE9w5YwRhwOtz/vVBgRbcMtS1Pb\ns+Jix7Z8j7/6z1a01HDINna5MzwZVoQU5VjbHK33FU5P143TCcXqd9VU6j9S2tQ5\nTlT4lUiGe34nsAGmbl6ZN9u7bbUQ4el7b87RfIrC1g01LcIXGvmF20nn1Okt31Ge\nNKf8cbd78UoH/TeKoX3HQN3fXVdvakIpcc61osO0IwsQzwqbnh1YqRt6ZpFbW3rK\naE0n7huioEpeyw5MxRpLMadZMepTyEkXA8WXxl4jyjIG6jMv+MAg+JgHJfYJSIZ0\nuSVKwOEGvxUAphuOU0kZrEvM1nhr5ZxcwmfyfEvMIDXneCVJ+aqqRAMVI5/O93EP\nHxx9HDFjpGwLs9TV54shzQ54Meti9gD0RwhlbvGroYeu3PrvWOL5e8ViGD0iQOGR\nAyJfFvDQLy144NY40WjA7W8Vx3zI9kwOgDb6V+uYVQuA40x+d5xEqD5LzCiI/yGt\n0Md27vyon26flsL2DaWFNfc2jayxAuplhpQMic6dR8utNoTrkDc00/T8WDpvgkGZ\nBENzi32rNmaDZvEqD36GOLkh02xgOl1Z0ornMrx0/IYD9e41Hi7HCQBKcCcTCBk3\nidLbHT0UPRfgEmrzlHyfHYlc+Gdei6NLGymtf+TXdr7weXkHxxwWbSXaS58CAwEA\nAQKCAgB7FjkqsGidsYsBlYzwCZojxTruHJ26OukxH7RrsPDFN48+Fnt1PgGuXY7G\nsnNxHiX4DCmacmn5+kW7sL14eOx+CBIpzzEQ9WbPW/R/3Pv43BW9/dIyiL2qSZs0\nYFYBZR02WToV87e/i2eG+lDq3DA07RitQiL4Tr/Mfw8XBrBahiTuuhCNdu5QCN1k\n35X6ba8igaV9bQFLR0GaMjPv0KMw/MFH7LDwvl9LW8VplblbWxG5IUcIXO0e/sbP\nHnl9b6NBkLU07HCLSCf7AmH3e+DfoJvKwduWUNtTtqOnJYyr9fmed9om+TIAG34j\nhvhPmo4ezE1Im3Xx/8q/Qh57Yqi/ravXp1Y5hm1muUFfMG+DoCxlaVss/0ASg8qE\nU2k6GWYtiEZNF6qvztcTu0+VfzbP5Kfav+TaOjZunhlMxJV0iQf8em8fp+TZ7UFn\n/S4IksF3YRcoosbP+fCCp9ysT5b1uZv9X5QY3sig4Dg7SOrQgyyWu4jNVKMqyB69\nX0/aaR+MpbLxVFGhI3HSsGHH+0rBjLLkxFq/ZqjFH+ciQkFe4Gm6HN5ecbF57OfS\nZAIn03VSvKrNcglrP4aJwm6z152O+Va6RfMNF1QbuEJwRX/ECurNVOVluAklUFhj\naiKA7mgZl2FKPfMmQN+45G1k1NWD23O6ksB2nla2JMO1dppZeQKCAQEAyoyjHneP\no+0sqT9PuAONDuoAnXJjZF9bh11r5Qhk/b+tQyE59rA+bQ2MgWwusVcP4nQgWhFL\nLe1YMo4GdZ2RccfUmvhBFffXClhNTcwFaM1lLBR2yOS1b6N0HsMEfC41PUY5jNCq\nWym3Hy7N10iCgB57SUjNEvG5GDYPcRPvSwPR//4oxpiSlKDdjD8seMdA8W95of+w\n0BfLbZgWl08KtJKv5Q1CFscrPyWGLv51Qmx5LarbSRflKKlx+hvcSHl74FW1PCVO\nk8zeFpM+4brltpZrsROJ47JkBmViOynN/dcrElsj1KISa4IztkZQbzI3NJZSMr+O\njcx5KgJkRYTiRQKCAQEAxGcgZx3Dvhl0i7Evzsf4XAnMujtUQkCrPMV0Ya78gqXk\nmU3W/DmOYUcX1JBwreiTXaESVCrJsb4+lkDno7iCAiUNMu/MgNBwlCjdCHQuMG5s\n6O3Os6XH8RVy1AXdPoRTev1u7u/vd/bGDpqi/bq5J5RmG43lvTUNM3UseiEcMBRU\npKqjIGC5ZV1jPhUwQd701+36tT3+B0gGfeR5BykGKjebvfSwlV6uiP1H9yaEJUda\nY1oz++6Lat3KJz4v/HueRti8Ksekn8hnpLwnOgs6/UH4FIw9N07O0O/7UuGjwL1P\n+djk8W9kEp/tuE8q83p0+8mh2uhklxpwPzU6Q4/GkwKCAQEAq+5BMEVw6kcS1/9j\n3eE1xWkgaIWGlNbUzMyiH2HGyBYCLq9vklT8SHltwRZhdCtg0mqcY5e2Zx/G8/LW\nzNOZeCmV8I22Qb2FDcTyqYz7MoDW1lnwkoqA8Gig0tPbZMWcb4zCoSMm2AdK5+9E\nzu8/xx0YrZZcbS4+XazV4rh3MQfnJBNL7XfpRLxgEwI077jDCa4EY1y1a44nIbot\nwvZXMfwpzpY4eTlLHmjtw8o/IskM+5TCWwMrhB6BHzqy+9oTKtPV6V4JmzAVfLg0\nckvBXgHFHCRnsZ3lhgBdJ7dOoaAZcZVnjsCcPiHhX2HEOP85GSxYTbeIfBkK6Hvr\nPY+UuQKCAQEAjWe2g6eBdA/9wknLIvUE0rdXiEoJCz5mS3Xaqi4DrcjlAp9xht2l\nrlIyTR/FkOCfoUzD1oeL+gYAJ8wJOu4v5H1quF7AfYoVVAbrxRdo3gPTNA1rwho9\nD02jBBZIyacaN7XaNfvYDSZGSON7MHVMs7t7nKEYZJaar47QfAn0soUgwAH/OuOI\n9/s55cv5l6N/4yt7UxyUFgf8bI2fudEGmES7RBO1Q4YM4aKCOuanQ/PQlzGttdh0\n1ndjAcgbYoxaU6XeLGrbExOF06yIDZliWk8x3xFtTbHW48W0zGKatL1YpIlNpKrP\ngT1WOVn+kZh8O4BboTGqosQtRsT68wPEMwKCAQEAhQL2eS5ykdp1XvJEGECFk35F\nL9X54PXmTy/SKfGtoQi/o1D5qjJ91AJtzMCXAIqENMJsrYxhObvpBQlz0iSam5zn\nFvc0bDzfeUQBMUAd15W1KfZtkPV8ezwMImZmQgZgEnzJnXU6cuFJ3F0hQsHvQ985\nB4ZNcxoeQBZySmIWICxMIfiiG5fjevVpRnGqO/dbw7PGWqCIxvILWK7XR11xD/JG\ntfv6Bs305nlScw3Q7wgVeYW3bImad6iK+3S/sqH4uPD3c6rVzYxN7IzGqJwaUUDo\nWvB8i8WYKwhXrqOvroSjAOH2BNxGPZrfA2UiwJIdbwhjwbYEzsNqb/guRyC1Mw==\n-----END RSA PRIVATE KEY-----\n",
            "content_base64": null,
            "directory_permission": "0777",
            "file_permission": "0777",
            "filename": "C:/ssh_keys/sshkey.pem",
            "id": "78ffd52db6272d660c97f612cce0386979679f72",
            "sensitive_content": null,
            "source": null
          },
          "sensitive_attributes": [],
          "private": "bnVsbA==",
          "dependencies": [
            "tls_private_key.example_ssh"
          ]
        }
      ]
    },
    {
      "mode": "managed",
      "type": "null_resource",
      "name": "provision_vm",
      "provider": "provider[\"registry.terraform.io/hashicorp/null\"]",
      "instances": [
        {
          "schema_version": 0,
          "attributes": {
            "id": "2786038205144240816",
            "triggers": null
          },
          "sensitive_attributes": [],
          "private": "bnVsbA==",
          "dependencies": [
            "azurerm_public_ip.myterraformpublicip",
            "azurerm_resource_group.saptestautodeploygroup",
            "tls_private_key.example_ssh"
          ]
        }
      ]
    },
    {
      "mode": "managed",
      "type": "random_id",
      "name": "randomId",
      "provider": "provider[\"registry.terraform.io/hashicorp/random\"]",
      "instances": [
        {
          "schema_version": 0,
          "attributes": {
            "b64_std": "uTpo7g3Tqus=",
            "b64_url": "uTpo7g3Tqus",
            "byte_length": 8,
            "dec": "13347095817309367019",
            "hex": "b93a68ee0dd3aaeb",
            "id": "uTpo7g3Tqus",
            "keepers": {
              "resource_group": "Flexso-Stage-Azure-HANADB-ABAP"
            },
            "prefix": null
          },
          "sensitive_attributes": [],
          "private": "bnVsbA==",
          "dependencies": [
            "azurerm_resource_group.saptestautodeploygroup"
          ]
        }
      ]
    },
    {
      "mode": "managed",
      "type": "tls_private_key",
      "name": "example_ssh",
      "provider": "provider[\"registry.terraform.io/hashicorp/tls\"]",
      "instances": [
        {
          "schema_version": 0,
          "attributes": {
            "algorithm": "RSA",
            "ecdsa_curve": "P224",
            "id": "87d6bc122f2fef0d05eecea9c868eb86d0b972d2",
            "private_key_pem": "-----BEGIN RSA PRIVATE KEY-----\nMIIJKgIBAAKCAgEAm2VFHB9SUoPSqkm9Fk7ThQE9w5YwRhwOtz/vVBgRbcMtS1Pb\ns+Jix7Z8j7/6z1a01HDINna5MzwZVoQU5VjbHK33FU5P143TCcXqd9VU6j9S2tQ5\nTlT4lUiGe34nsAGmbl6ZN9u7bbUQ4el7b87RfIrC1g01LcIXGvmF20nn1Okt31Ge\nNKf8cbd78UoH/TeKoX3HQN3fXVdvakIpcc61osO0IwsQzwqbnh1YqRt6ZpFbW3rK\naE0n7huioEpeyw5MxRpLMadZMepTyEkXA8WXxl4jyjIG6jMv+MAg+JgHJfYJSIZ0\nuSVKwOEGvxUAphuOU0kZrEvM1nhr5ZxcwmfyfEvMIDXneCVJ+aqqRAMVI5/O93EP\nHxx9HDFjpGwLs9TV54shzQ54Meti9gD0RwhlbvGroYeu3PrvWOL5e8ViGD0iQOGR\nAyJfFvDQLy144NY40WjA7W8Vx3zI9kwOgDb6V+uYVQuA40x+d5xEqD5LzCiI/yGt\n0Md27vyon26flsL2DaWFNfc2jayxAuplhpQMic6dR8utNoTrkDc00/T8WDpvgkGZ\nBENzi32rNmaDZvEqD36GOLkh02xgOl1Z0ornMrx0/IYD9e41Hi7HCQBKcCcTCBk3\nidLbHT0UPRfgEmrzlHyfHYlc+Gdei6NLGymtf+TXdr7weXkHxxwWbSXaS58CAwEA\nAQKCAgB7FjkqsGidsYsBlYzwCZojxTruHJ26OukxH7RrsPDFN48+Fnt1PgGuXY7G\nsnNxHiX4DCmacmn5+kW7sL14eOx+CBIpzzEQ9WbPW/R/3Pv43BW9/dIyiL2qSZs0\nYFYBZR02WToV87e/i2eG+lDq3DA07RitQiL4Tr/Mfw8XBrBahiTuuhCNdu5QCN1k\n35X6ba8igaV9bQFLR0GaMjPv0KMw/MFH7LDwvl9LW8VplblbWxG5IUcIXO0e/sbP\nHnl9b6NBkLU07HCLSCf7AmH3e+DfoJvKwduWUNtTtqOnJYyr9fmed9om+TIAG34j\nhvhPmo4ezE1Im3Xx/8q/Qh57Yqi/ravXp1Y5hm1muUFfMG+DoCxlaVss/0ASg8qE\nU2k6GWYtiEZNF6qvztcTu0+VfzbP5Kfav+TaOjZunhlMxJV0iQf8em8fp+TZ7UFn\n/S4IksF3YRcoosbP+fCCp9ysT5b1uZv9X5QY3sig4Dg7SOrQgyyWu4jNVKMqyB69\nX0/aaR+MpbLxVFGhI3HSsGHH+0rBjLLkxFq/ZqjFH+ciQkFe4Gm6HN5ecbF57OfS\nZAIn03VSvKrNcglrP4aJwm6z152O+Va6RfMNF1QbuEJwRX/ECurNVOVluAklUFhj\naiKA7mgZl2FKPfMmQN+45G1k1NWD23O6ksB2nla2JMO1dppZeQKCAQEAyoyjHneP\no+0sqT9PuAONDuoAnXJjZF9bh11r5Qhk/b+tQyE59rA+bQ2MgWwusVcP4nQgWhFL\nLe1YMo4GdZ2RccfUmvhBFffXClhNTcwFaM1lLBR2yOS1b6N0HsMEfC41PUY5jNCq\nWym3Hy7N10iCgB57SUjNEvG5GDYPcRPvSwPR//4oxpiSlKDdjD8seMdA8W95of+w\n0BfLbZgWl08KtJKv5Q1CFscrPyWGLv51Qmx5LarbSRflKKlx+hvcSHl74FW1PCVO\nk8zeFpM+4brltpZrsROJ47JkBmViOynN/dcrElsj1KISa4IztkZQbzI3NJZSMr+O\njcx5KgJkRYTiRQKCAQEAxGcgZx3Dvhl0i7Evzsf4XAnMujtUQkCrPMV0Ya78gqXk\nmU3W/DmOYUcX1JBwreiTXaESVCrJsb4+lkDno7iCAiUNMu/MgNBwlCjdCHQuMG5s\n6O3Os6XH8RVy1AXdPoRTev1u7u/vd/bGDpqi/bq5J5RmG43lvTUNM3UseiEcMBRU\npKqjIGC5ZV1jPhUwQd701+36tT3+B0gGfeR5BykGKjebvfSwlV6uiP1H9yaEJUda\nY1oz++6Lat3KJz4v/HueRti8Ksekn8hnpLwnOgs6/UH4FIw9N07O0O/7UuGjwL1P\n+djk8W9kEp/tuE8q83p0+8mh2uhklxpwPzU6Q4/GkwKCAQEAq+5BMEVw6kcS1/9j\n3eE1xWkgaIWGlNbUzMyiH2HGyBYCLq9vklT8SHltwRZhdCtg0mqcY5e2Zx/G8/LW\nzNOZeCmV8I22Qb2FDcTyqYz7MoDW1lnwkoqA8Gig0tPbZMWcb4zCoSMm2AdK5+9E\nzu8/xx0YrZZcbS4+XazV4rh3MQfnJBNL7XfpRLxgEwI077jDCa4EY1y1a44nIbot\nwvZXMfwpzpY4eTlLHmjtw8o/IskM+5TCWwMrhB6BHzqy+9oTKtPV6V4JmzAVfLg0\nckvBXgHFHCRnsZ3lhgBdJ7dOoaAZcZVnjsCcPiHhX2HEOP85GSxYTbeIfBkK6Hvr\nPY+UuQKCAQEAjWe2g6eBdA/9wknLIvUE0rdXiEoJCz5mS3Xaqi4DrcjlAp9xht2l\nrlIyTR/FkOCfoUzD1oeL+gYAJ8wJOu4v5H1quF7AfYoVVAbrxRdo3gPTNA1rwho9\nD02jBBZIyacaN7XaNfvYDSZGSON7MHVMs7t7nKEYZJaar47QfAn0soUgwAH/OuOI\n9/s55cv5l6N/4yt7UxyUFgf8bI2fudEGmES7RBO1Q4YM4aKCOuanQ/PQlzGttdh0\n1ndjAcgbYoxaU6XeLGrbExOF06yIDZliWk8x3xFtTbHW48W0zGKatL1YpIlNpKrP\ngT1WOVn+kZh8O4BboTGqosQtRsT68wPEMwKCAQEAhQL2eS5ykdp1XvJEGECFk35F\nL9X54PXmTy/SKfGtoQi/o1D5qjJ91AJtzMCXAIqENMJsrYxhObvpBQlz0iSam5zn\nFvc0bDzfeUQBMUAd15W1KfZtkPV8ezwMImZmQgZgEnzJnXU6cuFJ3F0hQsHvQ985\nB4ZNcxoeQBZySmIWICxMIfiiG5fjevVpRnGqO/dbw7PGWqCIxvILWK7XR11xD/JG\ntfv6Bs305nlScw3Q7wgVeYW3bImad6iK+3S/sqH4uPD3c6rVzYxN7IzGqJwaUUDo\nWvB8i8WYKwhXrqOvroSjAOH2BNxGPZrfA2UiwJIdbwhjwbYEzsNqb/guRyC1Mw==\n-----END RSA PRIVATE KEY-----\n",
            "public_key_fingerprint_md5": "87:b1:9f:1d:bd:95:63:54:b6:52:ec:a9:e3:35:cd:c4",
            "public_key_openssh": "ssh-rsa AAAAB3NzaC1yc2EAAAADAQABAAACAQCbZUUcH1JSg9KqSb0WTtOFAT3DljBGHA63P+9UGBFtwy1LU9uz4mLHtnyPv/rPVrTUcMg2drkzPBlWhBTlWNscrfcVTk/XjdMJxep31VTqP1La1DlOVPiVSIZ7fiewAaZuXpk327tttRDh6XtvztF8isLWDTUtwhca+YXbSefU6S3fUZ40p/xxt3vxSgf9N4qhfcdA3d9dV29qQilxzrWiw7QjCxDPCpueHVipG3pmkVtbespoTSfuG6KgSl7LDkzFGksxp1kx6lPISRcDxZfGXiPKMgbqMy/4wCD4mAcl9glIhnS5JUrA4Qa/FQCmG45TSRmsS8zWeGvlnFzCZ/J8S8wgNed4JUn5qqpEAxUjn873cQ8fHH0cMWOkbAuz1NXniyHNDngx62L2APRHCGVu8auhh67c+u9Y4vl7xWIYPSJA4ZEDIl8W8NAvLXjg1jjRaMDtbxXHfMj2TA6ANvpX65hVC4DjTH53nESoPkvMKIj/Ia3Qx3bu/Kifbp+WwvYNpYU19zaNrLEC6mWGlAyJzp1Hy602hOuQNzTT9PxYOm+CQZkEQ3OLfas2ZoNm8SoPfoY4uSHTbGA6XVnSiucyvHT8hgP17jUeLscJAEpwJxMIGTeJ0tsdPRQ9F+ASavOUfJ8diVz4Z16Lo0sbKa1/5Nd2vvB5eQfHHBZtJdpLnw==\n",
            "public_key_pem": "-----BEGIN PUBLIC KEY-----\nMIICIjANBgkqhkiG9w0BAQEFAAOCAg8AMIICCgKCAgEAm2VFHB9SUoPSqkm9Fk7T\nhQE9w5YwRhwOtz/vVBgRbcMtS1Pbs+Jix7Z8j7/6z1a01HDINna5MzwZVoQU5Vjb\nHK33FU5P143TCcXqd9VU6j9S2tQ5TlT4lUiGe34nsAGmbl6ZN9u7bbUQ4el7b87R\nfIrC1g01LcIXGvmF20nn1Okt31GeNKf8cbd78UoH/TeKoX3HQN3fXVdvakIpcc61\nosO0IwsQzwqbnh1YqRt6ZpFbW3rKaE0n7huioEpeyw5MxRpLMadZMepTyEkXA8WX\nxl4jyjIG6jMv+MAg+JgHJfYJSIZ0uSVKwOEGvxUAphuOU0kZrEvM1nhr5Zxcwmfy\nfEvMIDXneCVJ+aqqRAMVI5/O93EPHxx9HDFjpGwLs9TV54shzQ54Meti9gD0Rwhl\nbvGroYeu3PrvWOL5e8ViGD0iQOGRAyJfFvDQLy144NY40WjA7W8Vx3zI9kwOgDb6\nV+uYVQuA40x+d5xEqD5LzCiI/yGt0Md27vyon26flsL2DaWFNfc2jayxAuplhpQM\nic6dR8utNoTrkDc00/T8WDpvgkGZBENzi32rNmaDZvEqD36GOLkh02xgOl1Z0orn\nMrx0/IYD9e41Hi7HCQBKcCcTCBk3idLbHT0UPRfgEmrzlHyfHYlc+Gdei6NLGymt\nf+TXdr7weXkHxxwWbSXaS58CAwEAAQ==\n-----END PUBLIC KEY-----\n",
            "rsa_bits": 4096
          },
          "sensitive_attributes": [],
          "private": "bnVsbA=="
        }
      ]
    }
  ]
}
