{
  "version": 4,
  "terraform_version": "0.14.7",
  "serial": 12,
  "lineage": "03b56640-f714-11c6-9ca6-af790719415e",
  "outputs": {
    "tls_private_key": {
      "value": "-----BEGIN RSA PRIVATE KEY-----\nMIIJKAIBAAKCAgEAxBX2+TpbF762aP3s2lHpPCCoUqiceC61iKNGjJzu4oXj/HDB\nH65GPlENqxaTTrIFXNJfNGWw/oaRdeEocBVvLNrFTUuHG96xuBtMACbKlsojZA7+\n1hBVq2je+sXkCO7rVasCkra8tUqvsBMiqYIRg4XbfJ8RjrfHGywFSi9kDDjnqAzS\ndbbOgtPR0vFFVRo/JfJbZC1UQey4g58Yrt/pnuQFbeqgOsYPTT6RUy0Jariccr5B\nsWfUfUkwd3uni+18UPXGyK5hcA7DndppCdzsTRBMGkLge9d/I+X5b+yq5wV7qk+8\nbuD0uu3NTkPQtj7X4Mv+SQzMcitnXnmiPRmdMh9hGqQK0weuSungL173oKSCrGJ9\niM+N1oy9Ue06p+Hosy3iMGhCu5zpcm0sM3O9pEM1qjVirbACVHClGhkEGxWUqEES\nVRPpLvWc+GK0Io1KD5PFYJybe/TYoKQqbVQpPGiB5YaRvNQA2PrNwsKRJXCyEKiy\n0JMhsfflFnAj21/ePahliqWEloGrS1qve5X+IBa/7AMs5ZjxrH3UwZSsJO5kaZ1U\njsBIDPQNoc9yl15acJAcLiFYtOwriHfZp4NUFd0XWC28L4pChBX3kbYQzCJCuqKv\nL2GPpw4fkxCOA8D2RDT1ZvfFNGMqWBC7UTonAlx4INoSPDCxdEmjPgr/E5cCAwEA\nAQKCAgBXX/48Uj+TFh1MLZIkOom2jErVAmMuvomPyEnAkJF2CPltXIUB6/NLA20W\nxql/UJ5JHUjlHUdAM5CPuXP+dd6jWxy986DRz2rbwfYcvyxZAtvAU1pE4uR5y/JI\nRnP1cxkUhG5SF/GAyzX8PJqec+H//F6wamU1djjXp8b3pqRrOdQoMwZ5A6uD6oU9\n/NrLMDXhX9xPiE9aTPRvWi5yhj4g2jR9JSae6fCZl/7D1Ha0wmycSKEXP1AVP87D\n/yrKlFln7gzVEbdDaqDKLy/NAE+fi1qN/Szwojb6NRjwQcJpzSys2Hj742vJ+/sX\nG+rduqURe3Tk8joLycF2/LZJiadcjabLKrT7WRWBx++sG7zacaYkeSaEzqBIGJ8L\nBa4yEV9AYil5xrprpPYsVaRP4F2hi6BrDbL8gRir/6Nnp7wfrYmUV48AymnSH80b\nUpTy03ag9IoHLLvxm5DWH+MEh8yTnwsBrngu4f4YCpP33OhSykLLI/duX3gWnlk4\n3P4FvZAOmOREQvutYA9PSzkY1ERObvLRp5hBAYHxvAnvPYCnI6bukoTOT+TzhFuI\nT4z44dSOzelaTCKErfR/hFMl3fjrCiXGP+wtgAd0PV2z+S0ISAh5ONY2yKGqWAyc\nVcSse52u8wbVXF5KEEsdANm7k8dA856EaPYVRqsqupa8eaE5OQKCAQEA4e5x1tpO\n1lQD/E7v6kWOACNzrhI98Apr8bF6BbNE5gRNDpJB2DE6cJ05zihdUSxz8I2jVZ6M\npNHq4oMt6/2LEXuclsn3By4P80xL5gzMnNrbdf+Q+5uNgLkyWGxnlI3KFWvC6QE2\nmimn7rBlyb3aYX+zwKxKoLv/oNsTB+BK99HLTlZlHLPU/pqst5Z9h9l1+ao+DG6D\nFAYuAEqSQ/iUhmfeFylO/y+jFiq0mPLW4G8R2NQOOxz4/Gem5dkzMxXz54e85KHO\nKxFhk15bFOH6M24jUpzgUWDMO8NCErF8uiOtQJIvx/VT2r63zaFU1Tvam7wHI4C5\nb5eAQIiOHTsWZQKCAQEA3i6rjvltz+Hdi5wQo/+bxIez7dIGMn5emMZLmDyIufDr\nUkn/aN90d6mdKZ7uxVw3Gw1yMqr+mbnx28V67H/ZMM2l+cxOAz2TSZvaELQ6LEcD\n+sB1F+vYVPsz6A9wgVBBR+duYvRrzZG10IxSeJvksOkwD3osS6sdl0VHpoONFDOT\n5E2+r9obOBKZBaTiIbMQzsPZr6aCV7r/Surxplktv5qxyOKmDwiWP1cQfwc9Jjfg\nQlJIZ17D/RRZ1e8l7MG46bpq1ll1WScEJ4AanSRAs80DysS9Z677asMEoDG7oVWo\nQv8F5Hyn0a/cFUhj+u17DzS0tF0fKdYZZjuGYec0SwKCAQEAhzTfQ6jZzUHyMKg8\nw4JkfIi6zc1065YRC08eqxKhhNXGF5ZHeU3cn1A4K7vUPKPRrn/U44RCvtAxNOU0\nMipFc2z6RPMQtmdGfF+IfF/kg2omM/OBnFF22TX7fxdA1ZIVAcS/nBlxx8huC1Xd\nVGIdsoNt2zxAXPik/mqcdPYxZyVR+cuSLx8ftE50VlnlPctR4tuSznXEU9Nu7BW0\neqDkoZq/OjUqZWTowHdGJNIO7bkKgSxGZ/Hqv4J4Ss006rmUgVamIF0EuJlqP3sU\nHuctiGG9Gc9wHsNC9fDgNbep4OtA34ecuJmEWUARVynZTtLG/LQFwaVjU/jic7xE\n8BFQUQKCAQBa+N0B85tE7QRbb5FYtQZAmBfSHpavAhMVlsvJD7AkAkM4NFhBxozX\nmjlhm1PEt5dQmlbR7DXHF92x0NAeGdMCKpH1D/Q5W3L9RrUo9cKD8qfsefT30HeJ\nhDmioP+90vCH0njeR5oEV88MDwiNnbcrwK8PB0UvzmaVU6acxWx0gxHg/vw+4J0Y\nfnTtXK/CgKE3J/Xv98uSxFxXfo9nP0h+FYcJ69N2gFuUn79/Y6VkCqjmPu6qdKDm\n9Pg7omny4PcnrE6maYak9Fa9HbTH9toPRLhyw8+RrpH/Cs7QEMz0qC/3DpiJD4lf\nUBRbGoLlcWtbtIbw+tgRtzo7I9BIMfS1AoIBACMnI03gs33EL0VGUYposEpBU2C5\n5yv825pZfYnGZ9Y6rBpXHJrEg+W3EcA9D1ydfVPPPe+tjcd2E6RnYoFJAeM5SWaz\n0bpv3n0ytKudphT+NRp2hs1OZSJNlLCCZC6tNRun138gCWwSsSOhYpZzz2udvTJy\n6xFHeBAJDzJQdWSzesDET/dAop8KrlFVpNMZkB0a5oFLdA4+fxTOrcBKmd4F+jKN\nymrfwpRfHHxVn9TGdbcLAo+1+HftsWpm8B9z+k5Zsm1BRNYjEMdedseT0Y2eZ83c\nCaVd4lUsXdH4SS6XfbWN6QSYzoWXZt0vhDnNQC5eZrlGdVZjbSw84tsJ3TU=\n-----END RSA PRIVATE KEY-----\n",
      "type": "string"
    }
  },
  "resources": [
    {
      "mode": "managed",
      "type": "azurerm_linux_virtual_machine",
      "name": "myterraformvm",
      "provider": "provider[\"registry.terraform.io/hashicorp/azurerm\"]",
      "instances": [
        {
          "schema_version": 0,
          "attributes": {
            "additional_capabilities": [],
            "admin_password": null,
            "admin_ssh_key": [
              {
                "public_key": "ssh-rsa AAAAB3NzaC1yc2EAAAADAQABAAACAQDEFfb5OlsXvrZo/ezaUek8IKhSqJx4LrWIo0aMnO7iheP8cMEfrkY+UQ2rFpNOsgVc0l80ZbD+hpF14ShwFW8s2sVNS4cb3rG4G0wAJsqWyiNkDv7WEFWraN76xeQI7utVqwKStry1Sq+wEyKpghGDhdt8nxGOt8cbLAVKL2QMOOeoDNJ1ts6C09HS8UVVGj8l8ltkLVRB7LiDnxiu3+me5AVt6qA6xg9NPpFTLQlquJxyvkGxZ9R9STB3e6eL7XxQ9cbIrmFwDsOd2mkJ3OxNEEwaQuB7138j5flv7KrnBXuqT7xu4PS67c1OQ9C2Ptfgy/5JDMxyK2deeaI9GZ0yH2EapArTB65K6eAvXvegpIKsYn2Iz43WjL1R7Tqn4eizLeIwaEK7nOlybSwzc72kQzWqNWKtsAJUcKUaGQQbFZSoQRJVE+ku9Zz4YrQijUoPk8VgnJt79NigpCptVCk8aIHlhpG81ADY+s3CwpElcLIQqLLQkyGx9+UWcCPbX949qGWKpYSWgatLWq97lf4gFr/sAyzlmPGsfdTBlKwk7mRpnVSOwEgM9A2hz3KXXlpwkBwuIVi07CuId9mng1QV3RdYLbwvikKEFfeRthDMIkK6oq8vYY+nDh+TEI4DwPZENPVm98U0YypYELtROicCXHgg2hI8MLF0SaM+Cv8Tlw==\n",
                "username": "azureuser"
              }
            ],
            "admin_username": "azureuser",
            "allow_extension_operations": true,
            "availability_set_id": "",
            "boot_diagnostics": [
              {
                "storage_account_uri": "https://diag18f1006427c19171.blob.core.windows.net/"
              }
            ],
            "computer_name": "myvm",
            "custom_data": null,
            "dedicated_host_id": "",
            "disable_password_authentication": true,
            "encryption_at_host_enabled": false,
            "eviction_policy": "",
            "extensions_time_budget": "PT1H30M",
            "id": "/subscriptions/03770d81-ed60-40f1-8f52-bcc2ad3841f4/resourceGroups/Flexso-Stage-TestEnv/providers/Microsoft.Compute/virtualMachines/myVM",
            "identity": [],
            "location": "francecentral",
            "max_bid_price": -1,
            "name": "myVM",
            "network_interface_ids": [
              "/subscriptions/03770d81-ed60-40f1-8f52-bcc2ad3841f4/resourceGroups/Flexso-Stage-TestEnv/providers/Microsoft.Network/networkInterfaces/myNIC"
            ],
            "os_disk": [
              {
                "caching": "ReadWrite",
                "diff_disk_settings": [],
                "disk_encryption_set_id": "",
                "disk_size_gb": 30,
                "name": "myOsDisk",
                "storage_account_type": "Premium_LRS",
                "write_accelerator_enabled": false
              }
            ],
            "plan": [],
            "priority": "Regular",
            "private_ip_address": "10.0.2.4",
            "private_ip_addresses": [
              "10.0.2.4"
            ],
            "provision_vm_agent": true,
            "proximity_placement_group_id": "",
            "public_ip_address": "51.103.112.209",
            "public_ip_addresses": [
              "51.103.112.209"
            ],
            "resource_group_name": "Flexso-Stage-TestEnv",
            "secret": [],
            "size": "Standard_D8s_v3",
            "source_image_id": "",
            "source_image_reference": [
              {
                "offer": "UbuntuServer",
                "publisher": "Canonical",
                "sku": "18.04-LTS",
                "version": "latest"
              }
            ],
            "tags": {
              "environment": "Terraform Demo"
            },
            "timeouts": null,
            "virtual_machine_id": "b0f4a2b6-826d-4c1f-892d-2b35e1114f3c",
            "virtual_machine_scale_set_id": "",
            "zone": ""
          },
          "sensitive_attributes": [],
          "private": "eyJlMmJmYjczMC1lY2FhLTExZTYtOGY4OC0zNDM2M2JjN2M0YzAiOnsiY3JlYXRlIjoyNzAwMDAwMDAwMDAwLCJkZWxldGUiOjI3MDAwMDAwMDAwMDAsInJlYWQiOjMwMDAwMDAwMDAwMCwidXBkYXRlIjoyNzAwMDAwMDAwMDAwfX0=",
          "dependencies": [
            "azurerm_network_interface.myterraformnic",
            "azurerm_public_ip.myterraformpublicip",
            "azurerm_resource_group.saptestautodeploygroup",
            "azurerm_storage_account.mystorageaccount",
            "azurerm_subnet.myterraformsubnet",
            "azurerm_virtual_network.myterraformnetworktest",
            "random_id.randomId",
            "tls_private_key.example_ssh"
          ]
        }
      ]
    },
    {
      "mode": "managed",
      "type": "azurerm_network_interface",
      "name": "myterraformnic",
      "provider": "provider[\"registry.terraform.io/hashicorp/azurerm\"]",
      "instances": [
        {
          "schema_version": 0,
          "attributes": {
            "applied_dns_servers": [],
            "dns_servers": [],
            "enable_accelerated_networking": false,
            "enable_ip_forwarding": false,
            "id": "/subscriptions/03770d81-ed60-40f1-8f52-bcc2ad3841f4/resourceGroups/Flexso-Stage-TestEnv/providers/Microsoft.Network/networkInterfaces/myNIC",
            "internal_dns_name_label": "",
            "internal_domain_name_suffix": "wh1dkk5gbbcu3ante2512nl4xc.parx.internal.cloudapp.net",
            "ip_configuration": [
              {
                "name": "myNicConfiguration",
                "primary": true,
                "private_ip_address": "10.0.2.4",
                "private_ip_address_allocation": "Dynamic",
                "private_ip_address_version": "IPv4",
                "public_ip_address_id": "/subscriptions/03770d81-ed60-40f1-8f52-bcc2ad3841f4/resourceGroups/Flexso-Stage-TestEnv/providers/Microsoft.Network/publicIPAddresses/myPublicIP",
                "subnet_id": "/subscriptions/03770d81-ed60-40f1-8f52-bcc2ad3841f4/resourceGroups/Flexso-Stage-TestEnv/providers/Microsoft.Network/virtualNetworks/myVnet/subnets/mySubnet"
              }
            ],
            "location": "francecentral",
            "mac_address": "",
            "name": "myNIC",
            "private_ip_address": "10.0.2.4",
            "private_ip_addresses": [
              "10.0.2.4"
            ],
            "resource_group_name": "Flexso-Stage-TestEnv",
            "tags": {
              "environment": "Terraform SAP Automation Demo"
            },
            "timeouts": null,
            "virtual_machine_id": ""
          },
          "sensitive_attributes": [],
          "private": "eyJlMmJmYjczMC1lY2FhLTExZTYtOGY4OC0zNDM2M2JjN2M0YzAiOnsiY3JlYXRlIjoxODAwMDAwMDAwMDAwLCJkZWxldGUiOjE4MDAwMDAwMDAwMDAsInJlYWQiOjMwMDAwMDAwMDAwMCwidXBkYXRlIjoxODAwMDAwMDAwMDAwfX0=",
          "dependencies": [
            "azurerm_public_ip.myterraformpublicip",
            "azurerm_resource_group.saptestautodeploygroup",
            "azurerm_subnet.myterraformsubnet",
            "azurerm_virtual_network.myterraformnetworktest"
          ]
        }
      ]
    },
    {
      "mode": "managed",
      "type": "azurerm_network_interface_security_group_association",
      "name": "example",
      "provider": "provider[\"registry.terraform.io/hashicorp/azurerm\"]",
      "instances": [
        {
          "schema_version": 0,
          "attributes": {
            "id": "/subscriptions/03770d81-ed60-40f1-8f52-bcc2ad3841f4/resourceGroups/Flexso-Stage-TestEnv/providers/Microsoft.Network/networkInterfaces/myNIC|/subscriptions/03770d81-ed60-40f1-8f52-bcc2ad3841f4/resourceGroups/Flexso-Stage-TestEnv/providers/Microsoft.Network/networkSecurityGroups/myNetworkSecurityGroup",
            "network_interface_id": "/subscriptions/03770d81-ed60-40f1-8f52-bcc2ad3841f4/resourceGroups/Flexso-Stage-TestEnv/providers/Microsoft.Network/networkInterfaces/myNIC",
            "network_security_group_id": "/subscriptions/03770d81-ed60-40f1-8f52-bcc2ad3841f4/resourceGroups/Flexso-Stage-TestEnv/providers/Microsoft.Network/networkSecurityGroups/myNetworkSecurityGroup",
            "timeouts": null
          },
          "sensitive_attributes": [],
          "private": "eyJlMmJmYjczMC1lY2FhLTExZTYtOGY4OC0zNDM2M2JjN2M0YzAiOnsiY3JlYXRlIjoxODAwMDAwMDAwMDAwLCJkZWxldGUiOjE4MDAwMDAwMDAwMDAsInJlYWQiOjMwMDAwMDAwMDAwMCwidXBkYXRlIjoxODAwMDAwMDAwMDAwfX0=",
          "dependencies": [
            "azurerm_network_interface.myterraformnic",
            "azurerm_network_security_group.myterraformnsg",
            "azurerm_public_ip.myterraformpublicip",
            "azurerm_resource_group.saptestautodeploygroup",
            "azurerm_subnet.myterraformsubnet",
            "azurerm_virtual_network.myterraformnetworktest"
          ]
        }
      ]
    },
    {
      "mode": "managed",
      "type": "azurerm_network_security_group",
      "name": "myterraformnsg",
      "provider": "provider[\"registry.terraform.io/hashicorp/azurerm\"]",
      "instances": [
        {
          "schema_version": 0,
          "attributes": {
            "id": "/subscriptions/03770d81-ed60-40f1-8f52-bcc2ad3841f4/resourceGroups/Flexso-Stage-TestEnv/providers/Microsoft.Network/networkSecurityGroups/myNetworkSecurityGroup",
            "location": "francecentral",
            "name": "myNetworkSecurityGroup",
            "resource_group_name": "Flexso-Stage-TestEnv",
            "security_rule": [
              {
                "access": "Allow",
                "description": "",
                "destination_address_prefix": "*",
                "destination_address_prefixes": [],
                "destination_application_security_group_ids": [],
                "destination_port_range": "22",
                "destination_port_ranges": [],
                "direction": "Inbound",
                "name": "SSH",
                "priority": 1001,
                "protocol": "Tcp",
                "source_address_prefix": "*",
                "source_address_prefixes": [],
                "source_application_security_group_ids": [],
                "source_port_range": "*",
                "source_port_ranges": []
              }
            ],
            "tags": {
              "environment": "Terraform SAP Automation Demo"
            },
            "timeouts": null
          },
          "sensitive_attributes": [],
          "private": "eyJlMmJmYjczMC1lY2FhLTExZTYtOGY4OC0zNDM2M2JjN2M0YzAiOnsiY3JlYXRlIjoxODAwMDAwMDAwMDAwLCJkZWxldGUiOjE4MDAwMDAwMDAwMDAsInJlYWQiOjMwMDAwMDAwMDAwMCwidXBkYXRlIjoxODAwMDAwMDAwMDAwfX0=",
          "dependencies": [
            "azurerm_resource_group.saptestautodeploygroup"
          ]
        }
      ]
    },
    {
      "mode": "managed",
      "type": "azurerm_public_ip",
      "name": "myterraformpublicip",
      "provider": "provider[\"registry.terraform.io/hashicorp/azurerm\"]",
      "instances": [
        {
          "schema_version": 0,
          "attributes": {
            "allocation_method": "Dynamic",
            "domain_name_label": null,
            "fqdn": null,
            "id": "/subscriptions/03770d81-ed60-40f1-8f52-bcc2ad3841f4/resourceGroups/Flexso-Stage-TestEnv/providers/Microsoft.Network/publicIPAddresses/myPublicIP",
            "idle_timeout_in_minutes": 4,
            "ip_address": "",
            "ip_version": "IPv4",
            "location": "francecentral",
            "name": "myPublicIP",
            "public_ip_prefix_id": null,
            "resource_group_name": "Flexso-Stage-TestEnv",
            "reverse_fqdn": null,
            "sku": "Basic",
            "tags": {
              "environment": "Terraform SAP Automation Demo"
            },
            "timeouts": null,
            "zones": null
          },
          "sensitive_attributes": [],
          "private": "eyJlMmJmYjczMC1lY2FhLTExZTYtOGY4OC0zNDM2M2JjN2M0YzAiOnsiY3JlYXRlIjoxODAwMDAwMDAwMDAwLCJkZWxldGUiOjE4MDAwMDAwMDAwMDAsInJlYWQiOjMwMDAwMDAwMDAwMCwidXBkYXRlIjoxODAwMDAwMDAwMDAwfX0=",
          "dependencies": [
            "azurerm_resource_group.saptestautodeploygroup"
          ]
        }
      ]
    },
    {
      "mode": "managed",
      "type": "azurerm_resource_group",
      "name": "saptestautodeploygroup",
      "provider": "provider[\"registry.terraform.io/hashicorp/azurerm\"]",
      "instances": [
        {
          "schema_version": 0,
          "attributes": {
            "id": "/subscriptions/03770d81-ed60-40f1-8f52-bcc2ad3841f4/resourceGroups/Flexso-Stage-TestEnv",
            "location": "francecentral",
            "name": "Flexso-Stage-TestEnv",
            "tags": null,
            "timeouts": null
          },
          "sensitive_attributes": [],
          "private": "eyJlMmJmYjczMC1lY2FhLTExZTYtOGY4OC0zNDM2M2JjN2M0YzAiOnsiY3JlYXRlIjo1NDAwMDAwMDAwMDAwLCJkZWxldGUiOjU0MDAwMDAwMDAwMDAsInJlYWQiOjMwMDAwMDAwMDAwMCwidXBkYXRlIjo1NDAwMDAwMDAwMDAwfX0="
        }
      ]
    },
    {
      "mode": "managed",
      "type": "azurerm_storage_account",
      "name": "mystorageaccount",
      "provider": "provider[\"registry.terraform.io/hashicorp/azurerm\"]",
      "instances": [
        {
          "schema_version": 2,
          "attributes": {
            "access_tier": "Hot",
            "account_kind": "StorageV2",
            "account_replication_type": "LRS",
            "account_tier": "Standard",
            "allow_blob_public_access": false,
            "blob_properties": [],
            "custom_domain": [],
            "enable_https_traffic_only": true,
            "id": "/subscriptions/03770d81-ed60-40f1-8f52-bcc2ad3841f4/resourceGroups/Flexso-Stage-TestEnv/providers/Microsoft.Storage/storageAccounts/diag18f1006427c19171",
            "identity": [],
            "is_hns_enabled": false,
            "large_file_share_enabled": null,
            "location": "francecentral",
            "min_tls_version": "TLS1_0",
            "name": "diag18f1006427c19171",
            "network_rules": [
              {
                "bypass": [
                  "AzureServices"
                ],
                "default_action": "Allow",
                "ip_rules": [],
                "virtual_network_subnet_ids": []
              }
            ],
            "primary_access_key": "7nTZaE2IiJPdVUlB6rnp6OaufjhxWXuy26ThHxU6v/YB5+/CQH2l9cVRAabZzK8l0VgWO0o4PDNB3X0lurcZ9g==",
            "primary_blob_connection_string": "DefaultEndpointsProtocol=https;BlobEndpoint=https://diag18f1006427c19171.blob.core.windows.net/;AccountName=diag18f1006427c19171;AccountKey=7nTZaE2IiJPdVUlB6rnp6OaufjhxWXuy26ThHxU6v/YB5+/CQH2l9cVRAabZzK8l0VgWO0o4PDNB3X0lurcZ9g==",
            "primary_blob_endpoint": "https://diag18f1006427c19171.blob.core.windows.net/",
            "primary_blob_host": "diag18f1006427c19171.blob.core.windows.net",
            "primary_connection_string": "DefaultEndpointsProtocol=https;AccountName=diag18f1006427c19171;AccountKey=7nTZaE2IiJPdVUlB6rnp6OaufjhxWXuy26ThHxU6v/YB5+/CQH2l9cVRAabZzK8l0VgWO0o4PDNB3X0lurcZ9g==;EndpointSuffix=core.windows.net",
            "primary_dfs_endpoint": "https://diag18f1006427c19171.dfs.core.windows.net/",
            "primary_dfs_host": "diag18f1006427c19171.dfs.core.windows.net",
            "primary_file_endpoint": "https://diag18f1006427c19171.file.core.windows.net/",
            "primary_file_host": "diag18f1006427c19171.file.core.windows.net",
            "primary_location": "francecentral",
            "primary_queue_endpoint": "https://diag18f1006427c19171.queue.core.windows.net/",
            "primary_queue_host": "diag18f1006427c19171.queue.core.windows.net",
            "primary_table_endpoint": "https://diag18f1006427c19171.table.core.windows.net/",
            "primary_table_host": "diag18f1006427c19171.table.core.windows.net",
            "primary_web_endpoint": "https://diag18f1006427c19171.z28.web.core.windows.net/",
            "primary_web_host": "diag18f1006427c19171.z28.web.core.windows.net",
            "queue_properties": [
              {
                "cors_rule": [],
                "hour_metrics": [
                  {
                    "enabled": true,
                    "include_apis": true,
                    "retention_policy_days": 7,
                    "version": "1.0"
                  }
                ],
                "logging": [
                  {
                    "delete": false,
                    "read": false,
                    "retention_policy_days": 0,
                    "version": "1.0",
                    "write": false
                  }
                ],
                "minute_metrics": [
                  {
                    "enabled": false,
                    "include_apis": false,
                    "retention_policy_days": 0,
                    "version": "1.0"
                  }
                ]
              }
            ],
            "resource_group_name": "Flexso-Stage-TestEnv",
            "secondary_access_key": "LhEkaLVvj4AtQtXI4NzZqJ1kB+dildtmlp9uDl/sJTlz5+8QWsjkcmuNiXGJAy5JiY3Csyo5+JMGQWtjJPnofA==",
            "secondary_blob_connection_string": "",
            "secondary_blob_endpoint": null,
            "secondary_blob_host": null,
            "secondary_connection_string": "DefaultEndpointsProtocol=https;AccountName=diag18f1006427c19171;AccountKey=LhEkaLVvj4AtQtXI4NzZqJ1kB+dildtmlp9uDl/sJTlz5+8QWsjkcmuNiXGJAy5JiY3Csyo5+JMGQWtjJPnofA==;EndpointSuffix=core.windows.net",
            "secondary_dfs_endpoint": null,
            "secondary_dfs_host": null,
            "secondary_file_endpoint": null,
            "secondary_file_host": null,
            "secondary_location": "",
            "secondary_queue_endpoint": null,
            "secondary_queue_host": null,
            "secondary_table_endpoint": null,
            "secondary_table_host": null,
            "secondary_web_endpoint": null,
            "secondary_web_host": null,
            "static_website": [],
            "tags": {
              "environment": "Terraform SAP Automation Demo"
            },
            "timeouts": null
          },
          "sensitive_attributes": [],
          "private": "eyJlMmJmYjczMC1lY2FhLTExZTYtOGY4OC0zNDM2M2JjN2M0YzAiOnsiY3JlYXRlIjozNjAwMDAwMDAwMDAwLCJkZWxldGUiOjM2MDAwMDAwMDAwMDAsInJlYWQiOjMwMDAwMDAwMDAwMCwidXBkYXRlIjozNjAwMDAwMDAwMDAwfSwic2NoZW1hX3ZlcnNpb24iOiIyIn0=",
          "dependencies": [
            "azurerm_resource_group.saptestautodeploygroup",
            "random_id.randomId"
          ]
        }
      ]
    },
    {
      "mode": "managed",
      "type": "azurerm_subnet",
      "name": "myterraformsubnet",
      "provider": "provider[\"registry.terraform.io/hashicorp/azurerm\"]",
      "instances": [
        {
          "schema_version": 0,
          "attributes": {
            "address_prefix": "10.0.2.0/24",
            "address_prefixes": [
              "10.0.2.0/24"
            ],
            "delegation": [],
            "enforce_private_link_endpoint_network_policies": false,
            "enforce_private_link_service_network_policies": false,
            "id": "/subscriptions/03770d81-ed60-40f1-8f52-bcc2ad3841f4/resourceGroups/Flexso-Stage-TestEnv/providers/Microsoft.Network/virtualNetworks/myVnet/subnets/mySubnet",
            "name": "mySubnet",
            "resource_group_name": "Flexso-Stage-TestEnv",
            "service_endpoint_policy_ids": null,
            "service_endpoints": null,
            "timeouts": null,
            "virtual_network_name": "myVnet"
          },
          "sensitive_attributes": [],
          "private": "eyJlMmJmYjczMC1lY2FhLTExZTYtOGY4OC0zNDM2M2JjN2M0YzAiOnsiY3JlYXRlIjoxODAwMDAwMDAwMDAwLCJkZWxldGUiOjE4MDAwMDAwMDAwMDAsInJlYWQiOjMwMDAwMDAwMDAwMCwidXBkYXRlIjoxODAwMDAwMDAwMDAwfX0=",
          "dependencies": [
            "azurerm_resource_group.saptestautodeploygroup",
            "azurerm_virtual_network.myterraformnetworktest"
          ]
        }
      ]
    },
    {
      "mode": "managed",
      "type": "azurerm_virtual_network",
      "name": "myterraformnetworktest",
      "provider": "provider[\"registry.terraform.io/hashicorp/azurerm\"]",
      "instances": [
        {
          "schema_version": 0,
          "attributes": {
            "address_space": [
              "10.0.0.0/16"
            ],
            "bgp_community": "",
            "ddos_protection_plan": [],
            "dns_servers": null,
            "guid": "2b35f6b1-08e6-4e45-81b3-273fbe357eba",
            "id": "/subscriptions/03770d81-ed60-40f1-8f52-bcc2ad3841f4/resourceGroups/Flexso-Stage-TestEnv/providers/Microsoft.Network/virtualNetworks/myVnet",
            "location": "francecentral",
            "name": "myVnet",
            "resource_group_name": "Flexso-Stage-TestEnv",
            "subnet": [],
            "tags": {
              "environment": "Terraform SAP Automation Demo"
            },
            "timeouts": null,
            "vm_protection_enabled": false
          },
          "sensitive_attributes": [],
          "private": "eyJlMmJmYjczMC1lY2FhLTExZTYtOGY4OC0zNDM2M2JjN2M0YzAiOnsiY3JlYXRlIjoxODAwMDAwMDAwMDAwLCJkZWxldGUiOjE4MDAwMDAwMDAwMDAsInJlYWQiOjMwMDAwMDAwMDAwMCwidXBkYXRlIjoxODAwMDAwMDAwMDAwfX0=",
          "dependencies": [
            "azurerm_resource_group.saptestautodeploygroup"
          ]
        }
      ]
    },
    {
      "mode": "managed",
      "type": "random_id",
      "name": "randomId",
      "provider": "provider[\"registry.terraform.io/hashicorp/random\"]",
      "instances": [
        {
          "schema_version": 0,
          "attributes": {
            "b64_std": "GPEAZCfBkXE=",
            "b64_url": "GPEAZCfBkXE",
            "byte_length": 8,
            "dec": "1797218156461265265",
            "hex": "18f1006427c19171",
            "id": "GPEAZCfBkXE",
            "keepers": {
              "resource_group": "Flexso-Stage-TestEnv"
            },
            "prefix": null
          },
          "sensitive_attributes": [],
          "private": "bnVsbA==",
          "dependencies": [
            "azurerm_resource_group.saptestautodeploygroup"
          ]
        }
      ]
    },
    {
      "mode": "managed",
      "type": "tls_private_key",
      "name": "example_ssh",
      "provider": "provider[\"registry.terraform.io/hashicorp/tls\"]",
      "instances": [
        {
          "schema_version": 0,
          "attributes": {
            "algorithm": "RSA",
            "ecdsa_curve": "P224",
            "id": "7590791e3de4befdfc69e416ae47faa76a917dac",
            "private_key_pem": "-----BEGIN RSA PRIVATE KEY-----\nMIIJKAIBAAKCAgEAxBX2+TpbF762aP3s2lHpPCCoUqiceC61iKNGjJzu4oXj/HDB\nH65GPlENqxaTTrIFXNJfNGWw/oaRdeEocBVvLNrFTUuHG96xuBtMACbKlsojZA7+\n1hBVq2je+sXkCO7rVasCkra8tUqvsBMiqYIRg4XbfJ8RjrfHGywFSi9kDDjnqAzS\ndbbOgtPR0vFFVRo/JfJbZC1UQey4g58Yrt/pnuQFbeqgOsYPTT6RUy0Jariccr5B\nsWfUfUkwd3uni+18UPXGyK5hcA7DndppCdzsTRBMGkLge9d/I+X5b+yq5wV7qk+8\nbuD0uu3NTkPQtj7X4Mv+SQzMcitnXnmiPRmdMh9hGqQK0weuSungL173oKSCrGJ9\niM+N1oy9Ue06p+Hosy3iMGhCu5zpcm0sM3O9pEM1qjVirbACVHClGhkEGxWUqEES\nVRPpLvWc+GK0Io1KD5PFYJybe/TYoKQqbVQpPGiB5YaRvNQA2PrNwsKRJXCyEKiy\n0JMhsfflFnAj21/ePahliqWEloGrS1qve5X+IBa/7AMs5ZjxrH3UwZSsJO5kaZ1U\njsBIDPQNoc9yl15acJAcLiFYtOwriHfZp4NUFd0XWC28L4pChBX3kbYQzCJCuqKv\nL2GPpw4fkxCOA8D2RDT1ZvfFNGMqWBC7UTonAlx4INoSPDCxdEmjPgr/E5cCAwEA\nAQKCAgBXX/48Uj+TFh1MLZIkOom2jErVAmMuvomPyEnAkJF2CPltXIUB6/NLA20W\nxql/UJ5JHUjlHUdAM5CPuXP+dd6jWxy986DRz2rbwfYcvyxZAtvAU1pE4uR5y/JI\nRnP1cxkUhG5SF/GAyzX8PJqec+H//F6wamU1djjXp8b3pqRrOdQoMwZ5A6uD6oU9\n/NrLMDXhX9xPiE9aTPRvWi5yhj4g2jR9JSae6fCZl/7D1Ha0wmycSKEXP1AVP87D\n/yrKlFln7gzVEbdDaqDKLy/NAE+fi1qN/Szwojb6NRjwQcJpzSys2Hj742vJ+/sX\nG+rduqURe3Tk8joLycF2/LZJiadcjabLKrT7WRWBx++sG7zacaYkeSaEzqBIGJ8L\nBa4yEV9AYil5xrprpPYsVaRP4F2hi6BrDbL8gRir/6Nnp7wfrYmUV48AymnSH80b\nUpTy03ag9IoHLLvxm5DWH+MEh8yTnwsBrngu4f4YCpP33OhSykLLI/duX3gWnlk4\n3P4FvZAOmOREQvutYA9PSzkY1ERObvLRp5hBAYHxvAnvPYCnI6bukoTOT+TzhFuI\nT4z44dSOzelaTCKErfR/hFMl3fjrCiXGP+wtgAd0PV2z+S0ISAh5ONY2yKGqWAyc\nVcSse52u8wbVXF5KEEsdANm7k8dA856EaPYVRqsqupa8eaE5OQKCAQEA4e5x1tpO\n1lQD/E7v6kWOACNzrhI98Apr8bF6BbNE5gRNDpJB2DE6cJ05zihdUSxz8I2jVZ6M\npNHq4oMt6/2LEXuclsn3By4P80xL5gzMnNrbdf+Q+5uNgLkyWGxnlI3KFWvC6QE2\nmimn7rBlyb3aYX+zwKxKoLv/oNsTB+BK99HLTlZlHLPU/pqst5Z9h9l1+ao+DG6D\nFAYuAEqSQ/iUhmfeFylO/y+jFiq0mPLW4G8R2NQOOxz4/Gem5dkzMxXz54e85KHO\nKxFhk15bFOH6M24jUpzgUWDMO8NCErF8uiOtQJIvx/VT2r63zaFU1Tvam7wHI4C5\nb5eAQIiOHTsWZQKCAQEA3i6rjvltz+Hdi5wQo/+bxIez7dIGMn5emMZLmDyIufDr\nUkn/aN90d6mdKZ7uxVw3Gw1yMqr+mbnx28V67H/ZMM2l+cxOAz2TSZvaELQ6LEcD\n+sB1F+vYVPsz6A9wgVBBR+duYvRrzZG10IxSeJvksOkwD3osS6sdl0VHpoONFDOT\n5E2+r9obOBKZBaTiIbMQzsPZr6aCV7r/Surxplktv5qxyOKmDwiWP1cQfwc9Jjfg\nQlJIZ17D/RRZ1e8l7MG46bpq1ll1WScEJ4AanSRAs80DysS9Z677asMEoDG7oVWo\nQv8F5Hyn0a/cFUhj+u17DzS0tF0fKdYZZjuGYec0SwKCAQEAhzTfQ6jZzUHyMKg8\nw4JkfIi6zc1065YRC08eqxKhhNXGF5ZHeU3cn1A4K7vUPKPRrn/U44RCvtAxNOU0\nMipFc2z6RPMQtmdGfF+IfF/kg2omM/OBnFF22TX7fxdA1ZIVAcS/nBlxx8huC1Xd\nVGIdsoNt2zxAXPik/mqcdPYxZyVR+cuSLx8ftE50VlnlPctR4tuSznXEU9Nu7BW0\neqDkoZq/OjUqZWTowHdGJNIO7bkKgSxGZ/Hqv4J4Ss006rmUgVamIF0EuJlqP3sU\nHuctiGG9Gc9wHsNC9fDgNbep4OtA34ecuJmEWUARVynZTtLG/LQFwaVjU/jic7xE\n8BFQUQKCAQBa+N0B85tE7QRbb5FYtQZAmBfSHpavAhMVlsvJD7AkAkM4NFhBxozX\nmjlhm1PEt5dQmlbR7DXHF92x0NAeGdMCKpH1D/Q5W3L9RrUo9cKD8qfsefT30HeJ\nhDmioP+90vCH0njeR5oEV88MDwiNnbcrwK8PB0UvzmaVU6acxWx0gxHg/vw+4J0Y\nfnTtXK/CgKE3J/Xv98uSxFxXfo9nP0h+FYcJ69N2gFuUn79/Y6VkCqjmPu6qdKDm\n9Pg7omny4PcnrE6maYak9Fa9HbTH9toPRLhyw8+RrpH/Cs7QEMz0qC/3DpiJD4lf\nUBRbGoLlcWtbtIbw+tgRtzo7I9BIMfS1AoIBACMnI03gs33EL0VGUYposEpBU2C5\n5yv825pZfYnGZ9Y6rBpXHJrEg+W3EcA9D1ydfVPPPe+tjcd2E6RnYoFJAeM5SWaz\n0bpv3n0ytKudphT+NRp2hs1OZSJNlLCCZC6tNRun138gCWwSsSOhYpZzz2udvTJy\n6xFHeBAJDzJQdWSzesDET/dAop8KrlFVpNMZkB0a5oFLdA4+fxTOrcBKmd4F+jKN\nymrfwpRfHHxVn9TGdbcLAo+1+HftsWpm8B9z+k5Zsm1BRNYjEMdedseT0Y2eZ83c\nCaVd4lUsXdH4SS6XfbWN6QSYzoWXZt0vhDnNQC5eZrlGdVZjbSw84tsJ3TU=\n-----END RSA PRIVATE KEY-----\n",
            "public_key_fingerprint_md5": "f4:4e:06:f3:58:f0:d6:58:67:57:be:53:89:97:04:9a",
            "public_key_openssh": "ssh-rsa AAAAB3NzaC1yc2EAAAADAQABAAACAQDEFfb5OlsXvrZo/ezaUek8IKhSqJx4LrWIo0aMnO7iheP8cMEfrkY+UQ2rFpNOsgVc0l80ZbD+hpF14ShwFW8s2sVNS4cb3rG4G0wAJsqWyiNkDv7WEFWraN76xeQI7utVqwKStry1Sq+wEyKpghGDhdt8nxGOt8cbLAVKL2QMOOeoDNJ1ts6C09HS8UVVGj8l8ltkLVRB7LiDnxiu3+me5AVt6qA6xg9NPpFTLQlquJxyvkGxZ9R9STB3e6eL7XxQ9cbIrmFwDsOd2mkJ3OxNEEwaQuB7138j5flv7KrnBXuqT7xu4PS67c1OQ9C2Ptfgy/5JDMxyK2deeaI9GZ0yH2EapArTB65K6eAvXvegpIKsYn2Iz43WjL1R7Tqn4eizLeIwaEK7nOlybSwzc72kQzWqNWKtsAJUcKUaGQQbFZSoQRJVE+ku9Zz4YrQijUoPk8VgnJt79NigpCptVCk8aIHlhpG81ADY+s3CwpElcLIQqLLQkyGx9+UWcCPbX949qGWKpYSWgatLWq97lf4gFr/sAyzlmPGsfdTBlKwk7mRpnVSOwEgM9A2hz3KXXlpwkBwuIVi07CuId9mng1QV3RdYLbwvikKEFfeRthDMIkK6oq8vYY+nDh+TEI4DwPZENPVm98U0YypYELtROicCXHgg2hI8MLF0SaM+Cv8Tlw==\n",
            "public_key_pem": "-----BEGIN PUBLIC KEY-----\nMIICIjANBgkqhkiG9w0BAQEFAAOCAg8AMIICCgKCAgEAxBX2+TpbF762aP3s2lHp\nPCCoUqiceC61iKNGjJzu4oXj/HDBH65GPlENqxaTTrIFXNJfNGWw/oaRdeEocBVv\nLNrFTUuHG96xuBtMACbKlsojZA7+1hBVq2je+sXkCO7rVasCkra8tUqvsBMiqYIR\ng4XbfJ8RjrfHGywFSi9kDDjnqAzSdbbOgtPR0vFFVRo/JfJbZC1UQey4g58Yrt/p\nnuQFbeqgOsYPTT6RUy0Jariccr5BsWfUfUkwd3uni+18UPXGyK5hcA7DndppCdzs\nTRBMGkLge9d/I+X5b+yq5wV7qk+8buD0uu3NTkPQtj7X4Mv+SQzMcitnXnmiPRmd\nMh9hGqQK0weuSungL173oKSCrGJ9iM+N1oy9Ue06p+Hosy3iMGhCu5zpcm0sM3O9\npEM1qjVirbACVHClGhkEGxWUqEESVRPpLvWc+GK0Io1KD5PFYJybe/TYoKQqbVQp\nPGiB5YaRvNQA2PrNwsKRJXCyEKiy0JMhsfflFnAj21/ePahliqWEloGrS1qve5X+\nIBa/7AMs5ZjxrH3UwZSsJO5kaZ1UjsBIDPQNoc9yl15acJAcLiFYtOwriHfZp4NU\nFd0XWC28L4pChBX3kbYQzCJCuqKvL2GPpw4fkxCOA8D2RDT1ZvfFNGMqWBC7UTon\nAlx4INoSPDCxdEmjPgr/E5cCAwEAAQ==\n-----END PUBLIC KEY-----\n",
            "rsa_bits": 4096
          },
          "sensitive_attributes": [],
          "private": "bnVsbA=="
        }
      ]
    }
  ]
}
