{
  "version": 4,
  "terraform_version": "0.14.7",
  "serial": 483,
  "lineage": "24cea5f0-ebbe-e415-1668-5fb06edd336d",
  "outputs": {},
  "resources": [
    {
      "mode": "managed",
      "type": "azurerm_linux_virtual_machine",
      "name": "myterraformvm",
      "provider": "provider[\"registry.terraform.io/hashicorp/azurerm\"]",
      "instances": [
        {
          "schema_version": 0,
          "attributes": {
            "additional_capabilities": [],
            "admin_password": null,
            "admin_ssh_key": [
              {
                "public_key": "ssh-rsa AAAAB3NzaC1yc2EAAAADAQABAAACAQCpEY3aO/PMoNmRcFWRRkp+6C+PC+gZa0aWpgsGKTZ6/ZjXKl0zNZGTy2WgYrOkLxPVNFYCXJ0KNwC5jOwMhL1j2vfE2rIKqQroOstYA/zLTxIUOIUa1IZXwvHlXnEHMY6VkDYG5pPd9Sw5azgDWGD5fswWn9hlKOkSAZLJmC43K72f3e1MIayPz7Sdm7I7bNQ32fEARBTPf+AIb1A8LDv2WluNgUCkhOVl8e03pxznTksn+47pZvdX8G5muco8WykdwAc9xzWwlJTwY5Ll859QOmE3mHd5STDJSSDbekrOR1B7JscAiVJv5wSdxoWG8et/5FeURWoFR172cUHVaknZ3FTjekSXGi59avxp1LGnPJYgCGYsgp3ZEfPfPKPkPnlnnfReonOm+1/UpV4X9MbcAkIo3Jij4FUv7exK39014B5LY7I0Jhayxn2VqPJYacQOuKMfYsk3uecH+b0GgEEctSx7IF3sqyuR7LSRLZxRMC/9n+1Pco3LSGx/GEqLVqtuvFji45ElICIeHbjRs6DO1eBTdYTDKwPttSIpPAH4isY58Y3Vmuc3gdR1K6cf3zWer+UEpTJwZZjVZrB6m5k4dKpn3t5dZAT8rDXPrlWjNYD/7xH4mp7MV/0FQA0vY8R7TCTPlu9DTjx9qthNoAOVErYHUO7DerTsEP8aZOr+xw==\n",
                "username": "azureuser"
              }
            ],
            "admin_username": "azureuser",
            "allow_extension_operations": true,
            "availability_set_id": "",
            "boot_diagnostics": [
              {
                "storage_account_uri": "https://diagcd87b279c374250d.blob.core.windows.net/"
              }
            ],
            "computer_name": "myvm",
            "custom_data": null,
            "dedicated_host_id": "",
            "disable_password_authentication": true,
            "encryption_at_host_enabled": false,
            "eviction_policy": "",
            "extensions_time_budget": "PT1H30M",
            "id": "/subscriptions/03770d81-ed60-40f1-8f52-bcc2ad3841f4/resourceGroups/Flexso-Stage-TestEnv-Denys/providers/Microsoft.Compute/virtualMachines/myVM",
            "identity": [],
            "location": "francecentral",
            "max_bid_price": -1,
            "name": "myVM",
            "network_interface_ids": [
              "/subscriptions/03770d81-ed60-40f1-8f52-bcc2ad3841f4/resourceGroups/Flexso-Stage-TestEnv-Denys/providers/Microsoft.Network/networkInterfaces/myNIC"
            ],
            "os_disk": [
              {
                "caching": "ReadWrite",
                "diff_disk_settings": [],
                "disk_encryption_set_id": "",
                "disk_size_gb": 256,
                "name": "myOsDisk",
                "storage_account_type": "Premium_LRS",
                "write_accelerator_enabled": false
              }
            ],
            "plan": [],
            "priority": "Regular",
            "private_ip_address": "10.0.2.4",
            "private_ip_addresses": [
              "10.0.2.4"
            ],
            "provision_vm_agent": true,
            "proximity_placement_group_id": "",
            "public_ip_address": "51.103.78.173",
            "public_ip_addresses": [
              "51.103.78.173"
            ],
            "resource_group_name": "Flexso-Stage-TestEnv-Denys",
            "secret": [],
            "size": "Standard_D8s_v3",
            "source_image_id": "",
            "source_image_reference": [
              {
                "offer": "RHEL-SAP-HANA",
                "publisher": "RedHat",
                "sku": "7.2",
                "version": "latest"
              }
            ],
            "tags": {
              "environment": "Terraform Demo"
            },
            "timeouts": null,
            "virtual_machine_id": "84fbeac8-99f3-4055-922a-081334fbfff7",
            "virtual_machine_scale_set_id": "",
            "zone": ""
          },
          "sensitive_attributes": [],
          "private": "eyJlMmJmYjczMC1lY2FhLTExZTYtOGY4OC0zNDM2M2JjN2M0YzAiOnsiY3JlYXRlIjoyNzAwMDAwMDAwMDAwLCJkZWxldGUiOjI3MDAwMDAwMDAwMDAsInJlYWQiOjMwMDAwMDAwMDAwMCwidXBkYXRlIjoyNzAwMDAwMDAwMDAwfX0=",
          "dependencies": [
            "azurerm_network_interface.myterraformnic",
            "azurerm_public_ip.myterraformpublicip",
            "azurerm_resource_group.saptestautodeploygroup",
            "azurerm_storage_account.mystorageaccount",
            "azurerm_subnet.myterraformsubnet",
            "azurerm_virtual_network.myterraformnetworktest",
            "random_id.randomId",
            "tls_private_key.example_ssh"
          ]
        }
      ]
    },
    {
      "mode": "managed",
      "type": "azurerm_managed_disk",
      "name": "example",
      "provider": "provider[\"registry.terraform.io/hashicorp/azurerm\"]",
      "instances": [
        {
          "schema_version": 0,
          "attributes": {
            "create_option": "Empty",
            "disk_encryption_set_id": "",
            "disk_iops_read_write": 500,
            "disk_mbps_read_write": 60,
            "disk_size_gb": 256,
            "encryption_settings": [],
            "id": "/subscriptions/03770d81-ed60-40f1-8f52-bcc2ad3841f4/resourceGroups/Flexso-Stage-TestEnv-Denys/providers/Microsoft.Compute/disks/myvm-disk1",
            "image_reference_id": "",
            "location": "francecentral",
            "name": "myvm-disk1",
            "os_type": "",
            "resource_group_name": "Flexso-Stage-TestEnv-Denys",
            "source_resource_id": "",
            "source_uri": "",
            "storage_account_id": "",
            "storage_account_type": "Standard_LRS",
            "tags": null,
            "timeouts": null,
            "zones": null
          },
          "sensitive_attributes": [],
          "private": "eyJlMmJmYjczMC1lY2FhLTExZTYtOGY4OC0zNDM2M2JjN2M0YzAiOnsiY3JlYXRlIjoxODAwMDAwMDAwMDAwLCJkZWxldGUiOjE4MDAwMDAwMDAwMDAsInJlYWQiOjMwMDAwMDAwMDAwMCwidXBkYXRlIjoxODAwMDAwMDAwMDAwfX0=",
          "dependencies": [
            "azurerm_resource_group.saptestautodeploygroup"
          ]
        }
      ]
    },
    {
      "mode": "managed",
      "type": "azurerm_network_interface",
      "name": "myterraformnic",
      "provider": "provider[\"registry.terraform.io/hashicorp/azurerm\"]",
      "instances": [
        {
          "schema_version": 0,
          "attributes": {
            "applied_dns_servers": [],
            "dns_servers": [],
            "enable_accelerated_networking": false,
            "enable_ip_forwarding": false,
            "id": "/subscriptions/03770d81-ed60-40f1-8f52-bcc2ad3841f4/resourceGroups/Flexso-Stage-TestEnv-Denys/providers/Microsoft.Network/networkInterfaces/myNIC",
            "internal_dns_name_label": "",
            "internal_domain_name_suffix": "lwaoh0tedg3e3aumbyer3ezijd.parx.internal.cloudapp.net",
            "ip_configuration": [
              {
                "name": "myNicConfiguration",
                "primary": true,
                "private_ip_address": "10.0.2.4",
                "private_ip_address_allocation": "Dynamic",
                "private_ip_address_version": "IPv4",
                "public_ip_address_id": "/subscriptions/03770d81-ed60-40f1-8f52-bcc2ad3841f4/resourceGroups/Flexso-Stage-TestEnv-Denys/providers/Microsoft.Network/publicIPAddresses/myPublicIP",
                "subnet_id": "/subscriptions/03770d81-ed60-40f1-8f52-bcc2ad3841f4/resourceGroups/Flexso-Stage-TestEnv-Denys/providers/Microsoft.Network/virtualNetworks/myVnet-testDisks/subnets/mySubnet"
              }
            ],
            "location": "francecentral",
            "mac_address": "",
            "name": "myNIC",
            "private_ip_address": "10.0.2.4",
            "private_ip_addresses": [
              "10.0.2.4"
            ],
            "resource_group_name": "Flexso-Stage-TestEnv-Denys",
            "tags": {
              "environment": "Terraform SAP Automation Demo"
            },
            "timeouts": null,
            "virtual_machine_id": ""
          },
          "sensitive_attributes": [],
          "private": "eyJlMmJmYjczMC1lY2FhLTExZTYtOGY4OC0zNDM2M2JjN2M0YzAiOnsiY3JlYXRlIjoxODAwMDAwMDAwMDAwLCJkZWxldGUiOjE4MDAwMDAwMDAwMDAsInJlYWQiOjMwMDAwMDAwMDAwMCwidXBkYXRlIjoxODAwMDAwMDAwMDAwfX0=",
          "dependencies": [
            "azurerm_public_ip.myterraformpublicip",
            "azurerm_resource_group.saptestautodeploygroup",
            "azurerm_subnet.myterraformsubnet",
            "azurerm_virtual_network.myterraformnetworktest"
          ]
        }
      ]
    },
    {
      "mode": "managed",
      "type": "azurerm_network_interface_security_group_association",
      "name": "example",
      "provider": "provider[\"registry.terraform.io/hashicorp/azurerm\"]",
      "instances": [
        {
          "schema_version": 0,
          "attributes": {
            "id": "/subscriptions/03770d81-ed60-40f1-8f52-bcc2ad3841f4/resourceGroups/Flexso-Stage-TestEnv-Denys/providers/Microsoft.Network/networkInterfaces/myNIC|/subscriptions/03770d81-ed60-40f1-8f52-bcc2ad3841f4/resourceGroups/Flexso-Stage-TestEnv-Denys/providers/Microsoft.Network/networkSecurityGroups/myNetworkSecurityGroup",
            "network_interface_id": "/subscriptions/03770d81-ed60-40f1-8f52-bcc2ad3841f4/resourceGroups/Flexso-Stage-TestEnv-Denys/providers/Microsoft.Network/networkInterfaces/myNIC",
            "network_security_group_id": "/subscriptions/03770d81-ed60-40f1-8f52-bcc2ad3841f4/resourceGroups/Flexso-Stage-TestEnv-Denys/providers/Microsoft.Network/networkSecurityGroups/myNetworkSecurityGroup",
            "timeouts": null
          },
          "sensitive_attributes": [],
          "private": "eyJlMmJmYjczMC1lY2FhLTExZTYtOGY4OC0zNDM2M2JjN2M0YzAiOnsiY3JlYXRlIjoxODAwMDAwMDAwMDAwLCJkZWxldGUiOjE4MDAwMDAwMDAwMDAsInJlYWQiOjMwMDAwMDAwMDAwMCwidXBkYXRlIjoxODAwMDAwMDAwMDAwfX0=",
          "dependencies": [
            "azurerm_network_interface.myterraformnic",
            "azurerm_network_security_group.myterraformnsg",
            "azurerm_public_ip.myterraformpublicip",
            "azurerm_resource_group.saptestautodeploygroup",
            "azurerm_subnet.myterraformsubnet",
            "azurerm_virtual_network.myterraformnetworktest"
          ]
        }
      ]
    },
    {
      "mode": "managed",
      "type": "azurerm_network_security_group",
      "name": "myterraformnsg",
      "provider": "provider[\"registry.terraform.io/hashicorp/azurerm\"]",
      "instances": [
        {
          "schema_version": 0,
          "attributes": {
            "id": "/subscriptions/03770d81-ed60-40f1-8f52-bcc2ad3841f4/resourceGroups/Flexso-Stage-TestEnv-Denys/providers/Microsoft.Network/networkSecurityGroups/myNetworkSecurityGroup",
            "location": "francecentral",
            "name": "myNetworkSecurityGroup",
            "resource_group_name": "Flexso-Stage-TestEnv-Denys",
            "security_rule": [
              {
                "access": "Allow",
                "description": "",
                "destination_address_prefix": "*",
                "destination_address_prefixes": [],
                "destination_application_security_group_ids": [],
                "destination_port_range": "22",
                "destination_port_ranges": [],
                "direction": "Inbound",
                "name": "SSH",
                "priority": 1001,
                "protocol": "Tcp",
                "source_address_prefix": "*",
                "source_address_prefixes": [],
                "source_application_security_group_ids": [],
                "source_port_range": "*",
                "source_port_ranges": []
              }
            ],
            "tags": {
              "environment": "Terraform SAP Automation Demo"
            },
            "timeouts": null
          },
          "sensitive_attributes": [],
          "private": "eyJlMmJmYjczMC1lY2FhLTExZTYtOGY4OC0zNDM2M2JjN2M0YzAiOnsiY3JlYXRlIjoxODAwMDAwMDAwMDAwLCJkZWxldGUiOjE4MDAwMDAwMDAwMDAsInJlYWQiOjMwMDAwMDAwMDAwMCwidXBkYXRlIjoxODAwMDAwMDAwMDAwfX0=",
          "dependencies": [
            "azurerm_resource_group.saptestautodeploygroup"
          ]
        }
      ]
    },
    {
      "mode": "managed",
      "type": "azurerm_public_ip",
      "name": "myterraformpublicip",
      "provider": "provider[\"registry.terraform.io/hashicorp/azurerm\"]",
      "instances": [
        {
          "schema_version": 0,
          "attributes": {
            "allocation_method": "Static",
            "domain_name_label": null,
            "fqdn": null,
            "id": "/subscriptions/03770d81-ed60-40f1-8f52-bcc2ad3841f4/resourceGroups/Flexso-Stage-TestEnv-Denys/providers/Microsoft.Network/publicIPAddresses/myPublicIP",
            "idle_timeout_in_minutes": 4,
            "ip_address": "51.103.78.173",
            "ip_version": "IPv4",
            "location": "francecentral",
            "name": "myPublicIP",
            "public_ip_prefix_id": null,
            "resource_group_name": "Flexso-Stage-TestEnv-Denys",
            "reverse_fqdn": null,
            "sku": "Basic",
            "tags": {
              "environment": "Terraform SAP Automation Demo"
            },
            "timeouts": null,
            "zones": null
          },
          "sensitive_attributes": [],
          "private": "eyJlMmJmYjczMC1lY2FhLTExZTYtOGY4OC0zNDM2M2JjN2M0YzAiOnsiY3JlYXRlIjoxODAwMDAwMDAwMDAwLCJkZWxldGUiOjE4MDAwMDAwMDAwMDAsInJlYWQiOjMwMDAwMDAwMDAwMCwidXBkYXRlIjoxODAwMDAwMDAwMDAwfX0=",
          "dependencies": [
            "azurerm_resource_group.saptestautodeploygroup"
          ]
        }
      ]
    },
    {
      "mode": "managed",
      "type": "azurerm_resource_group",
      "name": "saptestautodeploygroup",
      "provider": "provider[\"registry.terraform.io/hashicorp/azurerm\"]",
      "instances": [
        {
          "schema_version": 0,
          "attributes": {
            "id": "/subscriptions/03770d81-ed60-40f1-8f52-bcc2ad3841f4/resourceGroups/Flexso-Stage-TestEnv-Denys",
            "location": "francecentral",
            "name": "Flexso-Stage-TestEnv-Denys",
            "tags": null,
            "timeouts": null
          },
          "sensitive_attributes": [],
          "private": "eyJlMmJmYjczMC1lY2FhLTExZTYtOGY4OC0zNDM2M2JjN2M0YzAiOnsiY3JlYXRlIjo1NDAwMDAwMDAwMDAwLCJkZWxldGUiOjU0MDAwMDAwMDAwMDAsInJlYWQiOjMwMDAwMDAwMDAwMCwidXBkYXRlIjo1NDAwMDAwMDAwMDAwfX0="
        }
      ]
    },
    {
      "mode": "managed",
      "type": "azurerm_storage_account",
      "name": "mystorageaccount",
      "provider": "provider[\"registry.terraform.io/hashicorp/azurerm\"]",
      "instances": [
        {
          "schema_version": 2,
          "attributes": {
            "access_tier": "Hot",
            "account_kind": "StorageV2",
            "account_replication_type": "LRS",
            "account_tier": "Standard",
            "allow_blob_public_access": false,
            "blob_properties": [],
            "custom_domain": [],
            "enable_https_traffic_only": true,
            "id": "/subscriptions/03770d81-ed60-40f1-8f52-bcc2ad3841f4/resourceGroups/Flexso-Stage-TestEnv-Denys/providers/Microsoft.Storage/storageAccounts/diagcd87b279c374250d",
            "identity": [],
            "is_hns_enabled": false,
            "large_file_share_enabled": null,
            "location": "francecentral",
            "min_tls_version": "TLS1_0",
            "name": "diagcd87b279c374250d",
            "network_rules": [
              {
                "bypass": [
                  "AzureServices"
                ],
                "default_action": "Allow",
                "ip_rules": [],
                "virtual_network_subnet_ids": []
              }
            ],
            "primary_access_key": "6qqBA7PSMxo8790WICGxqw/ClMHT0PHXrCnjiKyKGiAfhXo9f6R6Qhy11RIdSc+9dF1OlJhgC6aOjZJxuaNc2w==",
            "primary_blob_connection_string": "DefaultEndpointsProtocol=https;BlobEndpoint=https://diagcd87b279c374250d.blob.core.windows.net/;AccountName=diagcd87b279c374250d;AccountKey=6qqBA7PSMxo8790WICGxqw/ClMHT0PHXrCnjiKyKGiAfhXo9f6R6Qhy11RIdSc+9dF1OlJhgC6aOjZJxuaNc2w==",
            "primary_blob_endpoint": "https://diagcd87b279c374250d.blob.core.windows.net/",
            "primary_blob_host": "diagcd87b279c374250d.blob.core.windows.net",
            "primary_connection_string": "DefaultEndpointsProtocol=https;AccountName=diagcd87b279c374250d;AccountKey=6qqBA7PSMxo8790WICGxqw/ClMHT0PHXrCnjiKyKGiAfhXo9f6R6Qhy11RIdSc+9dF1OlJhgC6aOjZJxuaNc2w==;EndpointSuffix=core.windows.net",
            "primary_dfs_endpoint": "https://diagcd87b279c374250d.dfs.core.windows.net/",
            "primary_dfs_host": "diagcd87b279c374250d.dfs.core.windows.net",
            "primary_file_endpoint": "https://diagcd87b279c374250d.file.core.windows.net/",
            "primary_file_host": "diagcd87b279c374250d.file.core.windows.net",
            "primary_location": "francecentral",
            "primary_queue_endpoint": "https://diagcd87b279c374250d.queue.core.windows.net/",
            "primary_queue_host": "diagcd87b279c374250d.queue.core.windows.net",
            "primary_table_endpoint": "https://diagcd87b279c374250d.table.core.windows.net/",
            "primary_table_host": "diagcd87b279c374250d.table.core.windows.net",
            "primary_web_endpoint": "https://diagcd87b279c374250d.z28.web.core.windows.net/",
            "primary_web_host": "diagcd87b279c374250d.z28.web.core.windows.net",
            "queue_properties": [
              {
                "cors_rule": [],
                "hour_metrics": [
                  {
                    "enabled": true,
                    "include_apis": true,
                    "retention_policy_days": 7,
                    "version": "1.0"
                  }
                ],
                "logging": [
                  {
                    "delete": false,
                    "read": false,
                    "retention_policy_days": 0,
                    "version": "1.0",
                    "write": false
                  }
                ],
                "minute_metrics": [
                  {
                    "enabled": false,
                    "include_apis": false,
                    "retention_policy_days": 0,
                    "version": "1.0"
                  }
                ]
              }
            ],
            "resource_group_name": "Flexso-Stage-TestEnv-Denys",
            "secondary_access_key": "Y4X6nWRx9ftuZc1Vc8U9C04n20IoBySsaz7b2Iskshvm7NPtd+vLJAWaPaIQ+PAGJc94yltpZJYzGActCBphlA==",
            "secondary_blob_connection_string": "",
            "secondary_blob_endpoint": null,
            "secondary_blob_host": null,
            "secondary_connection_string": "DefaultEndpointsProtocol=https;AccountName=diagcd87b279c374250d;AccountKey=Y4X6nWRx9ftuZc1Vc8U9C04n20IoBySsaz7b2Iskshvm7NPtd+vLJAWaPaIQ+PAGJc94yltpZJYzGActCBphlA==;EndpointSuffix=core.windows.net",
            "secondary_dfs_endpoint": null,
            "secondary_dfs_host": null,
            "secondary_file_endpoint": null,
            "secondary_file_host": null,
            "secondary_location": "",
            "secondary_queue_endpoint": null,
            "secondary_queue_host": null,
            "secondary_table_endpoint": null,
            "secondary_table_host": null,
            "secondary_web_endpoint": null,
            "secondary_web_host": null,
            "static_website": [],
            "tags": {
              "environment": "Terraform SAP Automation Demo"
            },
            "timeouts": null
          },
          "sensitive_attributes": [],
          "private": "eyJlMmJmYjczMC1lY2FhLTExZTYtOGY4OC0zNDM2M2JjN2M0YzAiOnsiY3JlYXRlIjozNjAwMDAwMDAwMDAwLCJkZWxldGUiOjM2MDAwMDAwMDAwMDAsInJlYWQiOjMwMDAwMDAwMDAwMCwidXBkYXRlIjozNjAwMDAwMDAwMDAwfSwic2NoZW1hX3ZlcnNpb24iOiIyIn0=",
          "dependencies": [
            "azurerm_resource_group.saptestautodeploygroup",
            "random_id.randomId"
          ]
        }
      ]
    },
    {
      "mode": "managed",
      "type": "azurerm_subnet",
      "name": "myterraformsubnet",
      "provider": "provider[\"registry.terraform.io/hashicorp/azurerm\"]",
      "instances": [
        {
          "schema_version": 0,
          "attributes": {
            "address_prefix": "10.0.2.0/24",
            "address_prefixes": [
              "10.0.2.0/24"
            ],
            "delegation": [],
            "enforce_private_link_endpoint_network_policies": false,
            "enforce_private_link_service_network_policies": false,
            "id": "/subscriptions/03770d81-ed60-40f1-8f52-bcc2ad3841f4/resourceGroups/Flexso-Stage-TestEnv-Denys/providers/Microsoft.Network/virtualNetworks/myVnet-testDisks/subnets/mySubnet",
            "name": "mySubnet",
            "resource_group_name": "Flexso-Stage-TestEnv-Denys",
            "service_endpoint_policy_ids": null,
            "service_endpoints": null,
            "timeouts": null,
            "virtual_network_name": "myVnet-testDisks"
          },
          "sensitive_attributes": [],
          "private": "eyJlMmJmYjczMC1lY2FhLTExZTYtOGY4OC0zNDM2M2JjN2M0YzAiOnsiY3JlYXRlIjoxODAwMDAwMDAwMDAwLCJkZWxldGUiOjE4MDAwMDAwMDAwMDAsInJlYWQiOjMwMDAwMDAwMDAwMCwidXBkYXRlIjoxODAwMDAwMDAwMDAwfX0=",
          "dependencies": [
            "azurerm_resource_group.saptestautodeploygroup",
            "azurerm_virtual_network.myterraformnetworktest"
          ]
        }
      ]
    },
    {
      "mode": "managed",
      "type": "azurerm_virtual_machine_data_disk_attachment",
      "name": "example",
      "provider": "provider[\"registry.terraform.io/hashicorp/azurerm\"]",
      "instances": [
        {
          "schema_version": 0,
          "attributes": {
            "caching": "ReadWrite",
            "create_option": "Attach",
            "id": "/subscriptions/03770d81-ed60-40f1-8f52-bcc2ad3841f4/resourceGroups/Flexso-Stage-TestEnv-Denys/providers/Microsoft.Compute/virtualMachines/myVM/dataDisks/myvm-disk1",
            "lun": 10,
            "managed_disk_id": "/subscriptions/03770d81-ed60-40f1-8f52-bcc2ad3841f4/resourceGroups/Flexso-Stage-TestEnv-Denys/providers/Microsoft.Compute/disks/myvm-disk1",
            "timeouts": null,
            "virtual_machine_id": "/subscriptions/03770d81-ed60-40f1-8f52-bcc2ad3841f4/resourceGroups/Flexso-Stage-TestEnv-Denys/providers/Microsoft.Compute/virtualMachines/myVM",
            "write_accelerator_enabled": false
          },
          "sensitive_attributes": [],
          "private": "eyJlMmJmYjczMC1lY2FhLTExZTYtOGY4OC0zNDM2M2JjN2M0YzAiOnsiY3JlYXRlIjoxODAwMDAwMDAwMDAwLCJkZWxldGUiOjE4MDAwMDAwMDAwMDAsInJlYWQiOjMwMDAwMDAwMDAwMCwidXBkYXRlIjoxODAwMDAwMDAwMDAwfX0=",
          "dependencies": [
            "azurerm_linux_virtual_machine.myterraformvm",
            "azurerm_managed_disk.example",
            "azurerm_network_interface.myterraformnic",
            "azurerm_public_ip.myterraformpublicip",
            "azurerm_resource_group.saptestautodeploygroup",
            "azurerm_storage_account.mystorageaccount",
            "azurerm_subnet.myterraformsubnet",
            "azurerm_virtual_network.myterraformnetworktest",
            "random_id.randomId",
            "tls_private_key.example_ssh"
          ]
        }
      ]
    },
    {
      "mode": "managed",
      "type": "azurerm_virtual_network",
      "name": "myterraformnetworktest",
      "provider": "provider[\"registry.terraform.io/hashicorp/azurerm\"]",
      "instances": [
        {
          "schema_version": 0,
          "attributes": {
            "address_space": [
              "10.0.0.0/16"
            ],
            "bgp_community": "",
            "ddos_protection_plan": [],
            "dns_servers": null,
            "guid": "eae3805d-1964-4eba-828c-0e091e93284b",
            "id": "/subscriptions/03770d81-ed60-40f1-8f52-bcc2ad3841f4/resourceGroups/Flexso-Stage-TestEnv-Denys/providers/Microsoft.Network/virtualNetworks/myVnet-testDisks",
            "location": "francecentral",
            "name": "myVnet-testDisks",
            "resource_group_name": "Flexso-Stage-TestEnv-Denys",
            "subnet": [],
            "tags": {
              "environment": "Terraform SAP Automation Demo"
            },
            "timeouts": null,
            "vm_protection_enabled": false
          },
          "sensitive_attributes": [],
          "private": "eyJlMmJmYjczMC1lY2FhLTExZTYtOGY4OC0zNDM2M2JjN2M0YzAiOnsiY3JlYXRlIjoxODAwMDAwMDAwMDAwLCJkZWxldGUiOjE4MDAwMDAwMDAwMDAsInJlYWQiOjMwMDAwMDAwMDAwMCwidXBkYXRlIjoxODAwMDAwMDAwMDAwfX0=",
          "dependencies": [
            "azurerm_resource_group.saptestautodeploygroup"
          ]
        }
      ]
    },
    {
      "mode": "managed",
      "type": "local_file",
      "name": "PublicIP",
      "provider": "provider[\"registry.terraform.io/hashicorp/local\"]",
      "instances": [
        {
          "schema_version": 0,
          "attributes": {
            "content": "51.103.78.173",
            "content_base64": null,
            "directory_permission": "0777",
            "file_permission": "0777",
            "filename": "C:/ssh_keys/publicIP.txt",
            "id": "72545d7ae71158f4bff479d19f30e5ed995cec33",
            "sensitive_content": null,
            "source": null
          },
          "sensitive_attributes": [],
          "private": "bnVsbA==",
          "dependencies": [
            "azurerm_public_ip.myterraformpublicip",
            "azurerm_resource_group.saptestautodeploygroup"
          ]
        }
      ]
    },
    {
      "mode": "managed",
      "type": "local_file",
      "name": "sshkey",
      "provider": "provider[\"registry.terraform.io/hashicorp/local\"]",
      "instances": [
        {
          "schema_version": 0,
          "attributes": {
            "content": "-----BEGIN RSA PRIVATE KEY-----\nMIIJKQIBAAKCAgEAqRGN2jvzzKDZkXBVkUZKfugvjwvoGWtGlqYLBik2ev2Y1ypd\nMzWRk8tloGKzpC8T1TRWAlydCjcAuYzsDIS9Y9r3xNqyCqkK6DrLWAP8y08SFDiF\nGtSGV8Lx5V5xBzGOlZA2BuaT3fUsOWs4A1hg+X7MFp/YZSjpEgGSyZguNyu9n93t\nTCGsj8+0nZuyO2zUN9nxAEQUz3/gCG9QPCw79lpbjYFApITlZfHtN6cc505LJ/uO\n6Wb3V/BuZrnKPFspHcAHPcc1sJSU8GOS5fOfUDphN5h3eUkwyUkg23pKzkdQeybH\nAIlSb+cEncaFhvHrf+RXlEVqBUde9nFB1WpJ2dxU43pElxoufWr8adSxpzyWIAhm\nLIKd2RHz3zyj5D55Z530XqJzpvtf1KVeF/TG3AJCKNyYo+BVL+3sSt/dNeAeS2Oy\nNCYWssZ9lajyWGnEDrijH2LJN7nnB/m9BoBBHLUseyBd7Ksrkey0kS2cUTAv/Z/t\nT3KNy0hsfxhKi1arbrxY4uORJSAiHh240bOgztXgU3WEwysD7bUiKTwB+IrGOfGN\n1ZrnN4HUdSunH981nq/lBKUycGWY1WawepuZOHSqZ97eXWQE/Kw1z65VozWA/+8R\n+JqezFf9BUANL2PEe0wkz5bvQ048farYTaADlRK2B1Duw3q07BD/GmTq/scCAwEA\nAQKCAgALlJk7zol3hbkBXkluJvtpT+waBz3Bp/hwzzTIGkCSEhbK/ireHBg5oF/4\nqWoWn+bi3q/Zf5B+J6BUFVQB04HJejEoebZiRovptkVBZRyGrIbXfbuYR+Bf2ImL\nJXnmfT1//x3EQTz1ohqCYFa42+/ghw/hqNdArpmwUw1D47meq89USPY9Fb1lKFv9\nw7FkoqKypKn+U6t9PwwQZ9d+F6WPzUaiHa1Y14WDAxw1iKvRKCq7tV5nnFbq3hwh\nyy4QDkp1sDaOw7toufSttpRUTeimrSkFjtr4IsxFrU2j2u+Oy5G2rcRJxB4ybgeB\n6xwwTxfLbc+V519It0fI558TyDEAr7eZrhw8997rzhXA0qZumLWNba0iHwVBsOxY\ntD6dMKBV0+xZ+Z09GH547HDYq39ZWpnk3J7Ucm6hROygvA2XqqKxQ/rgnOZZlOzD\npcDrUmQV6cCh1ApNbDStaji6XCZF/1mPVUuuabjGojUpoG68y/zyqdHRRoxYRS7U\n2TbQ5V95+GOKIcbYbfOfvf2PgM4rP+CKucWd099L8AK616JDLOJkieKAb5A2Lt/L\noLqIy0aHYNyHlT3DGqpuY0L+DYtGwB+ZzfLcSHvpjnQj8RXwnxb4nZj0pm7xySHE\n9Z0R4ZwUErSV7DvVkEQEPDfI/q2Je4oMPHMYWfIN2fwWnSrPyQKCAQEAzq34arxi\n6pP87DL4HJ8acWcMDbBdUxiK0CsUGfMep1zropFp1Yax6iP/voKukfpnQtsMcoaJ\nJXU+Nga2DHEfvvXnA3j5Sp8j63HU6UKH9axzTzywP329qJfE1MhGqwMokg2rgREx\n3pjicjTCy2r1ZAH/CLyLXudYZozDUwI7NxNjt7ahpF9rMqtB9VGSUuipbH102Kr7\ni89ZcmJaASDkxIi3WSkWt4RcfPqiyqAIxRCigavhgELUbWddHliHxXKuh/BchZ3H\nZHOH963Fmp3tP/AYGHmvA3c2t1MkUkWyE5Y4RqsHGq9OOv7TncUSv7UrRhC6l15F\nNeG4Ua71GKjIywKCAQEA0Wnuq4JTUTMSM8NKWLTlPIwyiJCGPNgDXlp3CscLjN+N\nXGGmgKqmYi52lPpB9bPUC3bhpVc4Bw9opdMfpqLoGD2rVnasL2ovmkyPu2CZARmV\n8jyoA4XKVZ+xnSnd1jt+OWL6WD3cpqNud5o4QEwXfksn5G+4QESZO3WouHhhrWbs\nDzZFRx9Z9ebEV4xm4KcI1n5EDFJNquOcHPVeEKwb3TC2MKgig1BHXiiMmoDCQT9a\nFXpoyfTHdSsxlcQrmyodYIf6RA6PFAe68XR0w5mAotdaNF+zht4emu3Z5HtiswNW\nbF/MqKG3IwEvinqqy9wekyGFJ42YnRTpCb0JHIBudQKCAQBSpn+RL4TfCg865acS\nyw1oDC1lzAGGGWpplNCVEARSKXaRrFUGbrb3Sy4aoWfuOJTSx4ZSxjpSIHCgak6i\n6xom429elCIdFUboAL2ECncUZ8I1Da/ts/sEUK0F6pFYEgtHXPAYzSeEPN9RjIfZ\nkQxQ0fuLItsZOKrBV8lEiL/lZnuaHA7IDOBxgsr9r4E0ZpZaLFFt0/KEFodOlsYn\nbWAOuB2aKjRLb0MNN62iGh1nsR9Le9DR2efZWFyEpiKlcxcYhaZ6SH5UTV8yTOuY\nyU73IqyAHSk/2YyoAzejLvvnmUsn93z/ztsZ/I3jqcu1nl2Px2DW53wF8B4ljDG3\nisfBAoIBAQCPxYyoj2coPknm49LtJ/SiJxaij6a5qwxVAQLtkU4qv2hL3nbzqzVj\n/sZG7bHPQFD6NfohC8pZfoi4IESAoSN7UQuK5xq7ysk3xAyB9oXVLX22u1IWaQpK\n0sKcRhwZcurr9zoszvvoJBg5YNXxvsv6VxriSJlU9kPFgLf/PhbBeAHlR7s0Yx/e\nJTrzaF9RKRx2NmX9l5vfETki4IpeI+tVZpYOvcBEKx90U56EjJXROe9dA5dh3/34\nQVlfmzjc5IMavQBjLSOp+syr7OolSAP6yKMThgi5NVIJx/ZqWROgF1CEQxk9RRl4\nnN3I0wLjxxHurXq/dwUqAysjFndk6//pAoIBAQDOFkBITqYZA7IEnRpbgww+rGyU\nNEVCzW/n7p9C218REpM1xjgVAxZ2fPf/9Ampgu9wPjA6kjz4q4Q6FglD/oq1Owfb\nlVSbzBHlnGNO/RUXTbm7teZhJpaU+RAxsPxYBy16zx9Zkeu3HARhHfj4wAnvnurT\nQ4Oy8uqo3kJMGV/qYvY5BB2xJ3Y9h2inmr/7v9p3653gnsyEcJJj7M7OA0r/AIVK\nR6WfKhyqlVAVLzPsbDBHvDDlldaFJdh0fYc5PkYRNHK/ImahW+1Pgaa5G9uRwm4m\nhJc+swqhgIZYpJG9oW6zo0TJs7g/VsjLm7RhMG675DfKm5SDx1e+CegWiCmu\n-----END RSA PRIVATE KEY-----\n",
            "content_base64": null,
            "directory_permission": "0777",
            "file_permission": "0777",
            "filename": "C:/ssh_keys/sshkey.pem",
            "id": "320e57815d0f4bedb8f4fa0b2189413e21731757",
            "sensitive_content": null,
            "source": null
          },
          "sensitive_attributes": [],
          "private": "bnVsbA==",
          "dependencies": [
            "tls_private_key.example_ssh"
          ]
        }
      ]
    },
    {
      "mode": "managed",
      "type": "null_resource",
      "name": "provision_vm",
      "provider": "provider[\"registry.terraform.io/hashicorp/null\"]",
      "instances": [
        {
          "schema_version": 0,
          "attributes": {
            "id": "8309008739017364785",
            "triggers": null
          },
          "sensitive_attributes": [],
          "private": "bnVsbA==",
          "dependencies": [
            "azurerm_public_ip.myterraformpublicip",
            "azurerm_resource_group.saptestautodeploygroup",
            "tls_private_key.example_ssh"
          ]
        }
      ]
    },
    {
      "mode": "managed",
      "type": "random_id",
      "name": "randomId",
      "provider": "provider[\"registry.terraform.io/hashicorp/random\"]",
      "instances": [
        {
          "schema_version": 0,
          "attributes": {
            "b64_std": "zYeyecN0JQ0=",
            "b64_url": "zYeyecN0JQ0",
            "byte_length": 8,
            "dec": "14810002135671121165",
            "hex": "cd87b279c374250d",
            "id": "zYeyecN0JQ0",
            "keepers": {
              "resource_group": "Flexso-Stage-TestEnv-Denys"
            },
            "prefix": null
          },
          "sensitive_attributes": [],
          "private": "bnVsbA==",
          "dependencies": [
            "azurerm_resource_group.saptestautodeploygroup"
          ]
        }
      ]
    },
    {
      "mode": "managed",
      "type": "tls_private_key",
      "name": "example_ssh",
      "provider": "provider[\"registry.terraform.io/hashicorp/tls\"]",
      "instances": [
        {
          "schema_version": 0,
          "attributes": {
            "algorithm": "RSA",
            "ecdsa_curve": "P224",
            "id": "a80ef7fe3880f69f14e5902a1b5fa6d3e38a3588",
            "private_key_pem": "-----BEGIN RSA PRIVATE KEY-----\nMIIJKQIBAAKCAgEAqRGN2jvzzKDZkXBVkUZKfugvjwvoGWtGlqYLBik2ev2Y1ypd\nMzWRk8tloGKzpC8T1TRWAlydCjcAuYzsDIS9Y9r3xNqyCqkK6DrLWAP8y08SFDiF\nGtSGV8Lx5V5xBzGOlZA2BuaT3fUsOWs4A1hg+X7MFp/YZSjpEgGSyZguNyu9n93t\nTCGsj8+0nZuyO2zUN9nxAEQUz3/gCG9QPCw79lpbjYFApITlZfHtN6cc505LJ/uO\n6Wb3V/BuZrnKPFspHcAHPcc1sJSU8GOS5fOfUDphN5h3eUkwyUkg23pKzkdQeybH\nAIlSb+cEncaFhvHrf+RXlEVqBUde9nFB1WpJ2dxU43pElxoufWr8adSxpzyWIAhm\nLIKd2RHz3zyj5D55Z530XqJzpvtf1KVeF/TG3AJCKNyYo+BVL+3sSt/dNeAeS2Oy\nNCYWssZ9lajyWGnEDrijH2LJN7nnB/m9BoBBHLUseyBd7Ksrkey0kS2cUTAv/Z/t\nT3KNy0hsfxhKi1arbrxY4uORJSAiHh240bOgztXgU3WEwysD7bUiKTwB+IrGOfGN\n1ZrnN4HUdSunH981nq/lBKUycGWY1WawepuZOHSqZ97eXWQE/Kw1z65VozWA/+8R\n+JqezFf9BUANL2PEe0wkz5bvQ048farYTaADlRK2B1Duw3q07BD/GmTq/scCAwEA\nAQKCAgALlJk7zol3hbkBXkluJvtpT+waBz3Bp/hwzzTIGkCSEhbK/ireHBg5oF/4\nqWoWn+bi3q/Zf5B+J6BUFVQB04HJejEoebZiRovptkVBZRyGrIbXfbuYR+Bf2ImL\nJXnmfT1//x3EQTz1ohqCYFa42+/ghw/hqNdArpmwUw1D47meq89USPY9Fb1lKFv9\nw7FkoqKypKn+U6t9PwwQZ9d+F6WPzUaiHa1Y14WDAxw1iKvRKCq7tV5nnFbq3hwh\nyy4QDkp1sDaOw7toufSttpRUTeimrSkFjtr4IsxFrU2j2u+Oy5G2rcRJxB4ybgeB\n6xwwTxfLbc+V519It0fI558TyDEAr7eZrhw8997rzhXA0qZumLWNba0iHwVBsOxY\ntD6dMKBV0+xZ+Z09GH547HDYq39ZWpnk3J7Ucm6hROygvA2XqqKxQ/rgnOZZlOzD\npcDrUmQV6cCh1ApNbDStaji6XCZF/1mPVUuuabjGojUpoG68y/zyqdHRRoxYRS7U\n2TbQ5V95+GOKIcbYbfOfvf2PgM4rP+CKucWd099L8AK616JDLOJkieKAb5A2Lt/L\noLqIy0aHYNyHlT3DGqpuY0L+DYtGwB+ZzfLcSHvpjnQj8RXwnxb4nZj0pm7xySHE\n9Z0R4ZwUErSV7DvVkEQEPDfI/q2Je4oMPHMYWfIN2fwWnSrPyQKCAQEAzq34arxi\n6pP87DL4HJ8acWcMDbBdUxiK0CsUGfMep1zropFp1Yax6iP/voKukfpnQtsMcoaJ\nJXU+Nga2DHEfvvXnA3j5Sp8j63HU6UKH9axzTzywP329qJfE1MhGqwMokg2rgREx\n3pjicjTCy2r1ZAH/CLyLXudYZozDUwI7NxNjt7ahpF9rMqtB9VGSUuipbH102Kr7\ni89ZcmJaASDkxIi3WSkWt4RcfPqiyqAIxRCigavhgELUbWddHliHxXKuh/BchZ3H\nZHOH963Fmp3tP/AYGHmvA3c2t1MkUkWyE5Y4RqsHGq9OOv7TncUSv7UrRhC6l15F\nNeG4Ua71GKjIywKCAQEA0Wnuq4JTUTMSM8NKWLTlPIwyiJCGPNgDXlp3CscLjN+N\nXGGmgKqmYi52lPpB9bPUC3bhpVc4Bw9opdMfpqLoGD2rVnasL2ovmkyPu2CZARmV\n8jyoA4XKVZ+xnSnd1jt+OWL6WD3cpqNud5o4QEwXfksn5G+4QESZO3WouHhhrWbs\nDzZFRx9Z9ebEV4xm4KcI1n5EDFJNquOcHPVeEKwb3TC2MKgig1BHXiiMmoDCQT9a\nFXpoyfTHdSsxlcQrmyodYIf6RA6PFAe68XR0w5mAotdaNF+zht4emu3Z5HtiswNW\nbF/MqKG3IwEvinqqy9wekyGFJ42YnRTpCb0JHIBudQKCAQBSpn+RL4TfCg865acS\nyw1oDC1lzAGGGWpplNCVEARSKXaRrFUGbrb3Sy4aoWfuOJTSx4ZSxjpSIHCgak6i\n6xom429elCIdFUboAL2ECncUZ8I1Da/ts/sEUK0F6pFYEgtHXPAYzSeEPN9RjIfZ\nkQxQ0fuLItsZOKrBV8lEiL/lZnuaHA7IDOBxgsr9r4E0ZpZaLFFt0/KEFodOlsYn\nbWAOuB2aKjRLb0MNN62iGh1nsR9Le9DR2efZWFyEpiKlcxcYhaZ6SH5UTV8yTOuY\nyU73IqyAHSk/2YyoAzejLvvnmUsn93z/ztsZ/I3jqcu1nl2Px2DW53wF8B4ljDG3\nisfBAoIBAQCPxYyoj2coPknm49LtJ/SiJxaij6a5qwxVAQLtkU4qv2hL3nbzqzVj\n/sZG7bHPQFD6NfohC8pZfoi4IESAoSN7UQuK5xq7ysk3xAyB9oXVLX22u1IWaQpK\n0sKcRhwZcurr9zoszvvoJBg5YNXxvsv6VxriSJlU9kPFgLf/PhbBeAHlR7s0Yx/e\nJTrzaF9RKRx2NmX9l5vfETki4IpeI+tVZpYOvcBEKx90U56EjJXROe9dA5dh3/34\nQVlfmzjc5IMavQBjLSOp+syr7OolSAP6yKMThgi5NVIJx/ZqWROgF1CEQxk9RRl4\nnN3I0wLjxxHurXq/dwUqAysjFndk6//pAoIBAQDOFkBITqYZA7IEnRpbgww+rGyU\nNEVCzW/n7p9C218REpM1xjgVAxZ2fPf/9Ampgu9wPjA6kjz4q4Q6FglD/oq1Owfb\nlVSbzBHlnGNO/RUXTbm7teZhJpaU+RAxsPxYBy16zx9Zkeu3HARhHfj4wAnvnurT\nQ4Oy8uqo3kJMGV/qYvY5BB2xJ3Y9h2inmr/7v9p3653gnsyEcJJj7M7OA0r/AIVK\nR6WfKhyqlVAVLzPsbDBHvDDlldaFJdh0fYc5PkYRNHK/ImahW+1Pgaa5G9uRwm4m\nhJc+swqhgIZYpJG9oW6zo0TJs7g/VsjLm7RhMG675DfKm5SDx1e+CegWiCmu\n-----END RSA PRIVATE KEY-----\n",
            "public_key_fingerprint_md5": "d4:23:08:76:8d:21:ce:e7:92:96:b0:1e:1d:a6:cd:78",
            "public_key_openssh": "ssh-rsa AAAAB3NzaC1yc2EAAAADAQABAAACAQCpEY3aO/PMoNmRcFWRRkp+6C+PC+gZa0aWpgsGKTZ6/ZjXKl0zNZGTy2WgYrOkLxPVNFYCXJ0KNwC5jOwMhL1j2vfE2rIKqQroOstYA/zLTxIUOIUa1IZXwvHlXnEHMY6VkDYG5pPd9Sw5azgDWGD5fswWn9hlKOkSAZLJmC43K72f3e1MIayPz7Sdm7I7bNQ32fEARBTPf+AIb1A8LDv2WluNgUCkhOVl8e03pxznTksn+47pZvdX8G5muco8WykdwAc9xzWwlJTwY5Ll859QOmE3mHd5STDJSSDbekrOR1B7JscAiVJv5wSdxoWG8et/5FeURWoFR172cUHVaknZ3FTjekSXGi59avxp1LGnPJYgCGYsgp3ZEfPfPKPkPnlnnfReonOm+1/UpV4X9MbcAkIo3Jij4FUv7exK39014B5LY7I0Jhayxn2VqPJYacQOuKMfYsk3uecH+b0GgEEctSx7IF3sqyuR7LSRLZxRMC/9n+1Pco3LSGx/GEqLVqtuvFji45ElICIeHbjRs6DO1eBTdYTDKwPttSIpPAH4isY58Y3Vmuc3gdR1K6cf3zWer+UEpTJwZZjVZrB6m5k4dKpn3t5dZAT8rDXPrlWjNYD/7xH4mp7MV/0FQA0vY8R7TCTPlu9DTjx9qthNoAOVErYHUO7DerTsEP8aZOr+xw==\n",
            "public_key_pem": "-----BEGIN PUBLIC KEY-----\nMIICIjANBgkqhkiG9w0BAQEFAAOCAg8AMIICCgKCAgEAqRGN2jvzzKDZkXBVkUZK\nfugvjwvoGWtGlqYLBik2ev2Y1ypdMzWRk8tloGKzpC8T1TRWAlydCjcAuYzsDIS9\nY9r3xNqyCqkK6DrLWAP8y08SFDiFGtSGV8Lx5V5xBzGOlZA2BuaT3fUsOWs4A1hg\n+X7MFp/YZSjpEgGSyZguNyu9n93tTCGsj8+0nZuyO2zUN9nxAEQUz3/gCG9QPCw7\n9lpbjYFApITlZfHtN6cc505LJ/uO6Wb3V/BuZrnKPFspHcAHPcc1sJSU8GOS5fOf\nUDphN5h3eUkwyUkg23pKzkdQeybHAIlSb+cEncaFhvHrf+RXlEVqBUde9nFB1WpJ\n2dxU43pElxoufWr8adSxpzyWIAhmLIKd2RHz3zyj5D55Z530XqJzpvtf1KVeF/TG\n3AJCKNyYo+BVL+3sSt/dNeAeS2OyNCYWssZ9lajyWGnEDrijH2LJN7nnB/m9BoBB\nHLUseyBd7Ksrkey0kS2cUTAv/Z/tT3KNy0hsfxhKi1arbrxY4uORJSAiHh240bOg\nztXgU3WEwysD7bUiKTwB+IrGOfGN1ZrnN4HUdSunH981nq/lBKUycGWY1WawepuZ\nOHSqZ97eXWQE/Kw1z65VozWA/+8R+JqezFf9BUANL2PEe0wkz5bvQ048farYTaAD\nlRK2B1Duw3q07BD/GmTq/scCAwEAAQ==\n-----END PUBLIC KEY-----\n",
            "rsa_bits": 4096
          },
          "sensitive_attributes": [],
          "private": "bnVsbA=="
        }
      ]
    }
  ]
}
