{
  "version": 4,
  "terraform_version": "0.14.7",
  "serial": 153,
  "lineage": "8b0c2e77-385d-f9aa-551e-ea9104b4d89d",
  "outputs": {},
  "resources": [
    {
      "mode": "data",
      "type": "google_compute_image",
      "name": "rhel_image",
      "provider": "provider[\"registry.terraform.io/hashicorp/google\"]",
      "instances": [
        {
          "schema_version": 0,
          "attributes": {
            "archive_size_bytes": 4420899648,
            "creation_timestamp": "2021-03-16T16:06:20.349-07:00",
            "description": "Red Hat, Red Hat Enterprise Linux, 8, x86_64 built on 20210316, supports Shielded VM features",
            "disk_size_gb": 20,
            "family": "rhel-8",
            "filter": null,
            "id": "projects/rhel-cloud/global/images/rhel-8-v20210316",
            "image_encryption_key_sha256": "",
            "image_id": "7045640088444503811",
            "label_fingerprint": "42WmSpB8rSM=",
            "labels": {},
            "licenses": [
              "https://www.googleapis.com/compute/v1/projects/rhel-cloud/global/licenses/rhel-8-server"
            ],
            "name": "rhel-8-v20210316",
            "project": "rhel-cloud",
            "self_link": "https://www.googleapis.com/compute/v1/projects/rhel-cloud/global/images/rhel-8-v20210316",
            "source_disk": "",
            "source_disk_encryption_key_sha256": "",
            "source_disk_id": "",
            "source_image_id": "",
            "status": "READY"
          },
          "sensitive_attributes": []
        }
      ]
    },
    {
      "mode": "managed",
      "type": "google_compute_instance",
      "name": "vm_instance",
      "provider": "provider[\"registry.terraform.io/hashicorp/google\"]",
      "instances": [
        {
          "schema_version": 6,
          "attributes": {
            "allow_stopping_for_update": null,
            "attached_disk": [],
            "boot_disk": [
              {
                "auto_delete": true,
                "device_name": "persistent-disk-0",
                "disk_encryption_key_raw": "",
                "disk_encryption_key_sha256": "",
                "initialize_params": [
                  {
                    "image": "https://www.googleapis.com/compute/v1/projects/rhel-cloud/global/images/rhel-8-v20210316",
                    "labels": {},
                    "size": 1000,
                    "type": "pd-ssd"
                  }
                ],
                "kms_key_self_link": "",
                "mode": "READ_WRITE",
                "source": "https://www.googleapis.com/compute/v1/projects/bc-stage-2021/zones/europe-west1-b/disks/myvm"
              }
            ],
            "can_ip_forward": false,
            "confidential_instance_config": [],
            "cpu_platform": "Intel Haswell",
            "current_status": "RUNNING",
            "deletion_protection": false,
            "description": "",
            "desired_status": null,
            "enable_display": false,
            "guest_accelerator": [],
            "hostname": "",
            "id": "projects/bc-stage-2021/zones/europe-west1-b/instances/myvm",
            "instance_id": "3877495889621959074",
            "label_fingerprint": "42WmSpB8rSM=",
            "labels": null,
            "machine_type": "n1-highmem-32",
            "metadata": null,
            "metadata_fingerprint": "YyQZm_IPsRk=",
            "metadata_startup_script": "sudo yum install git -y \u0026\u0026 sudo yum install -y ftp \u0026\u0026 sudo yum -y install https://dl.fedoraproject.org/pub/epel/epel-release-latest-8.noarch.rpm \u0026\u0026 sudo yum install ansible -y \u0026\u0026 sudo yum install -y ftp://ftp.pbone.net/mirror/ftp.redhat.com/pub/redhat/rhel/rhel-8-beta/appstream/aarch64/Packages/python3-pexpect-4.3.1-3.el8.noarch.rpm \u0026\u0026 git clone https://github.com/DenysSlyvka/Flexso_SAP_Autodeploy.git",
            "min_cpu_platform": "",
            "name": "myvm",
            "network_interface": [
              {
                "access_config": [
                  {
                    "nat_ip": "35.210.109.49",
                    "network_tier": "STANDARD",
                    "public_ptr_domain_name": ""
                  }
                ],
                "alias_ip_range": [],
                "name": "nic0",
                "network": "https://www.googleapis.com/compute/v1/projects/bc-stage-2021/global/networks/test-terraform",
                "network_ip": "10.132.0.33",
                "nic_type": "",
                "subnetwork": "https://www.googleapis.com/compute/v1/projects/bc-stage-2021/regions/europe-west1/subnetworks/test-terraform",
                "subnetwork_project": "bc-stage-2021"
              }
            ],
            "project": "bc-stage-2021",
            "resource_policies": null,
            "scheduling": [
              {
                "automatic_restart": true,
                "node_affinities": [],
                "on_host_maintenance": "MIGRATE",
                "preemptible": false
              }
            ],
            "scratch_disk": [],
            "self_link": "https://www.googleapis.com/compute/v1/projects/bc-stage-2021/zones/europe-west1-b/instances/myvm",
            "service_account": [],
            "shielded_instance_config": [
              {
                "enable_integrity_monitoring": true,
                "enable_secure_boot": false,
                "enable_vtpm": true
              }
            ],
            "tags": [
              "terraform"
            ],
            "tags_fingerprint": "Mmq5kKvgSFI=",
            "timeouts": null,
            "zone": "europe-west1-b"
          },
          "sensitive_attributes": [],
          "private": "eyJlMmJmYjczMC1lY2FhLTExZTYtOGY4OC0zNDM2M2JjN2M0YzAiOnsiY3JlYXRlIjoxMjAwMDAwMDAwMDAwLCJkZWxldGUiOjEyMDAwMDAwMDAwMDAsInVwZGF0ZSI6MTIwMDAwMDAwMDAwMH0sInNjaGVtYV92ZXJzaW9uIjoiNiJ9",
          "dependencies": [
            "data.google_compute_image.rhel_image"
          ]
        }
      ]
    }
  ]
}
