{
  "version": 4,
  "terraform_version": "0.14.7",
  "serial": 65,
  "lineage": "f88babb4-f4bc-05b6-df20-0d255106b304",
  "outputs": {},
  "resources": [
    {
      "mode": "data",
      "type": "google_compute_image",
      "name": "rhel_image",
      "provider": "provider[\"registry.terraform.io/hashicorp/google\"]",
      "instances": [
        {
          "schema_version": 0,
          "attributes": {
            "archive_size_bytes": 3494311104,
            "creation_timestamp": "2021-02-17T09:43:37.919-08:00",
            "description": "Red Hat, Red Hat Enterprise Linux for SAP with Update Services, 7.4, x86_64 built on 20210217, supports Shielded VM features",
            "disk_size_gb": 20,
            "family": "rhel-7-4-sap",
            "filter": null,
            "id": "projects/rhel-sap-cloud/global/images/rhel-7-4-sap-v20210217",
            "image_encryption_key_sha256": "",
            "image_id": "290491258722380582",
            "label_fingerprint": "42WmSpB8rSM=",
            "labels": {},
            "licenses": [
              "https://www.googleapis.com/compute/v1/projects/rhel-sap-cloud/global/licenses/rhel-7-sap-us"
            ],
            "name": "rhel-7-4-sap-v20210217",
            "project": "rhel-sap-cloud",
            "self_link": "https://www.googleapis.com/compute/v1/projects/rhel-sap-cloud/global/images/rhel-7-4-sap-v20210217",
            "source_disk": "",
            "source_disk_encryption_key_sha256": "",
            "source_disk_id": "",
            "source_image_id": "",
            "status": "READY"
          },
          "sensitive_attributes": []
        }
      ]
    },
    {
      "mode": "managed",
      "type": "google_compute_instance",
      "name": "vm_instance",
      "provider": "provider[\"registry.terraform.io/hashicorp/google\"]",
      "instances": [
        {
          "schema_version": 6,
          "attributes": {
            "allow_stopping_for_update": null,
            "attached_disk": [],
            "boot_disk": [
              {
                "auto_delete": true,
                "device_name": "persistent-disk-0",
                "disk_encryption_key_raw": "",
                "disk_encryption_key_sha256": "",
                "initialize_params": [
                  {
                    "image": "https://www.googleapis.com/compute/v1/projects/rhel-sap-cloud/global/images/rhel-7-4-sap-v20210217",
                    "labels": {},
                    "size": 20,
                    "type": "pd-standard"
                  }
                ],
                "kms_key_self_link": "",
                "mode": "READ_WRITE",
                "source": "https://www.googleapis.com/compute/v1/projects/bc-stage-2021/zones/europe-west1-b/disks/terraform-test-werner"
              }
            ],
            "can_ip_forward": false,
            "confidential_instance_config": [],
            "cpu_platform": "Intel Haswell",
            "current_status": "RUNNING",
            "deletion_protection": false,
            "description": "",
            "desired_status": null,
            "enable_display": false,
            "guest_accelerator": [],
            "hostname": "",
            "id": "projects/bc-stage-2021/zones/europe-west1-b/instances/terraform-test-werner",
            "instance_id": "4496929280074377774",
            "label_fingerprint": "42WmSpB8rSM=",
            "labels": null,
            "machine_type": "e2-medium",
            "metadata": null,
            "metadata_fingerprint": "AXgAaHYI83Y=",
            "metadata_startup_script": "",
            "min_cpu_platform": "",
            "name": "terraform-test-werner",
            "network_interface": [
              {
                "access_config": [
                  {
                    "nat_ip": "35.233.66.255",
                    "network_tier": "PREMIUM",
                    "public_ptr_domain_name": ""
                  }
                ],
                "alias_ip_range": [],
                "name": "nic0",
                "network": "https://www.googleapis.com/compute/v1/projects/bc-stage-2021/global/networks/default",
                "network_ip": "10.132.0.3",
                "subnetwork": "https://www.googleapis.com/compute/v1/projects/bc-stage-2021/regions/europe-west1/subnetworks/default",
                "subnetwork_project": "bc-stage-2021"
              }
            ],
            "project": "bc-stage-2021",
            "resource_policies": null,
            "scheduling": [
              {
                "automatic_restart": true,
                "node_affinities": [],
                "on_host_maintenance": "MIGRATE",
                "preemptible": false
              }
            ],
            "scratch_disk": [],
            "self_link": "https://www.googleapis.com/compute/v1/projects/bc-stage-2021/zones/europe-west1-b/instances/terraform-test-werner",
            "service_account": [],
            "shielded_instance_config": [
              {
                "enable_integrity_monitoring": true,
                "enable_secure_boot": false,
                "enable_vtpm": true
              }
            ],
            "tags": [
              "terraform",
              "test"
            ],
            "tags_fingerprint": "E8Aul_O_RuE=",
            "timeouts": null,
            "zone": "europe-west1-b"
          },
          "sensitive_attributes": [],
          "private": "eyJlMmJmYjczMC1lY2FhLTExZTYtOGY4OC0zNDM2M2JjN2M0YzAiOnsiY3JlYXRlIjoxMjAwMDAwMDAwMDAwLCJkZWxldGUiOjEyMDAwMDAwMDAwMDAsInVwZGF0ZSI6MTIwMDAwMDAwMDAwMH0sInNjaGVtYV92ZXJzaW9uIjoiNiJ9",
          "dependencies": [
            "data.google_compute_image.rhel_image"
          ]
        }
      ]
    }
  ]
}
