{
  "version": 4,
  "terraform_version": "0.14.7",
  "serial": 105,
  "lineage": "ef391973-1ae5-7677-d4ac-5472e6a82049",
  "outputs": {
    "tls_private_key": {
      "value": "-----BEGIN RSA PRIVATE KEY-----\nMIIJKQIBAAKCAgEAt9/quqcFrgpQZ92CvaUZc4aZftrsQ7jxt6Vo1OtgxJnaPy2o\n47fcHytT29RCVVrQhhbeLKVLoPbsHwgCjW0yd4f/I9XMXWRTentBJ5I6QX7M5Wk/\noUY2oFwhsHGbmexsBqEb/Yy+oFaf4fGoo86M6Ir2FC+ajjkrfbRuzu9rZ68A+ZNj\nltOgzFs1QjzcPI/nQFGkf/BG54+eg9iiBZ9HeQGPptFnAuPXYkTi/6bTI6Aecw6b\nDY/mHtm1NB39otuG/KwXJ3c7fg7SsL4rLXMUecgMA6xtkWPYiRLlVnud8cTOCdN3\n5iBEG8ZwQsgXn2xPH7xZmRhMFLHwVSX2smcM9Wfn+PBRlARiGedrsiiazaNruoDT\n12BBD36Sg2IN1pr0f7hZfVhjDYZcuMLNrCL98EtcJxwE7apUUxLm9317EqNLR9Cf\nqYAM+uzAO7NNzoKLDoanXiBtLtsVB8Apnw+XQJSYc9uvZUdHQKm3d6W3j1DmsGcL\nmnZfGMNn+2usRnOsSDdxNWqeazgvVO21RILQ3dLjkBOV2y5KSUCqRNeUDOzQseLM\nncHJDMPNYoPP6rSlvdJLX2RNw/ihR7jCyEjXh303nD9WAk8bwajSLLBy00cVZy0A\n3ylD14OLpQ0ZzO7NmdWYF5umzN9+gd7dmQPljgVtQjbGeAt6lVYj+GPFIzsCAwEA\nAQKCAgEAg0vr475SCvWodpIwwlR6+Qg64N9YZ/9O8tC1K5yrq5ckxYpIF9r43nTk\n24sUlrhTP/xiR0T83QKUlo/0qqI3sCy3HhKTbHiwNzx9yNDcslnl20atPe7SIO3I\nzKJC9sVgWdd/Ei0HDZzta7xQrC9YZNCdaMqZNUdTa96EZVWGvzGyo4QAT/nrzyCt\nxg+JP+GNwlrJ+OVM7BqcmQ7+mr8inSBlQDw0r1acPLpt0RmBmOXD+GqMg0Gmk47n\nmkB0FW9mU1Ra8D5uh9Pz1Grmj/yluVQEaDcewfum6jJI+tkobjQW3+NVsUiG+cJX\n9QfF/nurgEDRRcWYxgpNT6/dGYUGNZtIS3WftjMj8TnZwYP/cOCWFcCosPITjpDC\ncVaXEnX/P7oDlb5Md3yu6RU2FmkVTlulNV2O/TjaWK6x2OfaX1r47Cf180DSC5rm\nNd4hdI9JJyzTfRNHlE5hOjtvOIjxfApsBgywmdV3GwSrfp/BFAXrKUeTbMhM1d4L\ngmGRTZuOSlx8G7Qbqsi2Z0eJ4Br5BXcA5Vj3pEVAziL4oyIg1K+aa37E1GQAk9ts\nZ5u92gObpZ/lTSNAJL+JrbbahBSA+1Q6KR7lbXP9oRYiu4FX4QP88ad+UdrDATiN\nOApu/7ZQGThM673KbG8Scr+uErgIHbFLPNP+qZMzQeQhB3qvy3kCggEBAMfXasEf\nA6MCc+YtE5E1b8HljXhrC7fXzi2xm/tNgVhh3Y7WMAcbfnXkDmC/hDarhAyjqwMm\n6rGLvL6SJPdx1ahcnPxkzWuAy/4kSw2j0SVXitnY4JB3MhqNz3qm0E0jOPXCso/C\nzuMDWFV8ZXpaxop6QTmVLcptV70F7QSPUbBzRPGGlNVeGhKnjftfhpJNxADNSgr/\nrcKwPHYJsBCgcHpSUneXeLcR8KlR4TVBst/PruBw//OgIccZGNV78rBGeWbImVDI\n2YKoE6TtN+Cth3WFXk4xMwiyNDPmTpPJ4nE6mvZSCisM3uPZJehgTuy8P+FuiviR\n30X0zVPfYl5tfTUCggEBAOuL2XlzyJLQjQApXABJTddroan4hcCe3KWxL0yUF+XV\nhaB+QQ8TPaLWDuE283i+f/SLPRyfnI4fkz5uJxTthhoE7mfs9wjLo1ffTeOLOF6e\noOG9icM/hIizEUZOouLC86uXeLjMd7laTmtmlMqFXBam6B0sWlNIF82ZDFhxcMib\nLiKc+/4pRq35FLLATtjCP8pyxApSIR4ton3AocKBHEXFshveOsKqEavbnAupGH6F\nHzuUGAxFt5h3ggTkKhpoNrLyE2L4YMUVLtnKFmTqIGwf4x84ZBpfJVntiIqMnuBf\nDm2K4Zy/Lpumv+xlvhL3Z8oLhBULD+WDvYUZa8Nn3K8CggEAWdjvJT6lau+aXh1c\nE8gbo+hqD37JOPGsv/x/bZ/uDGeLrkF8PGXPGH/dOwBAGDhK2UfohjVEBWkXBfM8\n7YdfkR96cTt84913WZ7Fo69IQ+q1AbaxWCJPA4NIihNfyZ6RaGUN1Pa3/3asi1qv\nYTBY3T+T/ailesJoVRLJ+mfZSWS51YE1fyyculBc1GyhWzvdaKLjrEhBvitwM32t\ni/wmNci3TQ9r9Zr6QZYPk9si6d8896m2WblgFlyhPrJIbZpx0JVV4O08ZbLdiiQh\nIEHEikDZInyaPkmokMD2CRoWVeQMcbx2194kg/pIQc6zDVqhud/yWUl0QcaLXi8r\n0dqWFQKCAQBGY++ktO4uubY5YyLETyO9CcQxKDzIWHE17uJkrykJHSsm0DQfDi/w\nNqoRsbtGzR8t9GJZ6HT/n/3/vSlevrDBm9GnKxCUB08UFn6PTm6VEDCh5WOC/rtb\noq+55AwXWg05rTV9fFUXBh7DR8+VSg9AEbbx6OxBUR0T6vXehGAhAwbhfyprROiD\nWxlNZdzqN/qaRHvDXdHZ0+doTyXIG49YZoEYhOvoeqx3QFS8w1a3kI7J3jLlj/wS\nyzwGvCy84YHfLiqO/AznOLJckWDp3XG8/jaAgPihTOe7nRmd1fIwuRd1svhDQHrs\nNwPJ4InR3y+cGJ7rLvgcLad4XCVxKtuvAoIBAQCs1jbvVM8RylO4OQ1v83ut1ZP6\n6W/XV2jwX8vyaxGCLg/AyNms0O03w1hLubNJynpPyZVWej2t2AE2kEGsLFQ5mqEK\n1t5XAC8IlT2+rL7NcB63eToz6ybmAQoZi1ZNzpiguEzMM01z26LynYFKtJSk/tr9\nPszBOHXDvz6eos1Pto1+F0y+NYLfMqdOTVcHgtxLEAHhumAmyknUUdukbLanrER4\nkWv/E68WlSzupnYVKFlk485CCWy0NDav8QDYQhvAWeHwCv1fywi/Vj5zEQsSE3JF\n8+B3bURDS21nY77nUSyh4EjLjuRrYpIrIM59zZKsOs/tdtL0RzEkfPSVjaZp\n-----END RSA PRIVATE KEY-----\n",
      "type": "string"
    }
  },
  "resources": [
    {
      "mode": "managed",
      "type": "azurerm_linux_virtual_machine",
      "name": "myterraformvm",
      "provider": "provider[\"registry.terraform.io/hashicorp/azurerm\"]",
      "instances": [
        {
          "schema_version": 0,
          "attributes": {
            "additional_capabilities": [],
            "admin_password": null,
            "admin_ssh_key": [
              {
                "public_key": "ssh-rsa AAAAB3NzaC1yc2EAAAADAQABAAACAQC33+q6pwWuClBn3YK9pRlzhpl+2uxDuPG3pWjU62DEmdo/Lajjt9wfK1Pb1EJVWtCGFt4spUug9uwfCAKNbTJ3h/8j1cxdZFN6e0EnkjpBfszlaT+hRjagXCGwcZuZ7GwGoRv9jL6gVp/h8aijzozoivYUL5qOOSt9tG7O72tnrwD5k2OW06DMWzVCPNw8j+dAUaR/8Ebnj56D2KIFn0d5AY+m0WcC49diROL/ptMjoB5zDpsNj+Ye2bU0Hf2i24b8rBcndzt+DtKwvistcxR5yAwDrG2RY9iJEuVWe53xxM4J03fmIEQbxnBCyBefbE8fvFmZGEwUsfBVJfayZwz1Z+f48FGUBGIZ52uyKJrNo2u6gNPXYEEPfpKDYg3WmvR/uFl9WGMNhly4ws2sIv3wS1wnHATtqlRTEub3fXsSo0tH0J+pgAz67MA7s03OgosOhqdeIG0u2xUHwCmfD5dAlJhz269lR0dAqbd3pbePUOawZwuadl8Yw2f7a6xGc6xIN3E1ap5rOC9U7bVEgtDd0uOQE5XbLkpJQKpE15QM7NCx4sydwckMw81ig8/qtKW90ktfZE3D+KFHuMLISNeHfTecP1YCTxvBqNIssHLTRxVnLQDfKUPXg4ulDRnM7s2Z1ZgXm6bM336B3t2ZA+WOBW1CNsZ4C3qVViP4Y8UjOw==\n",
                "username": "azureuser"
              }
            ],
            "admin_username": "azureuser",
            "allow_extension_operations": true,
            "availability_set_id": "",
            "boot_diagnostics": [
              {
                "storage_account_uri": "https://diagb5fe6cca773ee623.blob.core.windows.net/"
              }
            ],
            "computer_name": "myvm",
            "custom_data": null,
            "dedicated_host_id": "",
            "disable_password_authentication": true,
            "encryption_at_host_enabled": false,
            "eviction_policy": "",
            "extensions_time_budget": "PT1H30M",
            "id": "/subscriptions/03770d81-ed60-40f1-8f52-bcc2ad3841f4/resourceGroups/Flexso-Stage-TestEnv-Werner/providers/Microsoft.Compute/virtualMachines/myVM",
            "identity": [],
            "license_type": "",
            "location": "francecentral",
            "max_bid_price": -1,
            "name": "myVM",
            "network_interface_ids": [
              "/subscriptions/03770d81-ed60-40f1-8f52-bcc2ad3841f4/resourceGroups/Flexso-Stage-TestEnv-Werner/providers/Microsoft.Network/networkInterfaces/myNIC"
            ],
            "os_disk": [
              {
                "caching": "ReadWrite",
                "diff_disk_settings": [],
                "disk_encryption_set_id": "",
                "disk_size_gb": 256,
                "name": "myOsDisk",
                "storage_account_type": "Premium_LRS",
                "write_accelerator_enabled": false
              }
            ],
            "plan": [],
            "priority": "Regular",
            "private_ip_address": "10.0.2.4",
            "private_ip_addresses": [
              "10.0.2.4"
            ],
            "provision_vm_agent": true,
            "proximity_placement_group_id": "",
            "public_ip_address": "51.103.51.61",
            "public_ip_addresses": [
              "51.103.51.61"
            ],
            "resource_group_name": "Flexso-Stage-TestEnv-Werner",
            "secret": [],
            "size": "Standard_D8s_v3",
            "source_image_id": "",
            "source_image_reference": [
              {
                "offer": "RHEL-SAP-HANA",
                "publisher": "RedHat",
                "sku": "7.2",
                "version": "latest"
              }
            ],
            "tags": {
              "environment": "Terraform Demo"
            },
            "timeouts": null,
            "virtual_machine_id": "9b381444-b343-4dbc-bf03-e9ec6b932799",
            "virtual_machine_scale_set_id": "",
            "zone": ""
          },
          "sensitive_attributes": [],
          "private": "eyJlMmJmYjczMC1lY2FhLTExZTYtOGY4OC0zNDM2M2JjN2M0YzAiOnsiY3JlYXRlIjoyNzAwMDAwMDAwMDAwLCJkZWxldGUiOjI3MDAwMDAwMDAwMDAsInJlYWQiOjMwMDAwMDAwMDAwMCwidXBkYXRlIjoyNzAwMDAwMDAwMDAwfX0=",
          "dependencies": [
            "azurerm_network_interface.myterraformnic",
            "azurerm_public_ip.myterraformpublicip",
            "azurerm_resource_group.saptestautodeploygroup",
            "azurerm_storage_account.mystorageaccount",
            "azurerm_subnet.myterraformsubnet",
            "azurerm_virtual_network.myterraformnetworktest",
            "random_id.randomId",
            "tls_private_key.example_ssh"
          ]
        }
      ]
    },
    {
      "mode": "managed",
      "type": "azurerm_managed_disk",
      "name": "example",
      "provider": "provider[\"registry.terraform.io/hashicorp/azurerm\"]",
      "instances": [
        {
          "schema_version": 0,
          "attributes": {
            "create_option": "Empty",
            "disk_encryption_set_id": "",
            "disk_iops_read_write": 500,
            "disk_mbps_read_write": 60,
            "disk_size_gb": 256,
            "encryption_settings": [],
            "id": "/subscriptions/03770d81-ed60-40f1-8f52-bcc2ad3841f4/resourceGroups/Flexso-Stage-TestEnv-Werner/providers/Microsoft.Compute/disks/myvm-disk1",
            "image_reference_id": "",
            "location": "francecentral",
            "name": "myvm-disk1",
            "os_type": "",
            "resource_group_name": "Flexso-Stage-TestEnv-Werner",
            "source_resource_id": "",
            "source_uri": "",
            "storage_account_id": "",
            "storage_account_type": "Standard_LRS",
            "tags": null,
            "timeouts": null,
            "zones": null
          },
          "sensitive_attributes": [],
          "private": "eyJlMmJmYjczMC1lY2FhLTExZTYtOGY4OC0zNDM2M2JjN2M0YzAiOnsiY3JlYXRlIjoxODAwMDAwMDAwMDAwLCJkZWxldGUiOjE4MDAwMDAwMDAwMDAsInJlYWQiOjMwMDAwMDAwMDAwMCwidXBkYXRlIjoxODAwMDAwMDAwMDAwfX0=",
          "dependencies": [
            "azurerm_resource_group.saptestautodeploygroup"
          ]
        }
      ]
    },
    {
      "mode": "managed",
      "type": "azurerm_network_interface",
      "name": "myterraformnic",
      "provider": "provider[\"registry.terraform.io/hashicorp/azurerm\"]",
      "instances": [
        {
          "schema_version": 0,
          "attributes": {
            "applied_dns_servers": [],
            "dns_servers": [],
            "enable_accelerated_networking": false,
            "enable_ip_forwarding": false,
            "id": "/subscriptions/03770d81-ed60-40f1-8f52-bcc2ad3841f4/resourceGroups/Flexso-Stage-TestEnv-Werner/providers/Microsoft.Network/networkInterfaces/myNIC",
            "internal_dns_name_label": "",
            "internal_domain_name_suffix": "e2kvdtud5ojedjmrn2h1u3stlh.parx.internal.cloudapp.net",
            "ip_configuration": [
              {
                "name": "myNicConfiguration",
                "primary": true,
                "private_ip_address": "10.0.2.4",
                "private_ip_address_allocation": "Dynamic",
                "private_ip_address_version": "IPv4",
                "public_ip_address_id": "/subscriptions/03770d81-ed60-40f1-8f52-bcc2ad3841f4/resourceGroups/Flexso-Stage-TestEnv-Werner/providers/Microsoft.Network/publicIPAddresses/myPublicIP",
                "subnet_id": "/subscriptions/03770d81-ed60-40f1-8f52-bcc2ad3841f4/resourceGroups/Flexso-Stage-TestEnv-Werner/providers/Microsoft.Network/virtualNetworks/myVnet-testDisks/subnets/mySubnet"
              }
            ],
            "location": "francecentral",
            "mac_address": "",
            "name": "myNIC",
            "private_ip_address": "10.0.2.4",
            "private_ip_addresses": [
              "10.0.2.4"
            ],
            "resource_group_name": "Flexso-Stage-TestEnv-Werner",
            "tags": {
              "environment": "Terraform SAP Automation Demo"
            },
            "timeouts": null,
            "virtual_machine_id": ""
          },
          "sensitive_attributes": [],
          "private": "eyJlMmJmYjczMC1lY2FhLTExZTYtOGY4OC0zNDM2M2JjN2M0YzAiOnsiY3JlYXRlIjoxODAwMDAwMDAwMDAwLCJkZWxldGUiOjE4MDAwMDAwMDAwMDAsInJlYWQiOjMwMDAwMDAwMDAwMCwidXBkYXRlIjoxODAwMDAwMDAwMDAwfX0=",
          "dependencies": [
            "azurerm_public_ip.myterraformpublicip",
            "azurerm_resource_group.saptestautodeploygroup",
            "azurerm_subnet.myterraformsubnet",
            "azurerm_virtual_network.myterraformnetworktest"
          ]
        }
      ]
    },
    {
      "mode": "managed",
      "type": "azurerm_network_interface_security_group_association",
      "name": "example",
      "provider": "provider[\"registry.terraform.io/hashicorp/azurerm\"]",
      "instances": [
        {
          "schema_version": 0,
          "attributes": {
            "id": "/subscriptions/03770d81-ed60-40f1-8f52-bcc2ad3841f4/resourceGroups/Flexso-Stage-TestEnv-Werner/providers/Microsoft.Network/networkInterfaces/myNIC|/subscriptions/03770d81-ed60-40f1-8f52-bcc2ad3841f4/resourceGroups/Flexso-Stage-TestEnv-Werner/providers/Microsoft.Network/networkSecurityGroups/myNetworkSecurityGroup",
            "network_interface_id": "/subscriptions/03770d81-ed60-40f1-8f52-bcc2ad3841f4/resourceGroups/Flexso-Stage-TestEnv-Werner/providers/Microsoft.Network/networkInterfaces/myNIC",
            "network_security_group_id": "/subscriptions/03770d81-ed60-40f1-8f52-bcc2ad3841f4/resourceGroups/Flexso-Stage-TestEnv-Werner/providers/Microsoft.Network/networkSecurityGroups/myNetworkSecurityGroup",
            "timeouts": null
          },
          "sensitive_attributes": [],
          "private": "eyJlMmJmYjczMC1lY2FhLTExZTYtOGY4OC0zNDM2M2JjN2M0YzAiOnsiY3JlYXRlIjoxODAwMDAwMDAwMDAwLCJkZWxldGUiOjE4MDAwMDAwMDAwMDAsInJlYWQiOjMwMDAwMDAwMDAwMCwidXBkYXRlIjoxODAwMDAwMDAwMDAwfX0=",
          "dependencies": [
            "azurerm_network_interface.myterraformnic",
            "azurerm_network_security_group.myterraformnsg",
            "azurerm_public_ip.myterraformpublicip",
            "azurerm_resource_group.saptestautodeploygroup",
            "azurerm_subnet.myterraformsubnet",
            "azurerm_virtual_network.myterraformnetworktest"
          ]
        }
      ]
    },
    {
      "mode": "managed",
      "type": "azurerm_network_security_group",
      "name": "myterraformnsg",
      "provider": "provider[\"registry.terraform.io/hashicorp/azurerm\"]",
      "instances": [
        {
          "schema_version": 0,
          "attributes": {
            "id": "/subscriptions/03770d81-ed60-40f1-8f52-bcc2ad3841f4/resourceGroups/Flexso-Stage-TestEnv-Werner/providers/Microsoft.Network/networkSecurityGroups/myNetworkSecurityGroup",
            "location": "francecentral",
            "name": "myNetworkSecurityGroup",
            "resource_group_name": "Flexso-Stage-TestEnv-Werner",
            "security_rule": [
              {
                "access": "Allow",
                "description": "",
                "destination_address_prefix": "*",
                "destination_address_prefixes": [],
                "destination_application_security_group_ids": [],
                "destination_port_range": "22",
                "destination_port_ranges": [],
                "direction": "Inbound",
                "name": "SSH",
                "priority": 1001,
                "protocol": "Tcp",
                "source_address_prefix": "*",
                "source_address_prefixes": [],
                "source_application_security_group_ids": [],
                "source_port_range": "*",
                "source_port_ranges": []
              }
            ],
            "tags": {
              "environment": "Terraform SAP Automation Demo"
            },
            "timeouts": null
          },
          "sensitive_attributes": [],
          "private": "eyJlMmJmYjczMC1lY2FhLTExZTYtOGY4OC0zNDM2M2JjN2M0YzAiOnsiY3JlYXRlIjoxODAwMDAwMDAwMDAwLCJkZWxldGUiOjE4MDAwMDAwMDAwMDAsInJlYWQiOjMwMDAwMDAwMDAwMCwidXBkYXRlIjoxODAwMDAwMDAwMDAwfX0=",
          "dependencies": [
            "azurerm_resource_group.saptestautodeploygroup"
          ]
        }
      ]
    },
    {
      "mode": "managed",
      "type": "azurerm_public_ip",
      "name": "myterraformpublicip",
      "provider": "provider[\"registry.terraform.io/hashicorp/azurerm\"]",
      "instances": [
        {
          "schema_version": 0,
          "attributes": {
            "allocation_method": "Static",
            "domain_name_label": null,
            "fqdn": null,
            "id": "/subscriptions/03770d81-ed60-40f1-8f52-bcc2ad3841f4/resourceGroups/Flexso-Stage-TestEnv-Werner/providers/Microsoft.Network/publicIPAddresses/myPublicIP",
            "idle_timeout_in_minutes": 4,
            "ip_address": "51.103.51.61",
            "ip_version": "IPv4",
            "location": "francecentral",
            "name": "myPublicIP",
            "public_ip_prefix_id": null,
            "resource_group_name": "Flexso-Stage-TestEnv-Werner",
            "reverse_fqdn": null,
            "sku": "Basic",
            "tags": {
              "environment": "Terraform SAP Automation Demo"
            },
            "timeouts": null,
            "zones": null
          },
          "sensitive_attributes": [],
          "private": "eyJlMmJmYjczMC1lY2FhLTExZTYtOGY4OC0zNDM2M2JjN2M0YzAiOnsiY3JlYXRlIjoxODAwMDAwMDAwMDAwLCJkZWxldGUiOjE4MDAwMDAwMDAwMDAsInJlYWQiOjMwMDAwMDAwMDAwMCwidXBkYXRlIjoxODAwMDAwMDAwMDAwfX0=",
          "dependencies": [
            "azurerm_resource_group.saptestautodeploygroup"
          ]
        }
      ]
    },
    {
      "mode": "managed",
      "type": "azurerm_resource_group",
      "name": "saptestautodeploygroup",
      "provider": "provider[\"registry.terraform.io/hashicorp/azurerm\"]",
      "instances": [
        {
          "schema_version": 0,
          "attributes": {
            "id": "/subscriptions/03770d81-ed60-40f1-8f52-bcc2ad3841f4/resourceGroups/Flexso-Stage-TestEnv-Werner",
            "location": "francecentral",
            "name": "Flexso-Stage-TestEnv-Werner",
            "tags": null,
            "timeouts": null
          },
          "sensitive_attributes": [],
          "private": "eyJlMmJmYjczMC1lY2FhLTExZTYtOGY4OC0zNDM2M2JjN2M0YzAiOnsiY3JlYXRlIjo1NDAwMDAwMDAwMDAwLCJkZWxldGUiOjU0MDAwMDAwMDAwMDAsInJlYWQiOjMwMDAwMDAwMDAwMCwidXBkYXRlIjo1NDAwMDAwMDAwMDAwfX0="
        }
      ]
    },
    {
      "mode": "managed",
      "type": "azurerm_storage_account",
      "name": "mystorageaccount",
      "provider": "provider[\"registry.terraform.io/hashicorp/azurerm\"]",
      "instances": [
        {
          "schema_version": 2,
          "attributes": {
            "access_tier": "Hot",
            "account_kind": "StorageV2",
            "account_replication_type": "LRS",
            "account_tier": "Standard",
            "allow_blob_public_access": false,
            "blob_properties": [],
            "custom_domain": [],
            "enable_https_traffic_only": true,
            "id": "/subscriptions/03770d81-ed60-40f1-8f52-bcc2ad3841f4/resourceGroups/Flexso-Stage-TestEnv-Werner/providers/Microsoft.Storage/storageAccounts/diagb5fe6cca773ee623",
            "identity": [],
            "is_hns_enabled": false,
            "large_file_share_enabled": null,
            "location": "francecentral",
            "min_tls_version": "TLS1_0",
            "name": "diagb5fe6cca773ee623",
            "network_rules": [
              {
                "bypass": [
                  "AzureServices"
                ],
                "default_action": "Allow",
                "ip_rules": [],
                "virtual_network_subnet_ids": []
              }
            ],
            "primary_access_key": "fQi1hA7TcqpRz8QfBQJ8t0QmI3bGSg+D6/ozQc269t0rgQZrqvu7e39EfMIG7cHqeMdFpOWb6xswpQ0nj4xrXg==",
            "primary_blob_connection_string": "DefaultEndpointsProtocol=https;BlobEndpoint=https://diagb5fe6cca773ee623.blob.core.windows.net/;AccountName=diagb5fe6cca773ee623;AccountKey=fQi1hA7TcqpRz8QfBQJ8t0QmI3bGSg+D6/ozQc269t0rgQZrqvu7e39EfMIG7cHqeMdFpOWb6xswpQ0nj4xrXg==",
            "primary_blob_endpoint": "https://diagb5fe6cca773ee623.blob.core.windows.net/",
            "primary_blob_host": "diagb5fe6cca773ee623.blob.core.windows.net",
            "primary_connection_string": "DefaultEndpointsProtocol=https;AccountName=diagb5fe6cca773ee623;AccountKey=fQi1hA7TcqpRz8QfBQJ8t0QmI3bGSg+D6/ozQc269t0rgQZrqvu7e39EfMIG7cHqeMdFpOWb6xswpQ0nj4xrXg==;EndpointSuffix=core.windows.net",
            "primary_dfs_endpoint": "https://diagb5fe6cca773ee623.dfs.core.windows.net/",
            "primary_dfs_host": "diagb5fe6cca773ee623.dfs.core.windows.net",
            "primary_file_endpoint": "https://diagb5fe6cca773ee623.file.core.windows.net/",
            "primary_file_host": "diagb5fe6cca773ee623.file.core.windows.net",
            "primary_location": "francecentral",
            "primary_queue_endpoint": "https://diagb5fe6cca773ee623.queue.core.windows.net/",
            "primary_queue_host": "diagb5fe6cca773ee623.queue.core.windows.net",
            "primary_table_endpoint": "https://diagb5fe6cca773ee623.table.core.windows.net/",
            "primary_table_host": "diagb5fe6cca773ee623.table.core.windows.net",
            "primary_web_endpoint": "https://diagb5fe6cca773ee623.z28.web.core.windows.net/",
            "primary_web_host": "diagb5fe6cca773ee623.z28.web.core.windows.net",
            "queue_properties": [
              {
                "cors_rule": [],
                "hour_metrics": [
                  {
                    "enabled": true,
                    "include_apis": true,
                    "retention_policy_days": 7,
                    "version": "1.0"
                  }
                ],
                "logging": [
                  {
                    "delete": false,
                    "read": false,
                    "retention_policy_days": 0,
                    "version": "1.0",
                    "write": false
                  }
                ],
                "minute_metrics": [
                  {
                    "enabled": false,
                    "include_apis": false,
                    "retention_policy_days": 0,
                    "version": "1.0"
                  }
                ]
              }
            ],
            "resource_group_name": "Flexso-Stage-TestEnv-Werner",
            "secondary_access_key": "K09Jg6F3QfAjeeQcbsOecnKLkErS0CzX+6SZfth2CIHiRBMPAztQ/Mm1d6sFcwR3CWHS3qJhudt+qBffFm7fkQ==",
            "secondary_blob_connection_string": "",
            "secondary_blob_endpoint": null,
            "secondary_blob_host": null,
            "secondary_connection_string": "DefaultEndpointsProtocol=https;AccountName=diagb5fe6cca773ee623;AccountKey=K09Jg6F3QfAjeeQcbsOecnKLkErS0CzX+6SZfth2CIHiRBMPAztQ/Mm1d6sFcwR3CWHS3qJhudt+qBffFm7fkQ==;EndpointSuffix=core.windows.net",
            "secondary_dfs_endpoint": null,
            "secondary_dfs_host": null,
            "secondary_file_endpoint": null,
            "secondary_file_host": null,
            "secondary_location": "",
            "secondary_queue_endpoint": null,
            "secondary_queue_host": null,
            "secondary_table_endpoint": null,
            "secondary_table_host": null,
            "secondary_web_endpoint": null,
            "secondary_web_host": null,
            "static_website": [],
            "tags": {
              "environment": "Terraform SAP Automation Demo"
            },
            "timeouts": null
          },
          "sensitive_attributes": [],
          "private": "eyJlMmJmYjczMC1lY2FhLTExZTYtOGY4OC0zNDM2M2JjN2M0YzAiOnsiY3JlYXRlIjozNjAwMDAwMDAwMDAwLCJkZWxldGUiOjM2MDAwMDAwMDAwMDAsInJlYWQiOjMwMDAwMDAwMDAwMCwidXBkYXRlIjozNjAwMDAwMDAwMDAwfSwic2NoZW1hX3ZlcnNpb24iOiIyIn0=",
          "dependencies": [
            "azurerm_resource_group.saptestautodeploygroup",
            "random_id.randomId"
          ]
        }
      ]
    },
    {
      "mode": "managed",
      "type": "azurerm_subnet",
      "name": "myterraformsubnet",
      "provider": "provider[\"registry.terraform.io/hashicorp/azurerm\"]",
      "instances": [
        {
          "schema_version": 0,
          "attributes": {
            "address_prefix": "10.0.2.0/24",
            "address_prefixes": [
              "10.0.2.0/24"
            ],
            "delegation": [],
            "enforce_private_link_endpoint_network_policies": false,
            "enforce_private_link_service_network_policies": false,
            "id": "/subscriptions/03770d81-ed60-40f1-8f52-bcc2ad3841f4/resourceGroups/Flexso-Stage-TestEnv-Werner/providers/Microsoft.Network/virtualNetworks/myVnet-testDisks/subnets/mySubnet",
            "name": "mySubnet",
            "resource_group_name": "Flexso-Stage-TestEnv-Werner",
            "service_endpoint_policy_ids": null,
            "service_endpoints": null,
            "timeouts": null,
            "virtual_network_name": "myVnet-testDisks"
          },
          "sensitive_attributes": [],
          "private": "eyJlMmJmYjczMC1lY2FhLTExZTYtOGY4OC0zNDM2M2JjN2M0YzAiOnsiY3JlYXRlIjoxODAwMDAwMDAwMDAwLCJkZWxldGUiOjE4MDAwMDAwMDAwMDAsInJlYWQiOjMwMDAwMDAwMDAwMCwidXBkYXRlIjoxODAwMDAwMDAwMDAwfX0=",
          "dependencies": [
            "azurerm_resource_group.saptestautodeploygroup",
            "azurerm_virtual_network.myterraformnetworktest"
          ]
        }
      ]
    },
    {
      "mode": "managed",
      "type": "azurerm_virtual_machine_data_disk_attachment",
      "name": "example",
      "provider": "provider[\"registry.terraform.io/hashicorp/azurerm\"]",
      "instances": [
        {
          "schema_version": 0,
          "attributes": {
            "caching": "ReadWrite",
            "create_option": "Attach",
            "id": "/subscriptions/03770d81-ed60-40f1-8f52-bcc2ad3841f4/resourceGroups/Flexso-Stage-TestEnv-Werner/providers/Microsoft.Compute/virtualMachines/myVM/dataDisks/myvm-disk1",
            "lun": 10,
            "managed_disk_id": "/subscriptions/03770d81-ed60-40f1-8f52-bcc2ad3841f4/resourceGroups/Flexso-Stage-TestEnv-Werner/providers/Microsoft.Compute/disks/myvm-disk1",
            "timeouts": null,
            "virtual_machine_id": "/subscriptions/03770d81-ed60-40f1-8f52-bcc2ad3841f4/resourceGroups/Flexso-Stage-TestEnv-Werner/providers/Microsoft.Compute/virtualMachines/myVM",
            "write_accelerator_enabled": false
          },
          "sensitive_attributes": [],
          "private": "eyJlMmJmYjczMC1lY2FhLTExZTYtOGY4OC0zNDM2M2JjN2M0YzAiOnsiY3JlYXRlIjoxODAwMDAwMDAwMDAwLCJkZWxldGUiOjE4MDAwMDAwMDAwMDAsInJlYWQiOjMwMDAwMDAwMDAwMCwidXBkYXRlIjoxODAwMDAwMDAwMDAwfX0=",
          "dependencies": [
            "azurerm_linux_virtual_machine.myterraformvm",
            "azurerm_managed_disk.example",
            "azurerm_network_interface.myterraformnic",
            "azurerm_public_ip.myterraformpublicip",
            "azurerm_resource_group.saptestautodeploygroup",
            "azurerm_storage_account.mystorageaccount",
            "azurerm_subnet.myterraformsubnet",
            "azurerm_virtual_network.myterraformnetworktest",
            "random_id.randomId",
            "tls_private_key.example_ssh"
          ]
        }
      ]
    },
    {
      "mode": "managed",
      "type": "azurerm_virtual_network",
      "name": "myterraformnetworktest",
      "provider": "provider[\"registry.terraform.io/hashicorp/azurerm\"]",
      "instances": [
        {
          "schema_version": 0,
          "attributes": {
            "address_space": [
              "10.0.0.0/16"
            ],
            "bgp_community": "",
            "ddos_protection_plan": [],
            "dns_servers": null,
            "guid": "ce511527-fb83-4192-a591-6f0fba76535f",
            "id": "/subscriptions/03770d81-ed60-40f1-8f52-bcc2ad3841f4/resourceGroups/Flexso-Stage-TestEnv-Werner/providers/Microsoft.Network/virtualNetworks/myVnet-testDisks",
            "location": "francecentral",
            "name": "myVnet-testDisks",
            "resource_group_name": "Flexso-Stage-TestEnv-Werner",
            "subnet": [],
            "tags": {
              "environment": "Terraform SAP Automation Demo"
            },
            "timeouts": null,
            "vm_protection_enabled": false
          },
          "sensitive_attributes": [],
          "private": "eyJlMmJmYjczMC1lY2FhLTExZTYtOGY4OC0zNDM2M2JjN2M0YzAiOnsiY3JlYXRlIjoxODAwMDAwMDAwMDAwLCJkZWxldGUiOjE4MDAwMDAwMDAwMDAsInJlYWQiOjMwMDAwMDAwMDAwMCwidXBkYXRlIjoxODAwMDAwMDAwMDAwfX0=",
          "dependencies": [
            "azurerm_resource_group.saptestautodeploygroup"
          ]
        }
      ]
    },
    {
      "mode": "managed",
      "type": "null_resource",
      "name": "provision_vm",
      "provider": "provider[\"registry.terraform.io/hashicorp/null\"]",
      "instances": [
        {
          "schema_version": 0,
          "attributes": {
            "id": "4616010540493261498",
            "triggers": null
          },
          "sensitive_attributes": [],
          "private": "bnVsbA==",
          "dependencies": [
            "azurerm_public_ip.myterraformpublicip",
            "azurerm_resource_group.saptestautodeploygroup",
            "tls_private_key.example_ssh"
          ]
        }
      ]
    },
    {
      "mode": "managed",
      "type": "random_id",
      "name": "randomId",
      "provider": "provider[\"registry.terraform.io/hashicorp/random\"]",
      "instances": [
        {
          "schema_version": 0,
          "attributes": {
            "b64_std": "tf5sync+5iM=",
            "b64_url": "tf5sync-5iM",
            "byte_length": 8,
            "dec": "13114038781789267491",
            "hex": "b5fe6cca773ee623",
            "id": "tf5sync-5iM",
            "keepers": {
              "resource_group": "Flexso-Stage-TestEnv-Werner"
            },
            "prefix": null
          },
          "sensitive_attributes": [],
          "private": "bnVsbA==",
          "dependencies": [
            "azurerm_resource_group.saptestautodeploygroup"
          ]
        }
      ]
    },
    {
      "mode": "managed",
      "type": "tls_private_key",
      "name": "example_ssh",
      "provider": "provider[\"registry.terraform.io/hashicorp/tls\"]",
      "instances": [
        {
          "schema_version": 0,
          "attributes": {
            "algorithm": "RSA",
            "ecdsa_curve": "P224",
            "id": "1fce8e270606849f28b828d0df5a7da23de9018a",
            "private_key_pem": "-----BEGIN RSA PRIVATE KEY-----\nMIIJKQIBAAKCAgEAt9/quqcFrgpQZ92CvaUZc4aZftrsQ7jxt6Vo1OtgxJnaPy2o\n47fcHytT29RCVVrQhhbeLKVLoPbsHwgCjW0yd4f/I9XMXWRTentBJ5I6QX7M5Wk/\noUY2oFwhsHGbmexsBqEb/Yy+oFaf4fGoo86M6Ir2FC+ajjkrfbRuzu9rZ68A+ZNj\nltOgzFs1QjzcPI/nQFGkf/BG54+eg9iiBZ9HeQGPptFnAuPXYkTi/6bTI6Aecw6b\nDY/mHtm1NB39otuG/KwXJ3c7fg7SsL4rLXMUecgMA6xtkWPYiRLlVnud8cTOCdN3\n5iBEG8ZwQsgXn2xPH7xZmRhMFLHwVSX2smcM9Wfn+PBRlARiGedrsiiazaNruoDT\n12BBD36Sg2IN1pr0f7hZfVhjDYZcuMLNrCL98EtcJxwE7apUUxLm9317EqNLR9Cf\nqYAM+uzAO7NNzoKLDoanXiBtLtsVB8Apnw+XQJSYc9uvZUdHQKm3d6W3j1DmsGcL\nmnZfGMNn+2usRnOsSDdxNWqeazgvVO21RILQ3dLjkBOV2y5KSUCqRNeUDOzQseLM\nncHJDMPNYoPP6rSlvdJLX2RNw/ihR7jCyEjXh303nD9WAk8bwajSLLBy00cVZy0A\n3ylD14OLpQ0ZzO7NmdWYF5umzN9+gd7dmQPljgVtQjbGeAt6lVYj+GPFIzsCAwEA\nAQKCAgEAg0vr475SCvWodpIwwlR6+Qg64N9YZ/9O8tC1K5yrq5ckxYpIF9r43nTk\n24sUlrhTP/xiR0T83QKUlo/0qqI3sCy3HhKTbHiwNzx9yNDcslnl20atPe7SIO3I\nzKJC9sVgWdd/Ei0HDZzta7xQrC9YZNCdaMqZNUdTa96EZVWGvzGyo4QAT/nrzyCt\nxg+JP+GNwlrJ+OVM7BqcmQ7+mr8inSBlQDw0r1acPLpt0RmBmOXD+GqMg0Gmk47n\nmkB0FW9mU1Ra8D5uh9Pz1Grmj/yluVQEaDcewfum6jJI+tkobjQW3+NVsUiG+cJX\n9QfF/nurgEDRRcWYxgpNT6/dGYUGNZtIS3WftjMj8TnZwYP/cOCWFcCosPITjpDC\ncVaXEnX/P7oDlb5Md3yu6RU2FmkVTlulNV2O/TjaWK6x2OfaX1r47Cf180DSC5rm\nNd4hdI9JJyzTfRNHlE5hOjtvOIjxfApsBgywmdV3GwSrfp/BFAXrKUeTbMhM1d4L\ngmGRTZuOSlx8G7Qbqsi2Z0eJ4Br5BXcA5Vj3pEVAziL4oyIg1K+aa37E1GQAk9ts\nZ5u92gObpZ/lTSNAJL+JrbbahBSA+1Q6KR7lbXP9oRYiu4FX4QP88ad+UdrDATiN\nOApu/7ZQGThM673KbG8Scr+uErgIHbFLPNP+qZMzQeQhB3qvy3kCggEBAMfXasEf\nA6MCc+YtE5E1b8HljXhrC7fXzi2xm/tNgVhh3Y7WMAcbfnXkDmC/hDarhAyjqwMm\n6rGLvL6SJPdx1ahcnPxkzWuAy/4kSw2j0SVXitnY4JB3MhqNz3qm0E0jOPXCso/C\nzuMDWFV8ZXpaxop6QTmVLcptV70F7QSPUbBzRPGGlNVeGhKnjftfhpJNxADNSgr/\nrcKwPHYJsBCgcHpSUneXeLcR8KlR4TVBst/PruBw//OgIccZGNV78rBGeWbImVDI\n2YKoE6TtN+Cth3WFXk4xMwiyNDPmTpPJ4nE6mvZSCisM3uPZJehgTuy8P+FuiviR\n30X0zVPfYl5tfTUCggEBAOuL2XlzyJLQjQApXABJTddroan4hcCe3KWxL0yUF+XV\nhaB+QQ8TPaLWDuE283i+f/SLPRyfnI4fkz5uJxTthhoE7mfs9wjLo1ffTeOLOF6e\noOG9icM/hIizEUZOouLC86uXeLjMd7laTmtmlMqFXBam6B0sWlNIF82ZDFhxcMib\nLiKc+/4pRq35FLLATtjCP8pyxApSIR4ton3AocKBHEXFshveOsKqEavbnAupGH6F\nHzuUGAxFt5h3ggTkKhpoNrLyE2L4YMUVLtnKFmTqIGwf4x84ZBpfJVntiIqMnuBf\nDm2K4Zy/Lpumv+xlvhL3Z8oLhBULD+WDvYUZa8Nn3K8CggEAWdjvJT6lau+aXh1c\nE8gbo+hqD37JOPGsv/x/bZ/uDGeLrkF8PGXPGH/dOwBAGDhK2UfohjVEBWkXBfM8\n7YdfkR96cTt84913WZ7Fo69IQ+q1AbaxWCJPA4NIihNfyZ6RaGUN1Pa3/3asi1qv\nYTBY3T+T/ailesJoVRLJ+mfZSWS51YE1fyyculBc1GyhWzvdaKLjrEhBvitwM32t\ni/wmNci3TQ9r9Zr6QZYPk9si6d8896m2WblgFlyhPrJIbZpx0JVV4O08ZbLdiiQh\nIEHEikDZInyaPkmokMD2CRoWVeQMcbx2194kg/pIQc6zDVqhud/yWUl0QcaLXi8r\n0dqWFQKCAQBGY++ktO4uubY5YyLETyO9CcQxKDzIWHE17uJkrykJHSsm0DQfDi/w\nNqoRsbtGzR8t9GJZ6HT/n/3/vSlevrDBm9GnKxCUB08UFn6PTm6VEDCh5WOC/rtb\noq+55AwXWg05rTV9fFUXBh7DR8+VSg9AEbbx6OxBUR0T6vXehGAhAwbhfyprROiD\nWxlNZdzqN/qaRHvDXdHZ0+doTyXIG49YZoEYhOvoeqx3QFS8w1a3kI7J3jLlj/wS\nyzwGvCy84YHfLiqO/AznOLJckWDp3XG8/jaAgPihTOe7nRmd1fIwuRd1svhDQHrs\nNwPJ4InR3y+cGJ7rLvgcLad4XCVxKtuvAoIBAQCs1jbvVM8RylO4OQ1v83ut1ZP6\n6W/XV2jwX8vyaxGCLg/AyNms0O03w1hLubNJynpPyZVWej2t2AE2kEGsLFQ5mqEK\n1t5XAC8IlT2+rL7NcB63eToz6ybmAQoZi1ZNzpiguEzMM01z26LynYFKtJSk/tr9\nPszBOHXDvz6eos1Pto1+F0y+NYLfMqdOTVcHgtxLEAHhumAmyknUUdukbLanrER4\nkWv/E68WlSzupnYVKFlk485CCWy0NDav8QDYQhvAWeHwCv1fywi/Vj5zEQsSE3JF\n8+B3bURDS21nY77nUSyh4EjLjuRrYpIrIM59zZKsOs/tdtL0RzEkfPSVjaZp\n-----END RSA PRIVATE KEY-----\n",
            "public_key_fingerprint_md5": "74:da:7a:22:a4:87:64:82:8d:a2:dc:ff:42:62:6e:4d",
            "public_key_openssh": "ssh-rsa AAAAB3NzaC1yc2EAAAADAQABAAACAQC33+q6pwWuClBn3YK9pRlzhpl+2uxDuPG3pWjU62DEmdo/Lajjt9wfK1Pb1EJVWtCGFt4spUug9uwfCAKNbTJ3h/8j1cxdZFN6e0EnkjpBfszlaT+hRjagXCGwcZuZ7GwGoRv9jL6gVp/h8aijzozoivYUL5qOOSt9tG7O72tnrwD5k2OW06DMWzVCPNw8j+dAUaR/8Ebnj56D2KIFn0d5AY+m0WcC49diROL/ptMjoB5zDpsNj+Ye2bU0Hf2i24b8rBcndzt+DtKwvistcxR5yAwDrG2RY9iJEuVWe53xxM4J03fmIEQbxnBCyBefbE8fvFmZGEwUsfBVJfayZwz1Z+f48FGUBGIZ52uyKJrNo2u6gNPXYEEPfpKDYg3WmvR/uFl9WGMNhly4ws2sIv3wS1wnHATtqlRTEub3fXsSo0tH0J+pgAz67MA7s03OgosOhqdeIG0u2xUHwCmfD5dAlJhz269lR0dAqbd3pbePUOawZwuadl8Yw2f7a6xGc6xIN3E1ap5rOC9U7bVEgtDd0uOQE5XbLkpJQKpE15QM7NCx4sydwckMw81ig8/qtKW90ktfZE3D+KFHuMLISNeHfTecP1YCTxvBqNIssHLTRxVnLQDfKUPXg4ulDRnM7s2Z1ZgXm6bM336B3t2ZA+WOBW1CNsZ4C3qVViP4Y8UjOw==\n",
            "public_key_pem": "-----BEGIN PUBLIC KEY-----\nMIICIjANBgkqhkiG9w0BAQEFAAOCAg8AMIICCgKCAgEAt9/quqcFrgpQZ92CvaUZ\nc4aZftrsQ7jxt6Vo1OtgxJnaPy2o47fcHytT29RCVVrQhhbeLKVLoPbsHwgCjW0y\nd4f/I9XMXWRTentBJ5I6QX7M5Wk/oUY2oFwhsHGbmexsBqEb/Yy+oFaf4fGoo86M\n6Ir2FC+ajjkrfbRuzu9rZ68A+ZNjltOgzFs1QjzcPI/nQFGkf/BG54+eg9iiBZ9H\neQGPptFnAuPXYkTi/6bTI6Aecw6bDY/mHtm1NB39otuG/KwXJ3c7fg7SsL4rLXMU\necgMA6xtkWPYiRLlVnud8cTOCdN35iBEG8ZwQsgXn2xPH7xZmRhMFLHwVSX2smcM\n9Wfn+PBRlARiGedrsiiazaNruoDT12BBD36Sg2IN1pr0f7hZfVhjDYZcuMLNrCL9\n8EtcJxwE7apUUxLm9317EqNLR9CfqYAM+uzAO7NNzoKLDoanXiBtLtsVB8Apnw+X\nQJSYc9uvZUdHQKm3d6W3j1DmsGcLmnZfGMNn+2usRnOsSDdxNWqeazgvVO21RILQ\n3dLjkBOV2y5KSUCqRNeUDOzQseLMncHJDMPNYoPP6rSlvdJLX2RNw/ihR7jCyEjX\nh303nD9WAk8bwajSLLBy00cVZy0A3ylD14OLpQ0ZzO7NmdWYF5umzN9+gd7dmQPl\njgVtQjbGeAt6lVYj+GPFIzsCAwEAAQ==\n-----END PUBLIC KEY-----\n",
            "rsa_bits": 4096
          },
          "sensitive_attributes": [],
          "private": "bnVsbA=="
        }
      ]
    }
  ]
}
