{
  "version": 4,
  "terraform_version": "0.14.7",
  "serial": 79,
  "lineage": "cf3a3803-7182-3da0-6641-1c6cb2d1a0ec",
  "outputs": {
    "tls_private_key": {
      "value": "-----BEGIN RSA PRIVATE KEY-----\nMIIJJwIBAAKCAgEA7G85Z4yOy+BM7EkA7f77EmeE06zqP6k+IHU55aPfvfE06rfL\nJB0CFZvQN1nph6b2QnfpPHmJO18hDx4ufrtNSuIkSxMFQA29BhXIPYlaXweeszI2\n+Te6089RAv38kVcFk4HzFd7WNsTXPuY5lNgzZoLWW1doCj8lGJS/kcMsbnuRd20X\nfwidcct3KszcmCOmujyeTpIJwV3/Auh9kPvLooyhVbskUtrsPH4n7k0BLpmtRAmp\nrkF52FIfPY3iUaHMSB/kdoQhLVGZLeRQ+ETFh1hfPOBCAHQ1bhG3OOlIBGDlnMkS\ncGPl08J82b4B/uCMOLKUxMviQIw1O4LPPK9pjRYFndNgoZzloJ5GHMZA7/VyIaGx\nxWEE/+vUD1pOfUUUIf6a8wl/OZTUKM5o8yZBltvT1GEUo7tpFTkFm/PrjMqujtqg\nHaXkJsZ50Dt8IxG7vsuqZIDuGHzjmnXG/4ZWX6oCh+fVONZ3jRtAcNPZbupLZbA9\nsK/K2IskZ8YVp3pi0qfSnUsr9LvIjggfLX4MKTP0Jr3sKAlkgxmIevZj7MMohXzy\nFTr0mO18fMTJp+AH6vz9wKRJBqDnz7ExCONmjmc3TKKUEj4n2Wk+xWmatNXqROEE\nlq8GSqgq5VodzDgifWkyWdod1/H/xKLlmRqzopEABe4YZW1eA4u7sAgUrZUCAwEA\nAQKCAgBVYABZjN7Pbco5FE96oTUmOy0yhmD75fAiJlJmwtr7KotSKlX3T2Y+SUpR\ngm0aZ8bKz6PwC27renlkjSB68MWDQc+bMF4X+B4GgX0SA3QXlpfO21YQffg/ncAC\nFZbLIKJJ1oXhotq1YjTbaKToQ32kCaC/0PsnoA+UJbpbNx/nMUWg20q9u22m9rKs\nSNdrNIxy+Yqskn1lTrzT3wHghZvNsXxcibwfEyB045Ulrra7jhCL3fVgkBIgc98G\nCiLsGUG71ZBY33NfevSWJri6PZMaQWX6hHwwz8WvXkRMD6jKs/aVu+Glpd0Kr1MI\nCV2NHKZlns6rlXe4mShrudt9bVXuQ3uH2xjHLp5dGtWURzPioA/3L4srPGE26mDI\no/W0ofQYR5/rOIxZWdxWm3RsNnbVgXmecNeD2v4ch8T8lxuTo4mADrfW9fg3QQJl\nbvBNm3WAVpXWHMBOq8QY3IeY8OGNrgSVIjW9JJLDr3X/Gah/DSyCMA4vMR7K5+KJ\nPs/gvyYUw90qGuAHUOQ1SQnwCeeZWAr1YGUkiqBIk6DQCn0xj6BefrqIIuzmSKKL\nIhTBQ9M9sVT3Zh0M3t+fhf+VgyEa6mk0TL9VB4C0OqnBGltI5GY6goECcSQbbg+v\noGKkixrY7q/wmddHq0mnhPG9/+Ocwr6hNBMzunqiy1h1UYKAIQKCAQEA/mi/POal\namGFK6nCZ4YnjIQRIKi/zVsHyy9PiYz6LSbhr/AVyFs3no52FDmzTp4B8PTIVzew\n3UhtumlRGtLrVuWQr5mR44skx9J/0rTJnSdpV6y9cPGGdSeNx7KM6KH/DVrnvzKn\nt6OD+1NZUYgwbjsY4fqkVKU1isVSSBza99CpctQxiUAnzI41rzmUfM05918J4zjj\nKF/OEm6SsIr09YVl3o3zvGRH1CGhgB4dROgd38CMa3crajmLYy7B01pswMSkNSlW\nlfthm0GdTYV6dk/VN+mh8YXzxyxqkDn75WKDVvPCYFc6aQ50rL2+KEcXCMdo6ue6\n3w7uyJaGJqs7eQKCAQEA7em0JLCAzoiGGM5RjlYdk/IFY4gZaRSr5lx57ODKVNrT\ngZsM7wSB+dhvSAlIcZAhwpW/WN1tjl6JVhI2OoHpMZyqnC3vv7eSyWbpaSN3fOAa\nWC0+JXoM/mmJUz0ulB1jonuQSp1cGYSOM3+tCNbguH7zMmhmI6yY/N9ehLL5wpHy\nDyTCUeykaZHsSXUodaicDX1q4NbORtCCfRMNcGbUjOp29Z/eEB1xF4dR0rUL4a6v\npsoTE2WHRPRnfOQ4eQawjoda8OYW2gN40UnYesxV/o6EHqIy83QyHl9KUFyB2ATw\nZP185ijHt7m7uHs6Q/B1nJYqQEXnR2Uq9dhGeNFf/QKCAQAdDGLBlmhOxEHLYX/E\nCEpdvfqiqwHzdbBnH8jKIOGz5Bui1hv2m4u3O/b5ijkSAfKgy6JQaxhzu8Bjp4DO\nOkUKz/18P2GsBIg3lK5ppaDbo9NgYmXjDoDWwaRrp9R0/4I6ySVq7GLAEhiQysyJ\nBa7Z9z95FgBLde2uIaeqejj6UMX4SYg6bqvcrGQu1LlCosA6oYxkeGtfgcjqy9tN\n8x/TJN8j0TuCSET3ULu7ADVBV+uJT9f4sUuwvk9PDNiuxEVkoU9KjqTHTUOw0YYf\ngt0fwy/KSY/nHu9dz5F/VE+RunTaqcyI6YzO0Aq8apHa0Xss0nAFWl449+CF4MIC\nikypAoIBAGliij9uR8A0zWGTkqDAGJ3+KNDr6oWXeIW0FPYOpNFtlR7l9Zayonhv\nnOuF4ScctzegaYANpYfY7HDJ5GeKQCePxCsmVfrQcB7yjRXbdgREqKbCc7LaG4Ne\ncEwE3+sQEaBZp5LFnZRYGT1KovU1aZmP8l4zzHqk66enshCJzwSW7Wgz2je74SA6\nWTY4xVFI/Mck9QDfZcQMfKC2nc9aXXCGM2eeBxmQURYhBOeW9spjPL9e55BB+uda\nc7ToyvMhOXgJEQmAgkLUIuJiGZhbhwQZUQDYzET3BXRatWpfb8ymc23oszioe78w\ncKzJOQf7Lb3M7q5FyKrhb2QzBxRhemkCggEAEjFfebjZxRLlcMJvzS+kVralSZtz\nb8Ep3VDNA7HGgWwWxpMh7ivhocgj42acIFgFxc8R/ox0Wp1oIRmq+z3WAt89sZm3\nUQX4DMZWwBRQepP0RuzGsrqFvFQxOaURoldHP+KZVXFcVfeTBtVJSNuiIieM0x6a\nLggkp33rG7PhDK7WUmV92jeCSH3I7hfgRf5fIzAmkto1jBMqO4Yyit6LOvdgcgbm\nWXYBoc5yjSG62wI6WGjwvhUBW7Fs92fqwlFx4sVa6avu8aZCBvWag3CWskaLLy5B\nDwlkG2J0sQHcqFhNG/6IdrFpb4yHJDTk8PuIi9YrUigYu/E3mmSsou8fkw==\n-----END RSA PRIVATE KEY-----\n",
      "type": "string"
    }
  },
  "resources": [
    {
      "mode": "managed",
      "type": "azurerm_linux_virtual_machine",
      "name": "myterraformvm",
      "provider": "provider[\"registry.terraform.io/hashicorp/azurerm\"]",
      "instances": [
        {
          "schema_version": 0,
          "attributes": {
            "additional_capabilities": [],
            "admin_password": null,
            "admin_ssh_key": [
              {
                "public_key": "ssh-rsa AAAAB3NzaC1yc2EAAAADAQABAAACAQDsbzlnjI7L4EzsSQDt/vsSZ4TTrOo/qT4gdTnlo9+98TTqt8skHQIVm9A3WemHpvZCd+k8eYk7XyEPHi5+u01K4iRLEwVADb0GFcg9iVpfB56zMjb5N7rTz1EC/fyRVwWTgfMV3tY2xNc+5jmU2DNmgtZbV2gKPyUYlL+Rwyxue5F3bRd/CJ1xy3cqzNyYI6a6PJ5OkgnBXf8C6H2Q+8uijKFVuyRS2uw8fifuTQEuma1ECamuQXnYUh89jeJRocxIH+R2hCEtUZkt5FD4RMWHWF884EIAdDVuEbc46UgEYOWcyRJwY+XTwnzZvgH+4Iw4spTEy+JAjDU7gs88r2mNFgWd02ChnOWgnkYcxkDv9XIhobHFYQT/69QPWk59RRQh/przCX85lNQozmjzJkGW29PUYRSju2kVOQWb8+uMyq6O2qAdpeQmxnnQO3wjEbu+y6pkgO4YfOOadcb/hlZfqgKH59U41neNG0Bw09lu6ktlsD2wr8rYiyRnxhWnemLSp9KdSyv0u8iOCB8tfgwpM/QmvewoCWSDGYh69mPswyiFfPIVOvSY7Xx8xMmn4Afq/P3ApEkGoOfPsTEI42aOZzdMopQSPifZaT7FaZq01epE4QSWrwZKqCrlWh3MOCJ9aTJZ2h3X8f/EouWZGrOikQAF7hhlbV4Di7uwCBStlQ==\n",
                "username": "azureuser"
              }
            ],
            "admin_username": "azureuser",
            "allow_extension_operations": true,
            "availability_set_id": "",
            "boot_diagnostics": [
              {
                "storage_account_uri": "https://diaga689b1d621f42a1d.blob.core.windows.net/"
              }
            ],
            "computer_name": "myvm",
            "custom_data": null,
            "dedicated_host_id": "",
            "disable_password_authentication": true,
            "encryption_at_host_enabled": false,
            "eviction_policy": "",
            "extensions_time_budget": "PT1H30M",
            "id": "/subscriptions/03770d81-ed60-40f1-8f52-bcc2ad3841f4/resourceGroups/Flexso-Stage-TestEnv-Demo/providers/Microsoft.Compute/virtualMachines/myVM",
            "identity": [],
            "license_type": "",
            "location": "francecentral",
            "max_bid_price": -1,
            "name": "myVM",
            "network_interface_ids": [
              "/subscriptions/03770d81-ed60-40f1-8f52-bcc2ad3841f4/resourceGroups/Flexso-Stage-TestEnv-Demo/providers/Microsoft.Network/networkInterfaces/myNIC"
            ],
            "os_disk": [
              {
                "caching": "ReadWrite",
                "diff_disk_settings": [],
                "disk_encryption_set_id": "",
                "disk_size_gb": 256,
                "name": "myOsDisk",
                "storage_account_type": "Premium_LRS",
                "write_accelerator_enabled": false
              }
            ],
            "plan": [],
            "priority": "Regular",
            "private_ip_address": "10.0.2.4",
            "private_ip_addresses": [
              "10.0.2.4"
            ],
            "provision_vm_agent": true,
            "proximity_placement_group_id": "",
            "public_ip_address": "52.143.185.235",
            "public_ip_addresses": [
              "52.143.185.235"
            ],
            "resource_group_name": "Flexso-Stage-TestEnv-Demo",
            "secret": [],
            "size": "Standard_D8s_v3",
            "source_image_id": "",
            "source_image_reference": [
              {
                "offer": "RHEL-SAP-HANA",
                "publisher": "RedHat",
                "sku": "7.2",
                "version": "latest"
              }
            ],
            "tags": {
              "environment": "Terraform Demo"
            },
            "timeouts": null,
            "virtual_machine_id": "9969a242-469a-4755-bf0e-c0327914585b",
            "virtual_machine_scale_set_id": "",
            "zone": ""
          },
          "sensitive_attributes": [],
          "private": "eyJlMmJmYjczMC1lY2FhLTExZTYtOGY4OC0zNDM2M2JjN2M0YzAiOnsiY3JlYXRlIjoyNzAwMDAwMDAwMDAwLCJkZWxldGUiOjI3MDAwMDAwMDAwMDAsInJlYWQiOjMwMDAwMDAwMDAwMCwidXBkYXRlIjoyNzAwMDAwMDAwMDAwfX0=",
          "dependencies": [
            "azurerm_network_interface.myterraformnic",
            "azurerm_public_ip.myterraformpublicip",
            "azurerm_resource_group.saptestautodeploygroup",
            "azurerm_storage_account.mystorageaccount",
            "azurerm_subnet.myterraformsubnet",
            "azurerm_virtual_network.myterraformnetworktest",
            "random_id.randomId",
            "tls_private_key.example_ssh"
          ]
        }
      ]
    },
    {
      "mode": "managed",
      "type": "azurerm_managed_disk",
      "name": "example",
      "provider": "provider[\"registry.terraform.io/hashicorp/azurerm\"]",
      "instances": [
        {
          "schema_version": 0,
          "attributes": {
            "create_option": "Empty",
            "disk_encryption_set_id": "",
            "disk_iops_read_write": 500,
            "disk_mbps_read_write": 60,
            "disk_size_gb": 256,
            "encryption_settings": [],
            "id": "/subscriptions/03770d81-ed60-40f1-8f52-bcc2ad3841f4/resourceGroups/Flexso-Stage-TestEnv-Demo/providers/Microsoft.Compute/disks/myvm-disk1",
            "image_reference_id": "",
            "location": "francecentral",
            "name": "myvm-disk1",
            "os_type": "",
            "resource_group_name": "Flexso-Stage-TestEnv-Demo",
            "source_resource_id": "",
            "source_uri": "",
            "storage_account_id": "",
            "storage_account_type": "Standard_LRS",
            "tags": null,
            "timeouts": null,
            "zones": null
          },
          "sensitive_attributes": [],
          "private": "eyJlMmJmYjczMC1lY2FhLTExZTYtOGY4OC0zNDM2M2JjN2M0YzAiOnsiY3JlYXRlIjoxODAwMDAwMDAwMDAwLCJkZWxldGUiOjE4MDAwMDAwMDAwMDAsInJlYWQiOjMwMDAwMDAwMDAwMCwidXBkYXRlIjoxODAwMDAwMDAwMDAwfX0=",
          "dependencies": [
            "azurerm_resource_group.saptestautodeploygroup"
          ]
        }
      ]
    },
    {
      "mode": "managed",
      "type": "azurerm_network_interface",
      "name": "myterraformnic",
      "provider": "provider[\"registry.terraform.io/hashicorp/azurerm\"]",
      "instances": [
        {
          "schema_version": 0,
          "attributes": {
            "applied_dns_servers": [],
            "dns_servers": [],
            "enable_accelerated_networking": false,
            "enable_ip_forwarding": false,
            "id": "/subscriptions/03770d81-ed60-40f1-8f52-bcc2ad3841f4/resourceGroups/Flexso-Stage-TestEnv-Demo/providers/Microsoft.Network/networkInterfaces/myNIC",
            "internal_dns_name_label": "",
            "internal_domain_name_suffix": "ztxubdotiggevihzdefe00yvrg.parx.internal.cloudapp.net",
            "ip_configuration": [
              {
                "name": "myNicConfiguration",
                "primary": true,
                "private_ip_address": "10.0.2.4",
                "private_ip_address_allocation": "Dynamic",
                "private_ip_address_version": "IPv4",
                "public_ip_address_id": "/subscriptions/03770d81-ed60-40f1-8f52-bcc2ad3841f4/resourceGroups/Flexso-Stage-TestEnv-Demo/providers/Microsoft.Network/publicIPAddresses/myPublicIP",
                "subnet_id": "/subscriptions/03770d81-ed60-40f1-8f52-bcc2ad3841f4/resourceGroups/Flexso-Stage-TestEnv-Demo/providers/Microsoft.Network/virtualNetworks/myVnet-testDisks/subnets/mySubnet"
              }
            ],
            "location": "francecentral",
            "mac_address": "",
            "name": "myNIC",
            "private_ip_address": "10.0.2.4",
            "private_ip_addresses": [
              "10.0.2.4"
            ],
            "resource_group_name": "Flexso-Stage-TestEnv-Demo",
            "tags": {
              "environment": "Terraform SAP Automation Demo"
            },
            "timeouts": null,
            "virtual_machine_id": ""
          },
          "sensitive_attributes": [],
          "private": "eyJlMmJmYjczMC1lY2FhLTExZTYtOGY4OC0zNDM2M2JjN2M0YzAiOnsiY3JlYXRlIjoxODAwMDAwMDAwMDAwLCJkZWxldGUiOjE4MDAwMDAwMDAwMDAsInJlYWQiOjMwMDAwMDAwMDAwMCwidXBkYXRlIjoxODAwMDAwMDAwMDAwfX0=",
          "dependencies": [
            "azurerm_public_ip.myterraformpublicip",
            "azurerm_resource_group.saptestautodeploygroup",
            "azurerm_subnet.myterraformsubnet",
            "azurerm_virtual_network.myterraformnetworktest"
          ]
        }
      ]
    },
    {
      "mode": "managed",
      "type": "azurerm_network_interface_security_group_association",
      "name": "example",
      "provider": "provider[\"registry.terraform.io/hashicorp/azurerm\"]",
      "instances": [
        {
          "schema_version": 0,
          "attributes": {
            "id": "/subscriptions/03770d81-ed60-40f1-8f52-bcc2ad3841f4/resourceGroups/Flexso-Stage-TestEnv-Demo/providers/Microsoft.Network/networkInterfaces/myNIC|/subscriptions/03770d81-ed60-40f1-8f52-bcc2ad3841f4/resourceGroups/Flexso-Stage-TestEnv-Demo/providers/Microsoft.Network/networkSecurityGroups/myNetworkSecurityGroup",
            "network_interface_id": "/subscriptions/03770d81-ed60-40f1-8f52-bcc2ad3841f4/resourceGroups/Flexso-Stage-TestEnv-Demo/providers/Microsoft.Network/networkInterfaces/myNIC",
            "network_security_group_id": "/subscriptions/03770d81-ed60-40f1-8f52-bcc2ad3841f4/resourceGroups/Flexso-Stage-TestEnv-Demo/providers/Microsoft.Network/networkSecurityGroups/myNetworkSecurityGroup",
            "timeouts": null
          },
          "sensitive_attributes": [],
          "private": "eyJlMmJmYjczMC1lY2FhLTExZTYtOGY4OC0zNDM2M2JjN2M0YzAiOnsiY3JlYXRlIjoxODAwMDAwMDAwMDAwLCJkZWxldGUiOjE4MDAwMDAwMDAwMDAsInJlYWQiOjMwMDAwMDAwMDAwMCwidXBkYXRlIjoxODAwMDAwMDAwMDAwfX0=",
          "dependencies": [
            "azurerm_network_interface.myterraformnic",
            "azurerm_network_security_group.myterraformnsg",
            "azurerm_public_ip.myterraformpublicip",
            "azurerm_resource_group.saptestautodeploygroup",
            "azurerm_subnet.myterraformsubnet",
            "azurerm_virtual_network.myterraformnetworktest"
          ]
        }
      ]
    },
    {
      "mode": "managed",
      "type": "azurerm_network_security_group",
      "name": "myterraformnsg",
      "provider": "provider[\"registry.terraform.io/hashicorp/azurerm\"]",
      "instances": [
        {
          "schema_version": 0,
          "attributes": {
            "id": "/subscriptions/03770d81-ed60-40f1-8f52-bcc2ad3841f4/resourceGroups/Flexso-Stage-TestEnv-Demo/providers/Microsoft.Network/networkSecurityGroups/myNetworkSecurityGroup",
            "location": "francecentral",
            "name": "myNetworkSecurityGroup",
            "resource_group_name": "Flexso-Stage-TestEnv-Demo",
            "security_rule": [
              {
                "access": "Allow",
                "description": "",
                "destination_address_prefix": "*",
                "destination_address_prefixes": [],
                "destination_application_security_group_ids": [],
                "destination_port_range": "22",
                "destination_port_ranges": [],
                "direction": "Inbound",
                "name": "SSH",
                "priority": 1001,
                "protocol": "Tcp",
                "source_address_prefix": "*",
                "source_address_prefixes": [],
                "source_application_security_group_ids": [],
                "source_port_range": "*",
                "source_port_ranges": []
              }
            ],
            "tags": {
              "environment": "Terraform SAP Automation Demo"
            },
            "timeouts": null
          },
          "sensitive_attributes": [],
          "private": "eyJlMmJmYjczMC1lY2FhLTExZTYtOGY4OC0zNDM2M2JjN2M0YzAiOnsiY3JlYXRlIjoxODAwMDAwMDAwMDAwLCJkZWxldGUiOjE4MDAwMDAwMDAwMDAsInJlYWQiOjMwMDAwMDAwMDAwMCwidXBkYXRlIjoxODAwMDAwMDAwMDAwfX0=",
          "dependencies": [
            "azurerm_resource_group.saptestautodeploygroup"
          ]
        }
      ]
    },
    {
      "mode": "managed",
      "type": "azurerm_public_ip",
      "name": "myterraformpublicip",
      "provider": "provider[\"registry.terraform.io/hashicorp/azurerm\"]",
      "instances": [
        {
          "schema_version": 0,
          "attributes": {
            "allocation_method": "Static",
            "domain_name_label": null,
            "fqdn": null,
            "id": "/subscriptions/03770d81-ed60-40f1-8f52-bcc2ad3841f4/resourceGroups/Flexso-Stage-TestEnv-Demo/providers/Microsoft.Network/publicIPAddresses/myPublicIP",
            "idle_timeout_in_minutes": 4,
            "ip_address": "52.143.185.235",
            "ip_version": "IPv4",
            "location": "francecentral",
            "name": "myPublicIP",
            "public_ip_prefix_id": null,
            "resource_group_name": "Flexso-Stage-TestEnv-Demo",
            "reverse_fqdn": null,
            "sku": "Basic",
            "tags": {
              "environment": "Terraform SAP Automation Demo"
            },
            "timeouts": null,
            "zones": null
          },
          "sensitive_attributes": [],
          "private": "eyJlMmJmYjczMC1lY2FhLTExZTYtOGY4OC0zNDM2M2JjN2M0YzAiOnsiY3JlYXRlIjoxODAwMDAwMDAwMDAwLCJkZWxldGUiOjE4MDAwMDAwMDAwMDAsInJlYWQiOjMwMDAwMDAwMDAwMCwidXBkYXRlIjoxODAwMDAwMDAwMDAwfX0=",
          "dependencies": [
            "azurerm_resource_group.saptestautodeploygroup"
          ]
        }
      ]
    },
    {
      "mode": "managed",
      "type": "azurerm_resource_group",
      "name": "saptestautodeploygroup",
      "provider": "provider[\"registry.terraform.io/hashicorp/azurerm\"]",
      "instances": [
        {
          "schema_version": 0,
          "attributes": {
            "id": "/subscriptions/03770d81-ed60-40f1-8f52-bcc2ad3841f4/resourceGroups/Flexso-Stage-TestEnv-Demo",
            "location": "francecentral",
            "name": "Flexso-Stage-TestEnv-Demo",
            "tags": null,
            "timeouts": null
          },
          "sensitive_attributes": [],
          "private": "eyJlMmJmYjczMC1lY2FhLTExZTYtOGY4OC0zNDM2M2JjN2M0YzAiOnsiY3JlYXRlIjo1NDAwMDAwMDAwMDAwLCJkZWxldGUiOjU0MDAwMDAwMDAwMDAsInJlYWQiOjMwMDAwMDAwMDAwMCwidXBkYXRlIjo1NDAwMDAwMDAwMDAwfX0="
        }
      ]
    },
    {
      "mode": "managed",
      "type": "azurerm_storage_account",
      "name": "mystorageaccount",
      "provider": "provider[\"registry.terraform.io/hashicorp/azurerm\"]",
      "instances": [
        {
          "schema_version": 2,
          "attributes": {
            "access_tier": "Hot",
            "account_kind": "StorageV2",
            "account_replication_type": "LRS",
            "account_tier": "Standard",
            "allow_blob_public_access": false,
            "blob_properties": [],
            "custom_domain": [],
            "enable_https_traffic_only": true,
            "id": "/subscriptions/03770d81-ed60-40f1-8f52-bcc2ad3841f4/resourceGroups/Flexso-Stage-TestEnv-Demo/providers/Microsoft.Storage/storageAccounts/diaga689b1d621f42a1d",
            "identity": [],
            "is_hns_enabled": false,
            "large_file_share_enabled": null,
            "location": "francecentral",
            "min_tls_version": "TLS1_0",
            "name": "diaga689b1d621f42a1d",
            "network_rules": [
              {
                "bypass": [
                  "AzureServices"
                ],
                "default_action": "Allow",
                "ip_rules": [],
                "virtual_network_subnet_ids": []
              }
            ],
            "primary_access_key": "KRFwHMvE/dXvh3zILNY6GyEhDfZZHf9XgNNWCMOnXCf7Ki2SM78lwVRZw7Yz7PVtXf9pAWEqMvwCZRwmCWtp5A==",
            "primary_blob_connection_string": "DefaultEndpointsProtocol=https;BlobEndpoint=https://diaga689b1d621f42a1d.blob.core.windows.net/;AccountName=diaga689b1d621f42a1d;AccountKey=KRFwHMvE/dXvh3zILNY6GyEhDfZZHf9XgNNWCMOnXCf7Ki2SM78lwVRZw7Yz7PVtXf9pAWEqMvwCZRwmCWtp5A==",
            "primary_blob_endpoint": "https://diaga689b1d621f42a1d.blob.core.windows.net/",
            "primary_blob_host": "diaga689b1d621f42a1d.blob.core.windows.net",
            "primary_connection_string": "DefaultEndpointsProtocol=https;AccountName=diaga689b1d621f42a1d;AccountKey=KRFwHMvE/dXvh3zILNY6GyEhDfZZHf9XgNNWCMOnXCf7Ki2SM78lwVRZw7Yz7PVtXf9pAWEqMvwCZRwmCWtp5A==;EndpointSuffix=core.windows.net",
            "primary_dfs_endpoint": "https://diaga689b1d621f42a1d.dfs.core.windows.net/",
            "primary_dfs_host": "diaga689b1d621f42a1d.dfs.core.windows.net",
            "primary_file_endpoint": "https://diaga689b1d621f42a1d.file.core.windows.net/",
            "primary_file_host": "diaga689b1d621f42a1d.file.core.windows.net",
            "primary_location": "francecentral",
            "primary_queue_endpoint": "https://diaga689b1d621f42a1d.queue.core.windows.net/",
            "primary_queue_host": "diaga689b1d621f42a1d.queue.core.windows.net",
            "primary_table_endpoint": "https://diaga689b1d621f42a1d.table.core.windows.net/",
            "primary_table_host": "diaga689b1d621f42a1d.table.core.windows.net",
            "primary_web_endpoint": "https://diaga689b1d621f42a1d.z28.web.core.windows.net/",
            "primary_web_host": "diaga689b1d621f42a1d.z28.web.core.windows.net",
            "queue_properties": [
              {
                "cors_rule": [],
                "hour_metrics": [
                  {
                    "enabled": true,
                    "include_apis": true,
                    "retention_policy_days": 7,
                    "version": "1.0"
                  }
                ],
                "logging": [
                  {
                    "delete": false,
                    "read": false,
                    "retention_policy_days": 0,
                    "version": "1.0",
                    "write": false
                  }
                ],
                "minute_metrics": [
                  {
                    "enabled": false,
                    "include_apis": false,
                    "retention_policy_days": 0,
                    "version": "1.0"
                  }
                ]
              }
            ],
            "resource_group_name": "Flexso-Stage-TestEnv-Demo",
            "secondary_access_key": "+88p73SMGbdSnt7buzngH2T/vnbfc68wJr7/MOUcJkyYwA8C0kFNazVHZFpn7Ox4oyceVXrw2WvJSeAy39+ofA==",
            "secondary_blob_connection_string": "",
            "secondary_blob_endpoint": null,
            "secondary_blob_host": null,
            "secondary_connection_string": "DefaultEndpointsProtocol=https;AccountName=diaga689b1d621f42a1d;AccountKey=+88p73SMGbdSnt7buzngH2T/vnbfc68wJr7/MOUcJkyYwA8C0kFNazVHZFpn7Ox4oyceVXrw2WvJSeAy39+ofA==;EndpointSuffix=core.windows.net",
            "secondary_dfs_endpoint": null,
            "secondary_dfs_host": null,
            "secondary_file_endpoint": null,
            "secondary_file_host": null,
            "secondary_location": "",
            "secondary_queue_endpoint": null,
            "secondary_queue_host": null,
            "secondary_table_endpoint": null,
            "secondary_table_host": null,
            "secondary_web_endpoint": null,
            "secondary_web_host": null,
            "static_website": [],
            "tags": {
              "environment": "Terraform SAP Automation Demo"
            },
            "timeouts": null
          },
          "sensitive_attributes": [],
          "private": "eyJlMmJmYjczMC1lY2FhLTExZTYtOGY4OC0zNDM2M2JjN2M0YzAiOnsiY3JlYXRlIjozNjAwMDAwMDAwMDAwLCJkZWxldGUiOjM2MDAwMDAwMDAwMDAsInJlYWQiOjMwMDAwMDAwMDAwMCwidXBkYXRlIjozNjAwMDAwMDAwMDAwfSwic2NoZW1hX3ZlcnNpb24iOiIyIn0=",
          "dependencies": [
            "azurerm_resource_group.saptestautodeploygroup",
            "random_id.randomId"
          ]
        }
      ]
    },
    {
      "mode": "managed",
      "type": "azurerm_subnet",
      "name": "myterraformsubnet",
      "provider": "provider[\"registry.terraform.io/hashicorp/azurerm\"]",
      "instances": [
        {
          "schema_version": 0,
          "attributes": {
            "address_prefix": "10.0.2.0/24",
            "address_prefixes": [
              "10.0.2.0/24"
            ],
            "delegation": [],
            "enforce_private_link_endpoint_network_policies": false,
            "enforce_private_link_service_network_policies": false,
            "id": "/subscriptions/03770d81-ed60-40f1-8f52-bcc2ad3841f4/resourceGroups/Flexso-Stage-TestEnv-Demo/providers/Microsoft.Network/virtualNetworks/myVnet-testDisks/subnets/mySubnet",
            "name": "mySubnet",
            "resource_group_name": "Flexso-Stage-TestEnv-Demo",
            "service_endpoint_policy_ids": null,
            "service_endpoints": null,
            "timeouts": null,
            "virtual_network_name": "myVnet-testDisks"
          },
          "sensitive_attributes": [],
          "private": "eyJlMmJmYjczMC1lY2FhLTExZTYtOGY4OC0zNDM2M2JjN2M0YzAiOnsiY3JlYXRlIjoxODAwMDAwMDAwMDAwLCJkZWxldGUiOjE4MDAwMDAwMDAwMDAsInJlYWQiOjMwMDAwMDAwMDAwMCwidXBkYXRlIjoxODAwMDAwMDAwMDAwfX0=",
          "dependencies": [
            "azurerm_resource_group.saptestautodeploygroup",
            "azurerm_virtual_network.myterraformnetworktest"
          ]
        }
      ]
    },
    {
      "mode": "managed",
      "type": "azurerm_virtual_machine_data_disk_attachment",
      "name": "example",
      "provider": "provider[\"registry.terraform.io/hashicorp/azurerm\"]",
      "instances": [
        {
          "schema_version": 0,
          "attributes": {
            "caching": "ReadWrite",
            "create_option": "Attach",
            "id": "/subscriptions/03770d81-ed60-40f1-8f52-bcc2ad3841f4/resourceGroups/Flexso-Stage-TestEnv-Demo/providers/Microsoft.Compute/virtualMachines/myVM/dataDisks/myvm-disk1",
            "lun": 10,
            "managed_disk_id": "/subscriptions/03770d81-ed60-40f1-8f52-bcc2ad3841f4/resourceGroups/Flexso-Stage-TestEnv-Demo/providers/Microsoft.Compute/disks/myvm-disk1",
            "timeouts": null,
            "virtual_machine_id": "/subscriptions/03770d81-ed60-40f1-8f52-bcc2ad3841f4/resourceGroups/Flexso-Stage-TestEnv-Demo/providers/Microsoft.Compute/virtualMachines/myVM",
            "write_accelerator_enabled": false
          },
          "sensitive_attributes": [],
          "private": "eyJlMmJmYjczMC1lY2FhLTExZTYtOGY4OC0zNDM2M2JjN2M0YzAiOnsiY3JlYXRlIjoxODAwMDAwMDAwMDAwLCJkZWxldGUiOjE4MDAwMDAwMDAwMDAsInJlYWQiOjMwMDAwMDAwMDAwMCwidXBkYXRlIjoxODAwMDAwMDAwMDAwfX0=",
          "dependencies": [
            "azurerm_linux_virtual_machine.myterraformvm",
            "azurerm_managed_disk.example",
            "azurerm_network_interface.myterraformnic",
            "azurerm_public_ip.myterraformpublicip",
            "azurerm_resource_group.saptestautodeploygroup",
            "azurerm_storage_account.mystorageaccount",
            "azurerm_subnet.myterraformsubnet",
            "azurerm_virtual_network.myterraformnetworktest",
            "random_id.randomId",
            "tls_private_key.example_ssh"
          ]
        }
      ]
    },
    {
      "mode": "managed",
      "type": "azurerm_virtual_network",
      "name": "myterraformnetworktest",
      "provider": "provider[\"registry.terraform.io/hashicorp/azurerm\"]",
      "instances": [
        {
          "schema_version": 0,
          "attributes": {
            "address_space": [
              "10.0.0.0/16"
            ],
            "bgp_community": "",
            "ddos_protection_plan": [],
            "dns_servers": null,
            "guid": "8d40efcc-41d3-4a8c-a0f9-190a4d6b158e",
            "id": "/subscriptions/03770d81-ed60-40f1-8f52-bcc2ad3841f4/resourceGroups/Flexso-Stage-TestEnv-Demo/providers/Microsoft.Network/virtualNetworks/myVnet-testDisks",
            "location": "francecentral",
            "name": "myVnet-testDisks",
            "resource_group_name": "Flexso-Stage-TestEnv-Demo",
            "subnet": [],
            "tags": {
              "environment": "Terraform SAP Automation Demo"
            },
            "timeouts": null,
            "vm_protection_enabled": false
          },
          "sensitive_attributes": [],
          "private": "eyJlMmJmYjczMC1lY2FhLTExZTYtOGY4OC0zNDM2M2JjN2M0YzAiOnsiY3JlYXRlIjoxODAwMDAwMDAwMDAwLCJkZWxldGUiOjE4MDAwMDAwMDAwMDAsInJlYWQiOjMwMDAwMDAwMDAwMCwidXBkYXRlIjoxODAwMDAwMDAwMDAwfX0=",
          "dependencies": [
            "azurerm_resource_group.saptestautodeploygroup"
          ]
        }
      ]
    },
    {
      "mode": "managed",
      "type": "null_resource",
      "name": "provision_vm",
      "provider": "provider[\"registry.terraform.io/hashicorp/null\"]",
      "instances": [
        {
          "schema_version": 0,
          "attributes": {
            "id": "2913681813963534912",
            "triggers": null
          },
          "sensitive_attributes": [],
          "private": "bnVsbA==",
          "dependencies": [
            "azurerm_public_ip.myterraformpublicip",
            "azurerm_resource_group.saptestautodeploygroup",
            "tls_private_key.example_ssh"
          ]
        }
      ]
    },
    {
      "mode": "managed",
      "type": "random_id",
      "name": "randomId",
      "provider": "provider[\"registry.terraform.io/hashicorp/random\"]",
      "instances": [
        {
          "schema_version": 0,
          "attributes": {
            "b64_std": "pomx1iH0Kh0=",
            "b64_url": "pomx1iH0Kh0",
            "byte_length": 8,
            "dec": "12000318215356164637",
            "hex": "a689b1d621f42a1d",
            "id": "pomx1iH0Kh0",
            "keepers": {
              "resource_group": "Flexso-Stage-TestEnv-Demo"
            },
            "prefix": null
          },
          "sensitive_attributes": [],
          "private": "bnVsbA==",
          "dependencies": [
            "azurerm_resource_group.saptestautodeploygroup"
          ]
        }
      ]
    },
    {
      "mode": "managed",
      "type": "tls_private_key",
      "name": "example_ssh",
      "provider": "provider[\"registry.terraform.io/hashicorp/tls\"]",
      "instances": [
        {
          "schema_version": 0,
          "attributes": {
            "algorithm": "RSA",
            "ecdsa_curve": "P224",
            "id": "1ab82c96ce92d218333b5dd4e18b182fa0ecd6e2",
            "private_key_pem": "-----BEGIN RSA PRIVATE KEY-----\nMIIJJwIBAAKCAgEA7G85Z4yOy+BM7EkA7f77EmeE06zqP6k+IHU55aPfvfE06rfL\nJB0CFZvQN1nph6b2QnfpPHmJO18hDx4ufrtNSuIkSxMFQA29BhXIPYlaXweeszI2\n+Te6089RAv38kVcFk4HzFd7WNsTXPuY5lNgzZoLWW1doCj8lGJS/kcMsbnuRd20X\nfwidcct3KszcmCOmujyeTpIJwV3/Auh9kPvLooyhVbskUtrsPH4n7k0BLpmtRAmp\nrkF52FIfPY3iUaHMSB/kdoQhLVGZLeRQ+ETFh1hfPOBCAHQ1bhG3OOlIBGDlnMkS\ncGPl08J82b4B/uCMOLKUxMviQIw1O4LPPK9pjRYFndNgoZzloJ5GHMZA7/VyIaGx\nxWEE/+vUD1pOfUUUIf6a8wl/OZTUKM5o8yZBltvT1GEUo7tpFTkFm/PrjMqujtqg\nHaXkJsZ50Dt8IxG7vsuqZIDuGHzjmnXG/4ZWX6oCh+fVONZ3jRtAcNPZbupLZbA9\nsK/K2IskZ8YVp3pi0qfSnUsr9LvIjggfLX4MKTP0Jr3sKAlkgxmIevZj7MMohXzy\nFTr0mO18fMTJp+AH6vz9wKRJBqDnz7ExCONmjmc3TKKUEj4n2Wk+xWmatNXqROEE\nlq8GSqgq5VodzDgifWkyWdod1/H/xKLlmRqzopEABe4YZW1eA4u7sAgUrZUCAwEA\nAQKCAgBVYABZjN7Pbco5FE96oTUmOy0yhmD75fAiJlJmwtr7KotSKlX3T2Y+SUpR\ngm0aZ8bKz6PwC27renlkjSB68MWDQc+bMF4X+B4GgX0SA3QXlpfO21YQffg/ncAC\nFZbLIKJJ1oXhotq1YjTbaKToQ32kCaC/0PsnoA+UJbpbNx/nMUWg20q9u22m9rKs\nSNdrNIxy+Yqskn1lTrzT3wHghZvNsXxcibwfEyB045Ulrra7jhCL3fVgkBIgc98G\nCiLsGUG71ZBY33NfevSWJri6PZMaQWX6hHwwz8WvXkRMD6jKs/aVu+Glpd0Kr1MI\nCV2NHKZlns6rlXe4mShrudt9bVXuQ3uH2xjHLp5dGtWURzPioA/3L4srPGE26mDI\no/W0ofQYR5/rOIxZWdxWm3RsNnbVgXmecNeD2v4ch8T8lxuTo4mADrfW9fg3QQJl\nbvBNm3WAVpXWHMBOq8QY3IeY8OGNrgSVIjW9JJLDr3X/Gah/DSyCMA4vMR7K5+KJ\nPs/gvyYUw90qGuAHUOQ1SQnwCeeZWAr1YGUkiqBIk6DQCn0xj6BefrqIIuzmSKKL\nIhTBQ9M9sVT3Zh0M3t+fhf+VgyEa6mk0TL9VB4C0OqnBGltI5GY6goECcSQbbg+v\noGKkixrY7q/wmddHq0mnhPG9/+Ocwr6hNBMzunqiy1h1UYKAIQKCAQEA/mi/POal\namGFK6nCZ4YnjIQRIKi/zVsHyy9PiYz6LSbhr/AVyFs3no52FDmzTp4B8PTIVzew\n3UhtumlRGtLrVuWQr5mR44skx9J/0rTJnSdpV6y9cPGGdSeNx7KM6KH/DVrnvzKn\nt6OD+1NZUYgwbjsY4fqkVKU1isVSSBza99CpctQxiUAnzI41rzmUfM05918J4zjj\nKF/OEm6SsIr09YVl3o3zvGRH1CGhgB4dROgd38CMa3crajmLYy7B01pswMSkNSlW\nlfthm0GdTYV6dk/VN+mh8YXzxyxqkDn75WKDVvPCYFc6aQ50rL2+KEcXCMdo6ue6\n3w7uyJaGJqs7eQKCAQEA7em0JLCAzoiGGM5RjlYdk/IFY4gZaRSr5lx57ODKVNrT\ngZsM7wSB+dhvSAlIcZAhwpW/WN1tjl6JVhI2OoHpMZyqnC3vv7eSyWbpaSN3fOAa\nWC0+JXoM/mmJUz0ulB1jonuQSp1cGYSOM3+tCNbguH7zMmhmI6yY/N9ehLL5wpHy\nDyTCUeykaZHsSXUodaicDX1q4NbORtCCfRMNcGbUjOp29Z/eEB1xF4dR0rUL4a6v\npsoTE2WHRPRnfOQ4eQawjoda8OYW2gN40UnYesxV/o6EHqIy83QyHl9KUFyB2ATw\nZP185ijHt7m7uHs6Q/B1nJYqQEXnR2Uq9dhGeNFf/QKCAQAdDGLBlmhOxEHLYX/E\nCEpdvfqiqwHzdbBnH8jKIOGz5Bui1hv2m4u3O/b5ijkSAfKgy6JQaxhzu8Bjp4DO\nOkUKz/18P2GsBIg3lK5ppaDbo9NgYmXjDoDWwaRrp9R0/4I6ySVq7GLAEhiQysyJ\nBa7Z9z95FgBLde2uIaeqejj6UMX4SYg6bqvcrGQu1LlCosA6oYxkeGtfgcjqy9tN\n8x/TJN8j0TuCSET3ULu7ADVBV+uJT9f4sUuwvk9PDNiuxEVkoU9KjqTHTUOw0YYf\ngt0fwy/KSY/nHu9dz5F/VE+RunTaqcyI6YzO0Aq8apHa0Xss0nAFWl449+CF4MIC\nikypAoIBAGliij9uR8A0zWGTkqDAGJ3+KNDr6oWXeIW0FPYOpNFtlR7l9Zayonhv\nnOuF4ScctzegaYANpYfY7HDJ5GeKQCePxCsmVfrQcB7yjRXbdgREqKbCc7LaG4Ne\ncEwE3+sQEaBZp5LFnZRYGT1KovU1aZmP8l4zzHqk66enshCJzwSW7Wgz2je74SA6\nWTY4xVFI/Mck9QDfZcQMfKC2nc9aXXCGM2eeBxmQURYhBOeW9spjPL9e55BB+uda\nc7ToyvMhOXgJEQmAgkLUIuJiGZhbhwQZUQDYzET3BXRatWpfb8ymc23oszioe78w\ncKzJOQf7Lb3M7q5FyKrhb2QzBxRhemkCggEAEjFfebjZxRLlcMJvzS+kVralSZtz\nb8Ep3VDNA7HGgWwWxpMh7ivhocgj42acIFgFxc8R/ox0Wp1oIRmq+z3WAt89sZm3\nUQX4DMZWwBRQepP0RuzGsrqFvFQxOaURoldHP+KZVXFcVfeTBtVJSNuiIieM0x6a\nLggkp33rG7PhDK7WUmV92jeCSH3I7hfgRf5fIzAmkto1jBMqO4Yyit6LOvdgcgbm\nWXYBoc5yjSG62wI6WGjwvhUBW7Fs92fqwlFx4sVa6avu8aZCBvWag3CWskaLLy5B\nDwlkG2J0sQHcqFhNG/6IdrFpb4yHJDTk8PuIi9YrUigYu/E3mmSsou8fkw==\n-----END RSA PRIVATE KEY-----\n",
            "public_key_fingerprint_md5": "3b:e2:ae:40:8d:eb:e0:13:56:53:df:c4:4b:9f:a6:1b",
            "public_key_openssh": "ssh-rsa AAAAB3NzaC1yc2EAAAADAQABAAACAQDsbzlnjI7L4EzsSQDt/vsSZ4TTrOo/qT4gdTnlo9+98TTqt8skHQIVm9A3WemHpvZCd+k8eYk7XyEPHi5+u01K4iRLEwVADb0GFcg9iVpfB56zMjb5N7rTz1EC/fyRVwWTgfMV3tY2xNc+5jmU2DNmgtZbV2gKPyUYlL+Rwyxue5F3bRd/CJ1xy3cqzNyYI6a6PJ5OkgnBXf8C6H2Q+8uijKFVuyRS2uw8fifuTQEuma1ECamuQXnYUh89jeJRocxIH+R2hCEtUZkt5FD4RMWHWF884EIAdDVuEbc46UgEYOWcyRJwY+XTwnzZvgH+4Iw4spTEy+JAjDU7gs88r2mNFgWd02ChnOWgnkYcxkDv9XIhobHFYQT/69QPWk59RRQh/przCX85lNQozmjzJkGW29PUYRSju2kVOQWb8+uMyq6O2qAdpeQmxnnQO3wjEbu+y6pkgO4YfOOadcb/hlZfqgKH59U41neNG0Bw09lu6ktlsD2wr8rYiyRnxhWnemLSp9KdSyv0u8iOCB8tfgwpM/QmvewoCWSDGYh69mPswyiFfPIVOvSY7Xx8xMmn4Afq/P3ApEkGoOfPsTEI42aOZzdMopQSPifZaT7FaZq01epE4QSWrwZKqCrlWh3MOCJ9aTJZ2h3X8f/EouWZGrOikQAF7hhlbV4Di7uwCBStlQ==\n",
            "public_key_pem": "-----BEGIN PUBLIC KEY-----\nMIICIjANBgkqhkiG9w0BAQEFAAOCAg8AMIICCgKCAgEA7G85Z4yOy+BM7EkA7f77\nEmeE06zqP6k+IHU55aPfvfE06rfLJB0CFZvQN1nph6b2QnfpPHmJO18hDx4ufrtN\nSuIkSxMFQA29BhXIPYlaXweeszI2+Te6089RAv38kVcFk4HzFd7WNsTXPuY5lNgz\nZoLWW1doCj8lGJS/kcMsbnuRd20Xfwidcct3KszcmCOmujyeTpIJwV3/Auh9kPvL\nooyhVbskUtrsPH4n7k0BLpmtRAmprkF52FIfPY3iUaHMSB/kdoQhLVGZLeRQ+ETF\nh1hfPOBCAHQ1bhG3OOlIBGDlnMkScGPl08J82b4B/uCMOLKUxMviQIw1O4LPPK9p\njRYFndNgoZzloJ5GHMZA7/VyIaGxxWEE/+vUD1pOfUUUIf6a8wl/OZTUKM5o8yZB\nltvT1GEUo7tpFTkFm/PrjMqujtqgHaXkJsZ50Dt8IxG7vsuqZIDuGHzjmnXG/4ZW\nX6oCh+fVONZ3jRtAcNPZbupLZbA9sK/K2IskZ8YVp3pi0qfSnUsr9LvIjggfLX4M\nKTP0Jr3sKAlkgxmIevZj7MMohXzyFTr0mO18fMTJp+AH6vz9wKRJBqDnz7ExCONm\njmc3TKKUEj4n2Wk+xWmatNXqROEElq8GSqgq5VodzDgifWkyWdod1/H/xKLlmRqz\nopEABe4YZW1eA4u7sAgUrZUCAwEAAQ==\n-----END PUBLIC KEY-----\n",
            "rsa_bits": 4096
          },
          "sensitive_attributes": [],
          "private": "bnVsbA=="
        }
      ]
    }
  ]
}
