{
  "version": 4,
  "terraform_version": "0.14.7",
  "serial": 20,
  "lineage": "cf3a3803-7182-3da0-6641-1c6cb2d1a0ec",
  "outputs": {
    "tls_private_key": {
      "value": "-----BEGIN RSA PRIVATE KEY-----\nMIIJKgIBAAKCAgEAx1nBUbh7tmzhJtwZem5D1VF8tKATM6skEBYLk56Z9sGz1W9q\nK+sEFNaNWT+FEGR/6P5zwrRWiPlV+q2PpU+TVoReJvYFQj0vwZNu7KyKN3Dwju8Y\nom9NN9OHCY10VXyjv1hWd4zMXxQVWXX9hdFdnksPTjDIPxP8KJekSgQnyQwG4wZk\nYHMtwfigU5vLPA/DU6m1n0k5EAWI+es01giuYH8P0wf6hLfbyDxkavaig01slUAw\nC75qRe+wI65r3NeN82CQck288GdWvtQ0rTcUzQgRfrlDLsZzci/a7gOIetXVOpNd\nPPBpcfxjayI9ITBu9bZ1scCA4Jlki0VcaJl9DPaY5RSRIxJ4z2h3LXZUQWIouqog\nX69bvWnNjUUpK1Zsx4fywX60CGnRTO3LcQ5uE3FKiznHsYZnKUmoyM6ekK/YDaud\nCsXq9rR01W9pcVs932kL18P3i6BXNljlgeLVGfYCjoEt42m+MJySMURYciIpGtWO\nbSsOQcCENi+687kiMCmi6Ld5ZbsaRpop0iaMHVawJJ2TuoWphQTYSo3rketIKCNa\nLzqao/ydfXhmTOkdWXaBOf1h+xjaP6OBpq6LGjzhLeSj/RRy3RUnNqTH/7EjnNz0\n1z1c5bpDoroXf650Z53mdksIAv0fs+Zg5kBNAGzYS03R3SV52Y2uTRyYWk8CAwEA\nAQKCAgEAjxCp/XTxS91dxB6nJkcl5VyCq7pJrYX/7o9zpXBoPD+NSPqZboVOO4oy\njL9aRoZpiZO7DhuQEuMlwi527YNrUObUDw/2fDAfKsQdEjtNQjaKXXnX6xMHjq3+\ntmtO9t7pQTQrccaZEQ7/t2FHHZdAoY5qoIm/3A0CpTsWy4up5c38z0bSGKnwR8mf\nfgFL3IHPgyZDUtog2o+uWvViyMwYIOZvO9r4/fBZCZ3VzzHLNYIGECKtmHACIsi+\nVw0hGa+UjvpZD78cfkcbaP4wA7OI+Q/2RkS8o0AGsAcKDlB4zPbS/SOvAUHj2srv\nqn468quopixY0MU/eHB9SLnxdJvasoMbJ17cJrelBlkNxcUmS8ewrv1t5WgPK8Y9\nimuAtQZiPQhfK+DgxCaCWZlES8qu+TtNGayWAWMnoj0X4kV2RiYjcR+nuHEEH71j\nNqcS3WsneudK0It1+cB83az1HTCmDOQ3im4Atif5aMkWfTIjXBhGsoW0ilDEJUJi\nnCsUvbP+LWI4MHBwvyRxkqAOm4P46yKdwjvu/BpgskPOc28hyJmGg8PLS3Wgnu9V\nj5PVTEmdl8IfYbAo9jD5uZ1E6fjn0qPPGNP1x7Z8mAdTbeTXt7jBoCqwrMykhw8d\nF26BVdBHb2aZJGAGa+v4XtiVb/eEp2FLuIPxULQ0EDZj+WGFQIkCggEBANSpf91b\nYZDZn90T4/DKFyUU52y4Fw247bDaRnSCviSrKoOVXPvFe4wdxu1/t9Tv4fPc0BkB\npxHtklVOK+eoVfPmrbc4HTZk6swao8ax9ro8CLDLCZBWv1UhrTIyUtESfEamTppi\njJjn9gktZ2rrDMMbubN22NNk8I6nxkQLbhaRwAn4NWfDpw59fGZpx6NwmSjbINw+\n8NHPK5WvPlQ6wvxFkDBzjSxXOFuBAa1V9UGUpzkqRX/rmuY8XmXfYPAShl5It+rp\nog4LCi6ieOS+OyN25WoRfYqfu+6IY98Qd6hvZipDGP68Fim1kCiIVBgYQZzom/ng\n2OmQkQ7Y2OGXTKUCggEBAO/5zL2/NFlZvn+oVRrQMeFv0Z4D+zMftmkLqFkB0oJ2\npnfbwtaQtSMeTw5o9+f4GxXK2CKp/6vqx6Yh0wDsAnZZ35ChboMKLonfip+D528j\nm1JYe70qA7pjwFJ+z4ZEG2wHO2nfHNVVyVkZCtXOAfqY/j4n4vQtaxbw1wX8lF18\n6BAtqn7pFz3T1Da8siny8ZdOjrBpyANkc2T/9RQfOenykVxzc93wqYWT88EnIEcn\n2N66mc/64MAihEvdShgNhDvbbCUo4I/SruVCOgoN0z806VObrKn2ihbz40H7mtKu\nEQuyJzcx+oo/llw5dsdxU4wucYvf4OU0q/aryKSglOMCggEARhcXbX2Qyozvg43q\nspHozu/01oBWGM+6h29piT0OLke722J/IvwTnDq0NdLCZAwsDJPagmNpDR+f+z2o\netGggqKk3p5AAo2AVYTyNaqyBu+CbcJ9hHUS2pwe2Ux8vyu4ihCGF5wjesH49U1h\nqHuP2T5qFhw1mnbKUjo5vnOF9SpUgPStpWV2ye/R8G8svVF/KVgPnIeiF4SQeOUp\nRdmYKk1DGLT88oBMstvyEY8jJlo4Qz8LaP3eL8P12N2mtXllj+2nsGUQZFB/Kp+h\n+MI5+5ZURoE9P1MmPZf2Uq66wWj14zf6JPsY0uZkfPdxv/8+oNiJj/HrjA95v8r4\nsGGNgQKCAQEAvy8QQos2NYkeD64YP0hmtOfU5ELfuhclyAKVmHOvNmk4rnzSeQbI\niLX43c4a0yAC1BXKo7M0Ec72SBDiffWI8KkhR6SU2qkd8pG5auQ3WX/QmoYL7uSu\nG6yk6BRHWPyhrCsG1o399qhlxSoCS9vYD8Ibq4Ezer1Ed/5gEFDuEp0UdO8syfcB\noSxGAWXLu0fl2VmorDtaMfmxRWH16pYGGbA6xqDkSokVRWpd5CA7wvSn/qpDKEMD\nE49sPtSJ1yfNlbJ2MhSi83IyDEv62U+yYMTSrt1zbeUQlsCu6T5+ViJ/SgYg4ARd\nSg7mx4qwaqyKlz/ZDkrKbVDNP7QUIbQdaQKCAQEApQaNcESBbEpZtElKTuujljY8\neKTi608PowhUJxUVYm9Qr+/BbJSJySdbysAWdovxlOgOyMfB177e2KYY6QTXuWzr\nqzi695RJ+QyXGuRyYe8MwBKHthMa7OO/aoZllVp0C2kmCmzg9ZiaZBTgafuKR2M4\n73xZwJ//Jz8MwbLYCuivPCFSCETj1wkQ5QgPKFyP8J/1Tgz7MF3WrejFbIbyHwkQ\nkkLDD6TUZWLETq5HMn2+sZAxOZOX1sj1G64y3FeL4qCVFuZfXheVPLCFZIm5xiAx\n8Zbml8WyAFC/xZ1SHLGVFIwoaY7BIlM0TWcqoR6Mh4h68UoOdTijekM+yvFLqA==\n-----END RSA PRIVATE KEY-----\n",
      "type": "string"
    }
  },
  "resources": [
    {
      "mode": "managed",
      "type": "azurerm_linux_virtual_machine",
      "name": "myterraformvm",
      "provider": "provider[\"registry.terraform.io/hashicorp/azurerm\"]",
      "instances": [
        {
          "schema_version": 0,
          "attributes": {
            "additional_capabilities": [],
            "admin_password": null,
            "admin_ssh_key": [
              {
                "public_key": "ssh-rsa AAAAB3NzaC1yc2EAAAADAQABAAACAQDHWcFRuHu2bOEm3Bl6bkPVUXy0oBMzqyQQFguTnpn2wbPVb2or6wQU1o1ZP4UQZH/o/nPCtFaI+VX6rY+lT5NWhF4m9gVCPS/Bk27srIo3cPCO7xiib00304cJjXRVfKO/WFZ3jMxfFBVZdf2F0V2eSw9OMMg/E/wol6RKBCfJDAbjBmRgcy3B+KBTm8s8D8NTqbWfSTkQBYj56zTWCK5gfw/TB/qEt9vIPGRq9qKDTWyVQDALvmpF77Ajrmvc143zYJByTbzwZ1a+1DStNxTNCBF+uUMuxnNyL9ruA4h61dU6k1088Glx/GNrIj0hMG71tnWxwIDgmWSLRVxomX0M9pjlFJEjEnjPaHctdlRBYii6qiBfr1u9ac2NRSkrVmzHh/LBfrQIadFM7ctxDm4TcUqLOcexhmcpSajIzp6Qr9gNq50Kxer2tHTVb2lxWz3faQvXw/eLoFc2WOWB4tUZ9gKOgS3jab4wnJIxRFhyIika1Y5tKw5BwIQ2L7rzuSIwKaLot3lluxpGminSJowdVrAknZO6hamFBNhKjeuR60goI1ovOpqj/J19eGZM6R1ZdoE5/WH7GNo/o4GmrosaPOEt5KP9FHLdFSc2pMf/sSOc3PTXPVzlukOiuhd/rnRnneZ2SwgC/R+z5mDmQE0AbNhLTdHdJXnZja5NHJhaTw==\n",
                "username": "azureuser"
              }
            ],
            "admin_username": "azureuser",
            "allow_extension_operations": true,
            "availability_set_id": "",
            "boot_diagnostics": [
              {
                "storage_account_uri": "https://diag02250b5cd8b95268.blob.core.windows.net/"
              }
            ],
            "computer_name": "myvm",
            "custom_data": null,
            "dedicated_host_id": "",
            "disable_password_authentication": true,
            "encryption_at_host_enabled": false,
            "eviction_policy": "",
            "extensions_time_budget": "PT1H30M",
            "id": "/subscriptions/03770d81-ed60-40f1-8f52-bcc2ad3841f4/resourceGroups/Flexso-Stage-TestEnv-Werner2/providers/Microsoft.Compute/virtualMachines/myVM",
            "identity": [],
            "license_type": "",
            "location": "francecentral",
            "max_bid_price": -1,
            "name": "myVM",
            "network_interface_ids": [
              "/subscriptions/03770d81-ed60-40f1-8f52-bcc2ad3841f4/resourceGroups/Flexso-Stage-TestEnv-Werner2/providers/Microsoft.Network/networkInterfaces/myNIC"
            ],
            "os_disk": [
              {
                "caching": "ReadWrite",
                "diff_disk_settings": [],
                "disk_encryption_set_id": "",
                "disk_size_gb": 256,
                "name": "myOsDisk",
                "storage_account_type": "Premium_LRS",
                "write_accelerator_enabled": false
              }
            ],
            "plan": [],
            "priority": "Regular",
            "private_ip_address": "10.0.2.4",
            "private_ip_addresses": [
              "10.0.2.4"
            ],
            "provision_vm_agent": true,
            "proximity_placement_group_id": "",
            "public_ip_address": "51.103.113.177",
            "public_ip_addresses": [
              "51.103.113.177"
            ],
            "resource_group_name": "Flexso-Stage-TestEnv-Werner2",
            "secret": [],
            "size": "Standard_D8s_v3",
            "source_image_id": "",
            "source_image_reference": [
              {
                "offer": "RHEL",
                "publisher": "RedHat",
                "sku": "8",
                "version": "latest"
              }
            ],
            "tags": {
              "environment": "Terraform Demo"
            },
            "timeouts": null,
            "virtual_machine_id": "5ff07d9c-ad4a-45bb-926b-0b17b83b53bf",
            "virtual_machine_scale_set_id": "",
            "zone": ""
          },
          "sensitive_attributes": [],
          "private": "eyJlMmJmYjczMC1lY2FhLTExZTYtOGY4OC0zNDM2M2JjN2M0YzAiOnsiY3JlYXRlIjoyNzAwMDAwMDAwMDAwLCJkZWxldGUiOjI3MDAwMDAwMDAwMDAsInJlYWQiOjMwMDAwMDAwMDAwMCwidXBkYXRlIjoyNzAwMDAwMDAwMDAwfX0=",
          "dependencies": [
            "azurerm_network_interface.myterraformnic",
            "azurerm_public_ip.myterraformpublicip",
            "azurerm_resource_group.saptestautodeploygroup",
            "azurerm_storage_account.mystorageaccount",
            "azurerm_subnet.myterraformsubnet",
            "azurerm_virtual_network.myterraformnetworktest",
            "random_id.randomId",
            "tls_private_key.example_ssh"
          ]
        }
      ]
    },
    {
      "mode": "managed",
      "type": "azurerm_managed_disk",
      "name": "example",
      "provider": "provider[\"registry.terraform.io/hashicorp/azurerm\"]",
      "instances": [
        {
          "schema_version": 0,
          "attributes": {
            "create_option": "Empty",
            "disk_encryption_set_id": "",
            "disk_iops_read_write": 500,
            "disk_mbps_read_write": 60,
            "disk_size_gb": 256,
            "encryption_settings": [],
            "id": "/subscriptions/03770d81-ed60-40f1-8f52-bcc2ad3841f4/resourceGroups/Flexso-Stage-TestEnv-Werner2/providers/Microsoft.Compute/disks/myvm-disk1",
            "image_reference_id": "",
            "location": "francecentral",
            "name": "myvm-disk1",
            "os_type": "",
            "resource_group_name": "Flexso-Stage-TestEnv-Werner2",
            "source_resource_id": "",
            "source_uri": "",
            "storage_account_id": "",
            "storage_account_type": "Standard_LRS",
            "tags": {},
            "timeouts": null,
            "zones": []
          },
          "sensitive_attributes": [],
          "private": "eyJlMmJmYjczMC1lY2FhLTExZTYtOGY4OC0zNDM2M2JjN2M0YzAiOnsiY3JlYXRlIjoxODAwMDAwMDAwMDAwLCJkZWxldGUiOjE4MDAwMDAwMDAwMDAsInJlYWQiOjMwMDAwMDAwMDAwMCwidXBkYXRlIjoxODAwMDAwMDAwMDAwfX0=",
          "dependencies": [
            "azurerm_resource_group.saptestautodeploygroup"
          ]
        }
      ]
    },
    {
      "mode": "managed",
      "type": "azurerm_network_interface",
      "name": "myterraformnic",
      "provider": "provider[\"registry.terraform.io/hashicorp/azurerm\"]",
      "instances": [
        {
          "schema_version": 0,
          "attributes": {
            "applied_dns_servers": [],
            "dns_servers": [],
            "enable_accelerated_networking": false,
            "enable_ip_forwarding": false,
            "id": "/subscriptions/03770d81-ed60-40f1-8f52-bcc2ad3841f4/resourceGroups/Flexso-Stage-TestEnv-Werner2/providers/Microsoft.Network/networkInterfaces/myNIC",
            "internal_dns_name_label": "",
            "internal_domain_name_suffix": "0ifes1f0oqeefi3cwuq4hlwwrg.parx.internal.cloudapp.net",
            "ip_configuration": [
              {
                "name": "myNicConfiguration",
                "primary": true,
                "private_ip_address": "10.0.2.4",
                "private_ip_address_allocation": "Dynamic",
                "private_ip_address_version": "IPv4",
                "public_ip_address_id": "/subscriptions/03770d81-ed60-40f1-8f52-bcc2ad3841f4/resourceGroups/Flexso-Stage-TestEnv-Werner2/providers/Microsoft.Network/publicIPAddresses/myPublicIP",
                "subnet_id": "/subscriptions/03770d81-ed60-40f1-8f52-bcc2ad3841f4/resourceGroups/Flexso-Stage-TestEnv-Werner2/providers/Microsoft.Network/virtualNetworks/myVnet-testDisks/subnets/mySubnet"
              }
            ],
            "location": "francecentral",
            "mac_address": "00-0D-3A-3C-4E-78",
            "name": "myNIC",
            "private_ip_address": "10.0.2.4",
            "private_ip_addresses": [
              "10.0.2.4"
            ],
            "resource_group_name": "Flexso-Stage-TestEnv-Werner2",
            "tags": {
              "environment": "Terraform SAP Automation Demo"
            },
            "timeouts": null,
            "virtual_machine_id": "/subscriptions/03770d81-ed60-40f1-8f52-bcc2ad3841f4/resourceGroups/Flexso-Stage-TestEnv-Werner2/providers/Microsoft.Compute/virtualMachines/myVM"
          },
          "sensitive_attributes": [],
          "private": "eyJlMmJmYjczMC1lY2FhLTExZTYtOGY4OC0zNDM2M2JjN2M0YzAiOnsiY3JlYXRlIjoxODAwMDAwMDAwMDAwLCJkZWxldGUiOjE4MDAwMDAwMDAwMDAsInJlYWQiOjMwMDAwMDAwMDAwMCwidXBkYXRlIjoxODAwMDAwMDAwMDAwfX0=",
          "dependencies": [
            "azurerm_public_ip.myterraformpublicip",
            "azurerm_resource_group.saptestautodeploygroup",
            "azurerm_subnet.myterraformsubnet",
            "azurerm_virtual_network.myterraformnetworktest"
          ]
        }
      ]
    },
    {
      "mode": "managed",
      "type": "azurerm_network_interface_security_group_association",
      "name": "example",
      "provider": "provider[\"registry.terraform.io/hashicorp/azurerm\"]",
      "instances": [
        {
          "schema_version": 0,
          "attributes": {
            "id": "/subscriptions/03770d81-ed60-40f1-8f52-bcc2ad3841f4/resourceGroups/Flexso-Stage-TestEnv-Werner2/providers/Microsoft.Network/networkInterfaces/myNIC|/subscriptions/03770d81-ed60-40f1-8f52-bcc2ad3841f4/resourceGroups/Flexso-Stage-TestEnv-Werner2/providers/Microsoft.Network/networkSecurityGroups/myNetworkSecurityGroup",
            "network_interface_id": "/subscriptions/03770d81-ed60-40f1-8f52-bcc2ad3841f4/resourceGroups/Flexso-Stage-TestEnv-Werner2/providers/Microsoft.Network/networkInterfaces/myNIC",
            "network_security_group_id": "/subscriptions/03770d81-ed60-40f1-8f52-bcc2ad3841f4/resourceGroups/Flexso-Stage-TestEnv-Werner2/providers/Microsoft.Network/networkSecurityGroups/myNetworkSecurityGroup",
            "timeouts": null
          },
          "sensitive_attributes": [],
          "private": "eyJlMmJmYjczMC1lY2FhLTExZTYtOGY4OC0zNDM2M2JjN2M0YzAiOnsiY3JlYXRlIjoxODAwMDAwMDAwMDAwLCJkZWxldGUiOjE4MDAwMDAwMDAwMDAsInJlYWQiOjMwMDAwMDAwMDAwMCwidXBkYXRlIjoxODAwMDAwMDAwMDAwfX0=",
          "dependencies": [
            "azurerm_network_interface.myterraformnic",
            "azurerm_network_security_group.myterraformnsg",
            "azurerm_public_ip.myterraformpublicip",
            "azurerm_resource_group.saptestautodeploygroup",
            "azurerm_subnet.myterraformsubnet",
            "azurerm_virtual_network.myterraformnetworktest"
          ]
        }
      ]
    },
    {
      "mode": "managed",
      "type": "azurerm_network_security_group",
      "name": "myterraformnsg",
      "provider": "provider[\"registry.terraform.io/hashicorp/azurerm\"]",
      "instances": [
        {
          "schema_version": 0,
          "attributes": {
            "id": "/subscriptions/03770d81-ed60-40f1-8f52-bcc2ad3841f4/resourceGroups/Flexso-Stage-TestEnv-Werner2/providers/Microsoft.Network/networkSecurityGroups/myNetworkSecurityGroup",
            "location": "francecentral",
            "name": "myNetworkSecurityGroup",
            "resource_group_name": "Flexso-Stage-TestEnv-Werner2",
            "security_rule": [
              {
                "access": "Allow",
                "description": "",
                "destination_address_prefix": "*",
                "destination_address_prefixes": [],
                "destination_application_security_group_ids": [],
                "destination_port_range": "22",
                "destination_port_ranges": [],
                "direction": "Inbound",
                "name": "SSH",
                "priority": 1001,
                "protocol": "Tcp",
                "source_address_prefix": "*",
                "source_address_prefixes": [],
                "source_application_security_group_ids": [],
                "source_port_range": "*",
                "source_port_ranges": []
              }
            ],
            "tags": {
              "environment": "Terraform SAP Automation Demo"
            },
            "timeouts": null
          },
          "sensitive_attributes": [],
          "private": "eyJlMmJmYjczMC1lY2FhLTExZTYtOGY4OC0zNDM2M2JjN2M0YzAiOnsiY3JlYXRlIjoxODAwMDAwMDAwMDAwLCJkZWxldGUiOjE4MDAwMDAwMDAwMDAsInJlYWQiOjMwMDAwMDAwMDAwMCwidXBkYXRlIjoxODAwMDAwMDAwMDAwfX0=",
          "dependencies": [
            "azurerm_resource_group.saptestautodeploygroup"
          ]
        }
      ]
    },
    {
      "mode": "managed",
      "type": "azurerm_public_ip",
      "name": "myterraformpublicip",
      "provider": "provider[\"registry.terraform.io/hashicorp/azurerm\"]",
      "instances": [
        {
          "schema_version": 0,
          "attributes": {
            "allocation_method": "Static",
            "domain_name_label": null,
            "fqdn": null,
            "id": "/subscriptions/03770d81-ed60-40f1-8f52-bcc2ad3841f4/resourceGroups/Flexso-Stage-TestEnv-Werner2/providers/Microsoft.Network/publicIPAddresses/myPublicIP",
            "idle_timeout_in_minutes": 4,
            "ip_address": "51.103.113.177",
            "ip_version": "IPv4",
            "location": "francecentral",
            "name": "myPublicIP",
            "public_ip_prefix_id": null,
            "resource_group_name": "Flexso-Stage-TestEnv-Werner2",
            "reverse_fqdn": null,
            "sku": "Basic",
            "tags": {
              "environment": "Terraform SAP Automation Demo"
            },
            "timeouts": null,
            "zones": []
          },
          "sensitive_attributes": [],
          "private": "eyJlMmJmYjczMC1lY2FhLTExZTYtOGY4OC0zNDM2M2JjN2M0YzAiOnsiY3JlYXRlIjoxODAwMDAwMDAwMDAwLCJkZWxldGUiOjE4MDAwMDAwMDAwMDAsInJlYWQiOjMwMDAwMDAwMDAwMCwidXBkYXRlIjoxODAwMDAwMDAwMDAwfX0=",
          "dependencies": [
            "azurerm_resource_group.saptestautodeploygroup"
          ]
        }
      ]
    },
    {
      "mode": "managed",
      "type": "azurerm_resource_group",
      "name": "saptestautodeploygroup",
      "provider": "provider[\"registry.terraform.io/hashicorp/azurerm\"]",
      "instances": [
        {
          "schema_version": 0,
          "attributes": {
            "id": "/subscriptions/03770d81-ed60-40f1-8f52-bcc2ad3841f4/resourceGroups/Flexso-Stage-TestEnv-Werner2",
            "location": "francecentral",
            "name": "Flexso-Stage-TestEnv-Werner2",
            "tags": {},
            "timeouts": null
          },
          "sensitive_attributes": [],
          "private": "eyJlMmJmYjczMC1lY2FhLTExZTYtOGY4OC0zNDM2M2JjN2M0YzAiOnsiY3JlYXRlIjo1NDAwMDAwMDAwMDAwLCJkZWxldGUiOjU0MDAwMDAwMDAwMDAsInJlYWQiOjMwMDAwMDAwMDAwMCwidXBkYXRlIjo1NDAwMDAwMDAwMDAwfX0="
        }
      ]
    },
    {
      "mode": "managed",
      "type": "azurerm_storage_account",
      "name": "mystorageaccount",
      "provider": "provider[\"registry.terraform.io/hashicorp/azurerm\"]",
      "instances": [
        {
          "schema_version": 2,
          "attributes": {
            "access_tier": "Hot",
            "account_kind": "StorageV2",
            "account_replication_type": "LRS",
            "account_tier": "Standard",
            "allow_blob_public_access": false,
            "blob_properties": [],
            "custom_domain": [],
            "enable_https_traffic_only": true,
            "id": "/subscriptions/03770d81-ed60-40f1-8f52-bcc2ad3841f4/resourceGroups/Flexso-Stage-TestEnv-Werner2/providers/Microsoft.Storage/storageAccounts/diag02250b5cd8b95268",
            "identity": [],
            "is_hns_enabled": false,
            "large_file_share_enabled": null,
            "location": "francecentral",
            "min_tls_version": "TLS1_0",
            "name": "diag02250b5cd8b95268",
            "network_rules": [
              {
                "bypass": [
                  "AzureServices"
                ],
                "default_action": "Allow",
                "ip_rules": [],
                "virtual_network_subnet_ids": []
              }
            ],
            "primary_access_key": "nxdwF2TiLLiTbJFSqAd0ImyjvKClg8rKMj8/GERoRgUhDuGxn+1iGph3XlpzhinvfoKRgo/EnO3d9hzyw+Yxyg==",
            "primary_blob_connection_string": "DefaultEndpointsProtocol=https;BlobEndpoint=https://diag02250b5cd8b95268.blob.core.windows.net/;AccountName=diag02250b5cd8b95268;AccountKey=nxdwF2TiLLiTbJFSqAd0ImyjvKClg8rKMj8/GERoRgUhDuGxn+1iGph3XlpzhinvfoKRgo/EnO3d9hzyw+Yxyg==",
            "primary_blob_endpoint": "https://diag02250b5cd8b95268.blob.core.windows.net/",
            "primary_blob_host": "diag02250b5cd8b95268.blob.core.windows.net",
            "primary_connection_string": "DefaultEndpointsProtocol=https;AccountName=diag02250b5cd8b95268;AccountKey=nxdwF2TiLLiTbJFSqAd0ImyjvKClg8rKMj8/GERoRgUhDuGxn+1iGph3XlpzhinvfoKRgo/EnO3d9hzyw+Yxyg==;EndpointSuffix=core.windows.net",
            "primary_dfs_endpoint": "https://diag02250b5cd8b95268.dfs.core.windows.net/",
            "primary_dfs_host": "diag02250b5cd8b95268.dfs.core.windows.net",
            "primary_file_endpoint": "https://diag02250b5cd8b95268.file.core.windows.net/",
            "primary_file_host": "diag02250b5cd8b95268.file.core.windows.net",
            "primary_location": "francecentral",
            "primary_queue_endpoint": "https://diag02250b5cd8b95268.queue.core.windows.net/",
            "primary_queue_host": "diag02250b5cd8b95268.queue.core.windows.net",
            "primary_table_endpoint": "https://diag02250b5cd8b95268.table.core.windows.net/",
            "primary_table_host": "diag02250b5cd8b95268.table.core.windows.net",
            "primary_web_endpoint": "https://diag02250b5cd8b95268.z28.web.core.windows.net/",
            "primary_web_host": "diag02250b5cd8b95268.z28.web.core.windows.net",
            "queue_properties": [
              {
                "cors_rule": [],
                "hour_metrics": [
                  {
                    "enabled": true,
                    "include_apis": true,
                    "retention_policy_days": 7,
                    "version": "1.0"
                  }
                ],
                "logging": [
                  {
                    "delete": false,
                    "read": false,
                    "retention_policy_days": 0,
                    "version": "1.0",
                    "write": false
                  }
                ],
                "minute_metrics": [
                  {
                    "enabled": false,
                    "include_apis": false,
                    "retention_policy_days": 0,
                    "version": "1.0"
                  }
                ]
              }
            ],
            "resource_group_name": "Flexso-Stage-TestEnv-Werner2",
            "secondary_access_key": "KxbGC3b4w8QFAtbAtjtL3xg/aKA3UuHAAmetOQo2Evyw3LDt5Mcv131D4EXYrC5V8yZZbC5igeeTIgg0TOu+fw==",
            "secondary_blob_connection_string": "",
            "secondary_blob_endpoint": null,
            "secondary_blob_host": null,
            "secondary_connection_string": "DefaultEndpointsProtocol=https;AccountName=diag02250b5cd8b95268;AccountKey=KxbGC3b4w8QFAtbAtjtL3xg/aKA3UuHAAmetOQo2Evyw3LDt5Mcv131D4EXYrC5V8yZZbC5igeeTIgg0TOu+fw==;EndpointSuffix=core.windows.net",
            "secondary_dfs_endpoint": null,
            "secondary_dfs_host": null,
            "secondary_file_endpoint": null,
            "secondary_file_host": null,
            "secondary_location": "",
            "secondary_queue_endpoint": null,
            "secondary_queue_host": null,
            "secondary_table_endpoint": null,
            "secondary_table_host": null,
            "secondary_web_endpoint": null,
            "secondary_web_host": null,
            "static_website": [],
            "tags": {
              "environment": "Terraform SAP Automation Demo"
            },
            "timeouts": null
          },
          "sensitive_attributes": [],
          "private": "eyJlMmJmYjczMC1lY2FhLTExZTYtOGY4OC0zNDM2M2JjN2M0YzAiOnsiY3JlYXRlIjozNjAwMDAwMDAwMDAwLCJkZWxldGUiOjM2MDAwMDAwMDAwMDAsInJlYWQiOjMwMDAwMDAwMDAwMCwidXBkYXRlIjozNjAwMDAwMDAwMDAwfSwic2NoZW1hX3ZlcnNpb24iOiIyIn0=",
          "dependencies": [
            "azurerm_resource_group.saptestautodeploygroup",
            "random_id.randomId"
          ]
        }
      ]
    },
    {
      "mode": "managed",
      "type": "azurerm_subnet",
      "name": "myterraformsubnet",
      "provider": "provider[\"registry.terraform.io/hashicorp/azurerm\"]",
      "instances": [
        {
          "schema_version": 0,
          "attributes": {
            "address_prefix": "10.0.2.0/24",
            "address_prefixes": [
              "10.0.2.0/24"
            ],
            "delegation": [],
            "enforce_private_link_endpoint_network_policies": false,
            "enforce_private_link_service_network_policies": false,
            "id": "/subscriptions/03770d81-ed60-40f1-8f52-bcc2ad3841f4/resourceGroups/Flexso-Stage-TestEnv-Werner2/providers/Microsoft.Network/virtualNetworks/myVnet-testDisks/subnets/mySubnet",
            "name": "mySubnet",
            "resource_group_name": "Flexso-Stage-TestEnv-Werner2",
            "service_endpoint_policy_ids": [],
            "service_endpoints": [],
            "timeouts": null,
            "virtual_network_name": "myVnet-testDisks"
          },
          "sensitive_attributes": [],
          "private": "eyJlMmJmYjczMC1lY2FhLTExZTYtOGY4OC0zNDM2M2JjN2M0YzAiOnsiY3JlYXRlIjoxODAwMDAwMDAwMDAwLCJkZWxldGUiOjE4MDAwMDAwMDAwMDAsInJlYWQiOjMwMDAwMDAwMDAwMCwidXBkYXRlIjoxODAwMDAwMDAwMDAwfX0=",
          "dependencies": [
            "azurerm_resource_group.saptestautodeploygroup",
            "azurerm_virtual_network.myterraformnetworktest"
          ]
        }
      ]
    },
    {
      "mode": "managed",
      "type": "azurerm_virtual_machine_data_disk_attachment",
      "name": "example",
      "provider": "provider[\"registry.terraform.io/hashicorp/azurerm\"]",
      "instances": [
        {
          "schema_version": 0,
          "attributes": {
            "caching": "ReadWrite",
            "create_option": "Attach",
            "id": "/subscriptions/03770d81-ed60-40f1-8f52-bcc2ad3841f4/resourceGroups/Flexso-Stage-TestEnv-Werner2/providers/Microsoft.Compute/virtualMachines/myVM/dataDisks/myvm-disk1",
            "lun": 10,
            "managed_disk_id": "/subscriptions/03770d81-ed60-40f1-8f52-bcc2ad3841f4/resourceGroups/Flexso-Stage-TestEnv-Werner2/providers/Microsoft.Compute/disks/myvm-disk1",
            "timeouts": null,
            "virtual_machine_id": "/subscriptions/03770d81-ed60-40f1-8f52-bcc2ad3841f4/resourceGroups/Flexso-Stage-TestEnv-Werner2/providers/Microsoft.Compute/virtualMachines/myVM",
            "write_accelerator_enabled": false
          },
          "sensitive_attributes": [],
          "private": "eyJlMmJmYjczMC1lY2FhLTExZTYtOGY4OC0zNDM2M2JjN2M0YzAiOnsiY3JlYXRlIjoxODAwMDAwMDAwMDAwLCJkZWxldGUiOjE4MDAwMDAwMDAwMDAsInJlYWQiOjMwMDAwMDAwMDAwMCwidXBkYXRlIjoxODAwMDAwMDAwMDAwfX0=",
          "dependencies": [
            "azurerm_linux_virtual_machine.myterraformvm",
            "azurerm_managed_disk.example",
            "azurerm_network_interface.myterraformnic",
            "azurerm_public_ip.myterraformpublicip",
            "azurerm_resource_group.saptestautodeploygroup",
            "azurerm_storage_account.mystorageaccount",
            "azurerm_subnet.myterraformsubnet",
            "azurerm_virtual_network.myterraformnetworktest",
            "random_id.randomId",
            "tls_private_key.example_ssh"
          ]
        }
      ]
    },
    {
      "mode": "managed",
      "type": "azurerm_virtual_network",
      "name": "myterraformnetworktest",
      "provider": "provider[\"registry.terraform.io/hashicorp/azurerm\"]",
      "instances": [
        {
          "schema_version": 0,
          "attributes": {
            "address_space": [
              "10.0.0.0/16"
            ],
            "bgp_community": "",
            "ddos_protection_plan": [],
            "dns_servers": [],
            "guid": "6c490ad2-74ba-4208-a3a2-b521e3aed68e",
            "id": "/subscriptions/03770d81-ed60-40f1-8f52-bcc2ad3841f4/resourceGroups/Flexso-Stage-TestEnv-Werner2/providers/Microsoft.Network/virtualNetworks/myVnet-testDisks",
            "location": "francecentral",
            "name": "myVnet-testDisks",
            "resource_group_name": "Flexso-Stage-TestEnv-Werner2",
            "subnet": [
              {
                "address_prefix": "10.0.2.0/24",
                "id": "/subscriptions/03770d81-ed60-40f1-8f52-bcc2ad3841f4/resourceGroups/Flexso-Stage-TestEnv-Werner2/providers/Microsoft.Network/virtualNetworks/myVnet-testDisks/subnets/mySubnet",
                "name": "mySubnet",
                "security_group": ""
              }
            ],
            "tags": {
              "environment": "Terraform SAP Automation Demo"
            },
            "timeouts": null,
            "vm_protection_enabled": false
          },
          "sensitive_attributes": [],
          "private": "eyJlMmJmYjczMC1lY2FhLTExZTYtOGY4OC0zNDM2M2JjN2M0YzAiOnsiY3JlYXRlIjoxODAwMDAwMDAwMDAwLCJkZWxldGUiOjE4MDAwMDAwMDAwMDAsInJlYWQiOjMwMDAwMDAwMDAwMCwidXBkYXRlIjoxODAwMDAwMDAwMDAwfX0=",
          "dependencies": [
            "azurerm_resource_group.saptestautodeploygroup"
          ]
        }
      ]
    },
    {
      "mode": "managed",
      "type": "null_resource",
      "name": "provision_vm",
      "provider": "provider[\"registry.terraform.io/hashicorp/null\"]",
      "instances": [
        {
          "schema_version": 0,
          "attributes": {
            "id": "4837862401746105673",
            "triggers": null
          },
          "sensitive_attributes": [],
          "private": "bnVsbA==",
          "dependencies": [
            "azurerm_public_ip.myterraformpublicip",
            "tls_private_key.example_ssh"
          ]
        }
      ]
    },
    {
      "mode": "managed",
      "type": "random_id",
      "name": "randomId",
      "provider": "provider[\"registry.terraform.io/hashicorp/random\"]",
      "instances": [
        {
          "schema_version": 0,
          "attributes": {
            "b64_std": "AiULXNi5Umg=",
            "b64_url": "AiULXNi5Umg",
            "byte_length": 8,
            "dec": "154542255615070824",
            "hex": "02250b5cd8b95268",
            "id": "AiULXNi5Umg",
            "keepers": {
              "resource_group": "Flexso-Stage-TestEnv-Werner2"
            },
            "prefix": null
          },
          "sensitive_attributes": [],
          "private": "bnVsbA==",
          "dependencies": [
            "azurerm_resource_group.saptestautodeploygroup"
          ]
        }
      ]
    },
    {
      "mode": "managed",
      "type": "tls_private_key",
      "name": "example_ssh",
      "provider": "provider[\"registry.terraform.io/hashicorp/tls\"]",
      "instances": [
        {
          "schema_version": 0,
          "attributes": {
            "algorithm": "RSA",
            "ecdsa_curve": "P224",
            "id": "2612f2cf099f7f31dd2be51fef83157d0fd559c1",
            "private_key_pem": "-----BEGIN RSA PRIVATE KEY-----\nMIIJKgIBAAKCAgEAx1nBUbh7tmzhJtwZem5D1VF8tKATM6skEBYLk56Z9sGz1W9q\nK+sEFNaNWT+FEGR/6P5zwrRWiPlV+q2PpU+TVoReJvYFQj0vwZNu7KyKN3Dwju8Y\nom9NN9OHCY10VXyjv1hWd4zMXxQVWXX9hdFdnksPTjDIPxP8KJekSgQnyQwG4wZk\nYHMtwfigU5vLPA/DU6m1n0k5EAWI+es01giuYH8P0wf6hLfbyDxkavaig01slUAw\nC75qRe+wI65r3NeN82CQck288GdWvtQ0rTcUzQgRfrlDLsZzci/a7gOIetXVOpNd\nPPBpcfxjayI9ITBu9bZ1scCA4Jlki0VcaJl9DPaY5RSRIxJ4z2h3LXZUQWIouqog\nX69bvWnNjUUpK1Zsx4fywX60CGnRTO3LcQ5uE3FKiznHsYZnKUmoyM6ekK/YDaud\nCsXq9rR01W9pcVs932kL18P3i6BXNljlgeLVGfYCjoEt42m+MJySMURYciIpGtWO\nbSsOQcCENi+687kiMCmi6Ld5ZbsaRpop0iaMHVawJJ2TuoWphQTYSo3rketIKCNa\nLzqao/ydfXhmTOkdWXaBOf1h+xjaP6OBpq6LGjzhLeSj/RRy3RUnNqTH/7EjnNz0\n1z1c5bpDoroXf650Z53mdksIAv0fs+Zg5kBNAGzYS03R3SV52Y2uTRyYWk8CAwEA\nAQKCAgEAjxCp/XTxS91dxB6nJkcl5VyCq7pJrYX/7o9zpXBoPD+NSPqZboVOO4oy\njL9aRoZpiZO7DhuQEuMlwi527YNrUObUDw/2fDAfKsQdEjtNQjaKXXnX6xMHjq3+\ntmtO9t7pQTQrccaZEQ7/t2FHHZdAoY5qoIm/3A0CpTsWy4up5c38z0bSGKnwR8mf\nfgFL3IHPgyZDUtog2o+uWvViyMwYIOZvO9r4/fBZCZ3VzzHLNYIGECKtmHACIsi+\nVw0hGa+UjvpZD78cfkcbaP4wA7OI+Q/2RkS8o0AGsAcKDlB4zPbS/SOvAUHj2srv\nqn468quopixY0MU/eHB9SLnxdJvasoMbJ17cJrelBlkNxcUmS8ewrv1t5WgPK8Y9\nimuAtQZiPQhfK+DgxCaCWZlES8qu+TtNGayWAWMnoj0X4kV2RiYjcR+nuHEEH71j\nNqcS3WsneudK0It1+cB83az1HTCmDOQ3im4Atif5aMkWfTIjXBhGsoW0ilDEJUJi\nnCsUvbP+LWI4MHBwvyRxkqAOm4P46yKdwjvu/BpgskPOc28hyJmGg8PLS3Wgnu9V\nj5PVTEmdl8IfYbAo9jD5uZ1E6fjn0qPPGNP1x7Z8mAdTbeTXt7jBoCqwrMykhw8d\nF26BVdBHb2aZJGAGa+v4XtiVb/eEp2FLuIPxULQ0EDZj+WGFQIkCggEBANSpf91b\nYZDZn90T4/DKFyUU52y4Fw247bDaRnSCviSrKoOVXPvFe4wdxu1/t9Tv4fPc0BkB\npxHtklVOK+eoVfPmrbc4HTZk6swao8ax9ro8CLDLCZBWv1UhrTIyUtESfEamTppi\njJjn9gktZ2rrDMMbubN22NNk8I6nxkQLbhaRwAn4NWfDpw59fGZpx6NwmSjbINw+\n8NHPK5WvPlQ6wvxFkDBzjSxXOFuBAa1V9UGUpzkqRX/rmuY8XmXfYPAShl5It+rp\nog4LCi6ieOS+OyN25WoRfYqfu+6IY98Qd6hvZipDGP68Fim1kCiIVBgYQZzom/ng\n2OmQkQ7Y2OGXTKUCggEBAO/5zL2/NFlZvn+oVRrQMeFv0Z4D+zMftmkLqFkB0oJ2\npnfbwtaQtSMeTw5o9+f4GxXK2CKp/6vqx6Yh0wDsAnZZ35ChboMKLonfip+D528j\nm1JYe70qA7pjwFJ+z4ZEG2wHO2nfHNVVyVkZCtXOAfqY/j4n4vQtaxbw1wX8lF18\n6BAtqn7pFz3T1Da8siny8ZdOjrBpyANkc2T/9RQfOenykVxzc93wqYWT88EnIEcn\n2N66mc/64MAihEvdShgNhDvbbCUo4I/SruVCOgoN0z806VObrKn2ihbz40H7mtKu\nEQuyJzcx+oo/llw5dsdxU4wucYvf4OU0q/aryKSglOMCggEARhcXbX2Qyozvg43q\nspHozu/01oBWGM+6h29piT0OLke722J/IvwTnDq0NdLCZAwsDJPagmNpDR+f+z2o\netGggqKk3p5AAo2AVYTyNaqyBu+CbcJ9hHUS2pwe2Ux8vyu4ihCGF5wjesH49U1h\nqHuP2T5qFhw1mnbKUjo5vnOF9SpUgPStpWV2ye/R8G8svVF/KVgPnIeiF4SQeOUp\nRdmYKk1DGLT88oBMstvyEY8jJlo4Qz8LaP3eL8P12N2mtXllj+2nsGUQZFB/Kp+h\n+MI5+5ZURoE9P1MmPZf2Uq66wWj14zf6JPsY0uZkfPdxv/8+oNiJj/HrjA95v8r4\nsGGNgQKCAQEAvy8QQos2NYkeD64YP0hmtOfU5ELfuhclyAKVmHOvNmk4rnzSeQbI\niLX43c4a0yAC1BXKo7M0Ec72SBDiffWI8KkhR6SU2qkd8pG5auQ3WX/QmoYL7uSu\nG6yk6BRHWPyhrCsG1o399qhlxSoCS9vYD8Ibq4Ezer1Ed/5gEFDuEp0UdO8syfcB\noSxGAWXLu0fl2VmorDtaMfmxRWH16pYGGbA6xqDkSokVRWpd5CA7wvSn/qpDKEMD\nE49sPtSJ1yfNlbJ2MhSi83IyDEv62U+yYMTSrt1zbeUQlsCu6T5+ViJ/SgYg4ARd\nSg7mx4qwaqyKlz/ZDkrKbVDNP7QUIbQdaQKCAQEApQaNcESBbEpZtElKTuujljY8\neKTi608PowhUJxUVYm9Qr+/BbJSJySdbysAWdovxlOgOyMfB177e2KYY6QTXuWzr\nqzi695RJ+QyXGuRyYe8MwBKHthMa7OO/aoZllVp0C2kmCmzg9ZiaZBTgafuKR2M4\n73xZwJ//Jz8MwbLYCuivPCFSCETj1wkQ5QgPKFyP8J/1Tgz7MF3WrejFbIbyHwkQ\nkkLDD6TUZWLETq5HMn2+sZAxOZOX1sj1G64y3FeL4qCVFuZfXheVPLCFZIm5xiAx\n8Zbml8WyAFC/xZ1SHLGVFIwoaY7BIlM0TWcqoR6Mh4h68UoOdTijekM+yvFLqA==\n-----END RSA PRIVATE KEY-----\n",
            "public_key_fingerprint_md5": "3a:32:91:62:07:fd:16:6d:79:1b:9e:26:25:7b:18:aa",
            "public_key_openssh": "ssh-rsa AAAAB3NzaC1yc2EAAAADAQABAAACAQDHWcFRuHu2bOEm3Bl6bkPVUXy0oBMzqyQQFguTnpn2wbPVb2or6wQU1o1ZP4UQZH/o/nPCtFaI+VX6rY+lT5NWhF4m9gVCPS/Bk27srIo3cPCO7xiib00304cJjXRVfKO/WFZ3jMxfFBVZdf2F0V2eSw9OMMg/E/wol6RKBCfJDAbjBmRgcy3B+KBTm8s8D8NTqbWfSTkQBYj56zTWCK5gfw/TB/qEt9vIPGRq9qKDTWyVQDALvmpF77Ajrmvc143zYJByTbzwZ1a+1DStNxTNCBF+uUMuxnNyL9ruA4h61dU6k1088Glx/GNrIj0hMG71tnWxwIDgmWSLRVxomX0M9pjlFJEjEnjPaHctdlRBYii6qiBfr1u9ac2NRSkrVmzHh/LBfrQIadFM7ctxDm4TcUqLOcexhmcpSajIzp6Qr9gNq50Kxer2tHTVb2lxWz3faQvXw/eLoFc2WOWB4tUZ9gKOgS3jab4wnJIxRFhyIika1Y5tKw5BwIQ2L7rzuSIwKaLot3lluxpGminSJowdVrAknZO6hamFBNhKjeuR60goI1ovOpqj/J19eGZM6R1ZdoE5/WH7GNo/o4GmrosaPOEt5KP9FHLdFSc2pMf/sSOc3PTXPVzlukOiuhd/rnRnneZ2SwgC/R+z5mDmQE0AbNhLTdHdJXnZja5NHJhaTw==\n",
            "public_key_pem": "-----BEGIN PUBLIC KEY-----\nMIICIjANBgkqhkiG9w0BAQEFAAOCAg8AMIICCgKCAgEAx1nBUbh7tmzhJtwZem5D\n1VF8tKATM6skEBYLk56Z9sGz1W9qK+sEFNaNWT+FEGR/6P5zwrRWiPlV+q2PpU+T\nVoReJvYFQj0vwZNu7KyKN3Dwju8Yom9NN9OHCY10VXyjv1hWd4zMXxQVWXX9hdFd\nnksPTjDIPxP8KJekSgQnyQwG4wZkYHMtwfigU5vLPA/DU6m1n0k5EAWI+es01giu\nYH8P0wf6hLfbyDxkavaig01slUAwC75qRe+wI65r3NeN82CQck288GdWvtQ0rTcU\nzQgRfrlDLsZzci/a7gOIetXVOpNdPPBpcfxjayI9ITBu9bZ1scCA4Jlki0VcaJl9\nDPaY5RSRIxJ4z2h3LXZUQWIouqogX69bvWnNjUUpK1Zsx4fywX60CGnRTO3LcQ5u\nE3FKiznHsYZnKUmoyM6ekK/YDaudCsXq9rR01W9pcVs932kL18P3i6BXNljlgeLV\nGfYCjoEt42m+MJySMURYciIpGtWObSsOQcCENi+687kiMCmi6Ld5ZbsaRpop0iaM\nHVawJJ2TuoWphQTYSo3rketIKCNaLzqao/ydfXhmTOkdWXaBOf1h+xjaP6OBpq6L\nGjzhLeSj/RRy3RUnNqTH/7EjnNz01z1c5bpDoroXf650Z53mdksIAv0fs+Zg5kBN\nAGzYS03R3SV52Y2uTRyYWk8CAwEAAQ==\n-----END PUBLIC KEY-----\n",
            "rsa_bits": 4096
          },
          "sensitive_attributes": [],
          "private": "bnVsbA=="
        }
      ]
    }
  ]
}
